// !$*UTF8*$!
{
	archiveVersion = 1;
	classes = {
	};
	objectVersion = 46;
	objects = {

/* Begin PBXBuildFile section */
		22089EAA169D9F2700298246 /* appli.png in Resources */ = {isa = PBXBuildFile; fileRef = 22089E9F169D9F2700298246 /* appli.png */; };
		22089EAB169D9F2700298246 /* bg_black.png in Resources */ = {isa = PBXBuildFile; fileRef = 22089EA0169D9F2700298246 /* bg_black.png */; };
		22089EAC169D9F2700298246 /* bg.png in Resources */ = {isa = PBXBuildFile; fileRef = 22089EA1169D9F2700298246 /* bg.png */; };
		22089EAD169D9F2700298246 /* fb.png in Resources */ = {isa = PBXBuildFile; fileRef = 22089EA2169D9F2700298246 /* fb.png */; };
		22089EAE169D9F2700298246 /* geii.png in Resources */ = {isa = PBXBuildFile; fileRef = 22089EA3169D9F2700298246 /* geii.png */; };
		22089EAF169D9F2700298246 /* id.png in Resources */ = {isa = PBXBuildFile; fileRef = 22089EA4169D9F2700298246 /* id.png */; };
		22089EB0169D9F2700298246 /* info.png in Resources */ = {isa = PBXBuildFile; fileRef = 22089EA5169D9F2700298246 /* info.png */; };
		22089EB1169D9F2700298246 /* iut.png in Resources */ = {isa = PBXBuildFile; fileRef = 22089EA6169D9F2700298246 /* iut.png */; };
		22089EB2169D9F2700298246 /* src.png in Resources */ = {isa = PBXBuildFile; fileRef = 22089EA7169D9F2700298246 /* src.png */; };
		22089EB3169D9F2700298246 /* top.png in Resources */ = {isa = PBXBuildFile; fileRef = 22089EA8169D9F2700298246 /* top.png */; };
		22089EB4169D9F2700298246 /* visite.png in Resources */ = {isa = PBXBuildFile; fileRef = 22089EA9169D9F2700298246 /* visite.png */; };
		22089EB6169DA6CD00298246 /* photo_iut.png in Resources */ = {isa = PBXBuildFile; fileRef = 22089EB5169DA6CC00298246 /* photo_iut.png */; };
		22089EB8169DB30400298246 /* iut_photo.png in Resources */ = {isa = PBXBuildFile; fileRef = 22089EB7169DB30400298246 /* iut_photo.png */; };
		22089EBA169DB6D300298246 /* src_photo.png in Resources */ = {isa = PBXBuildFile; fileRef = 22089EB9169DB6D300298246 /* src_photo.png */; };
		22407D4B169DF0D700AB16CE /* info_photo.png in Resources */ = {isa = PBXBuildFile; fileRef = 22407D4A169DF0D700AB16CE /* info_photo.png */; };
		22407D50169E109B00AB16CE /* geii_photo.png in Resources */ = {isa = PBXBuildFile; fileRef = 22407D4F169E109B00AB16CE /* geii_photo.png */; };
		22407D53169E168000AB16CE /* WebView.m in Sources */ = {isa = PBXBuildFile; fileRef = 22407D52169E168000AB16CE /* WebView.m */; };
		22407D56169E16A900AB16CE /* WebViewController.m in Sources */ = {isa = PBXBuildFile; fileRef = 22407D55169E16A900AB16CE /* WebViewController.m */; };
		22407D59169E1E3500AB16CE /* intro.png in Resources */ = {isa = PBXBuildFile; fileRef = 22407D57169E1E3500AB16CE /* intro.png */; };
		22407D5A169E1E3500AB16CE /* sponsor.png in Resources */ = {isa = PBXBuildFile; fileRef = 22407D58169E1E3500AB16CE /* sponsor.png */; };
		22A2F1E116C1608D00220945 /* EdtViewController.m in Sources */ = {isa = PBXBuildFile; fileRef = 22A2F1E016C1608C00220945 /* EdtViewController.m */; };
		22A6C20D16BC41CF0049D1A8 /* absences.png in Resources */ = {isa = PBXBuildFile; fileRef = 22A6C20716BC41CF0049D1A8 /* absences.png */; };
		22A6C20F16BC41CF0049D1A8 /* edt.png in Resources */ = {isa = PBXBuildFile; fileRef = 22A6C20816BC41CF0049D1A8 /* edt.png */; };
		22A6C21316BC41CF0049D1A8 /* nouveautes.png in Resources */ = {isa = PBXBuildFile; fileRef = 22A6C20A16BC41CF0049D1A8 /* nouveautes.png */; };
		22A6C21516BC41CF0049D1A8 /* prefs.png in Resources */ = {isa = PBXBuildFile; fileRef = 22A6C20B16BC41CF0049D1A8 /* prefs.png */; };
		22D6B77916BC327500134732 /* MapKit.framework in Frameworks */ = {isa = PBXBuildFile; fileRef = 22D6B77816BC327500134732 /* MapKit.framework */; };
		6D04C43416A8460B000A228F /* DetailViewController.m in Sources */ = {isa = PBXBuildFile; fileRef = 6D04C43316A8460B000A228F /* DetailViewController.m */; };
		6D2A6381167B617B00BAC6A8 /* News.m in Sources */ = {isa = PBXBuildFile; fileRef = 6D2A6380167B617B00BAC6A8 /* News.m */; };
		6D2A6384167B650700BAC6A8 /* RootViewController.m in Sources */ = {isa = PBXBuildFile; fileRef = 6D2A6383167B650700BAC6A8 /* RootViewController.m */; };
		6D547246167B3506003F58A5 /* UIKit.framework in Frameworks */ = {isa = PBXBuildFile; fileRef = 6D547245167B3506003F58A5 /* UIKit.framework */; };
		6D547248167B3506003F58A5 /* Foundation.framework in Frameworks */ = {isa = PBXBuildFile; fileRef = 6D547247167B3506003F58A5 /* Foundation.framework */; };
		6D54724A167B3506003F58A5 /* CoreGraphics.framework in Frameworks */ = {isa = PBXBuildFile; fileRef = 6D547249167B3506003F58A5 /* CoreGraphics.framework */; };
		6D547250167B3506003F58A5 /* InfoPlist.strings in Resources */ = {isa = PBXBuildFile; fileRef = 6D54724E167B3506003F58A5 /* InfoPlist.strings */; };
		6D547252167B3506003F58A5 /* main.m in Sources */ = {isa = PBXBuildFile; fileRef = 6D547251167B3506003F58A5 /* main.m */; };
		6D547256167B3506003F58A5 /* AppDelegate.m in Sources */ = {isa = PBXBuildFile; fileRef = 6D547255167B3506003F58A5 /* AppDelegate.m */; };
		6D547258167B3506003F58A5 /* Default.png in Resources */ = {isa = PBXBuildFile; fileRef = 6D547257167B3506003F58A5 /* Default.png */; };
		6D54725A167B3506003F58A5 /* Default@2x.png in Resources */ = {isa = PBXBuildFile; fileRef = 6D547259167B3506003F58A5 /* Default@2x.png */; };
		6D54725C167B3506003F58A5 /* Default-568h@2x.png in Resources */ = {isa = PBXBuildFile; fileRef = 6D54725B167B3506003F58A5 /* Default-568h@2x.png */; };
		6D54725F167B3506003F58A5 /* MainStoryboard_iPhone.storyboard in Resources */ = {isa = PBXBuildFile; fileRef = 6D54725D167B3506003F58A5 /* MainStoryboard_iPhone.storyboard */; };
		6D547262167B3506003F58A5 /* MainStoryboard_iPad.storyboard in Resources */ = {isa = PBXBuildFile; fileRef = 6D547260167B3506003F58A5 /* MainStoryboard_iPad.storyboard */; };
		6D547265167B3506003F58A5 /* ViewController.m in Sources */ = {isa = PBXBuildFile; fileRef = 6D547264167B3506003F58A5 /* ViewController.m */; };
		6D54726D167B3506003F58A5 /* SenTestingKit.framework in Frameworks */ = {isa = PBXBuildFile; fileRef = 6D54726C167B3506003F58A5 /* SenTestingKit.framework */; };
		6D54726E167B3506003F58A5 /* UIKit.framework in Frameworks */ = {isa = PBXBuildFile; fileRef = 6D547245167B3506003F58A5 /* UIKit.framework */; };
		6D54726F167B3506003F58A5 /* Foundation.framework in Frameworks */ = {isa = PBXBuildFile; fileRef = 6D547247167B3506003F58A5 /* Foundation.framework */; };
		6D547277167B3506003F58A5 /* InfoPlist.strings in Resources */ = {isa = PBXBuildFile; fileRef = 6D547275167B3506003F58A5 /* InfoPlist.strings */; };
		6D54727A167B3506003F58A5 /* AppliIUTSDdeLorraineTests.m in Sources */ = {isa = PBXBuildFile; fileRef = 6D547279167B3506003F58A5 /* AppliIUTSDdeLorraineTests.m */; };
		6D547285167B3631003F58A5 /* StartController.m in Sources */ = {isa = PBXBuildFile; fileRef = 6D547284167B3631003F58A5 /* StartController.m */; };
		6D547287167B3B3F003F58A5 /* dictionary.plist in Resources */ = {isa = PBXBuildFile; fileRef = 6D547286167B3B3F003F58A5 /* dictionary.plist */; };
		6D54728D167B3CFE003F58A5 /* icone.png in Resources */ = {isa = PBXBuildFile; fileRef = 6D54728C167B3CFE003F58A5 /* icone.png */; };
		6D54728F167B3D45003F58A5 /* retinalol.png in Resources */ = {isa = PBXBuildFile; fileRef = 6D54728E167B3D45003F58A5 /* retinalol.png */; };
		6D9D098616D3D24D003F4DD8 /* PreferencesViewController.m in Sources */ = {isa = PBXBuildFile; fileRef = 6D9D098516D3D24D003F4DD8 /* PreferencesViewController.m */; };
		CD21423C16CF81CF0048D002 /* Utils.m in Sources */ = {isa = PBXBuildFile; fileRef = CD9D730916BD414300934CBC /* Utils.m */; };
		CD24320C16D2629500D8C039 /* SpecialAnimation.m in Sources */ = {isa = PBXBuildFile; fileRef = CD24320B16D2629500D8C039 /* SpecialAnimation.m */; };
		CD24320F16D2684200D8C039 /* MapController.m in Sources */ = {isa = PBXBuildFile; fileRef = CD24320E16D2684100D8C039 /* MapController.m */; };
		CD71622E16BC663D0077FDFD /* absences.png in Resources */ = {isa = PBXBuildFile; fileRef = CD71622D16BC663D0077FDFD /* absences.png */; };
		CD71623016BC66490077FDFD /* edt.png in Resources */ = {isa = PBXBuildFile; fileRef = CD71622F16BC66490077FDFD /* edt.png */; };
		CD71623216BC665B0077FDFD /* nouveautes.png in Resources */ = {isa = PBXBuildFile; fileRef = CD71623116BC665B0077FDFD /* nouveautes.png */; };
		CD71623416BC66680077FDFD /* prefs.png in Resources */ = {isa = PBXBuildFile; fileRef = CD71623316BC66680077FDFD /* prefs.png */; };
		CD7BE62016D03FC0006D09D1 /* InfoDeptController.m in Sources */ = {isa = PBXBuildFile; fileRef = CD7BE61F16D03FC0006D09D1 /* InfoDeptController.m */; };
		CD9D730C16BD438500934CBC /* SystemConfiguration.framework in Frameworks */ = {isa = PBXBuildFile; fileRef = CD9D730B16BD438500934CBC /* SystemConfiguration.framework */; };
		CDA5245C16D4431A004A7C42 /* IUTLocation.m in Sources */ = {isa = PBXBuildFile; fileRef = CDA5245B16D4431A004A7C42 /* IUTLocation.m */; };
		CDDFDE9F16CFB4AF005FD7A0 /* SelectEDTController.m in Sources */ = {isa = PBXBuildFile; fileRef = CDDFDE9E16CFB4AF005FD7A0 /* SelectEDTController.m */; };
		CDDFDEA216CFC5F3005FD7A0 /* EtudiantController.m in Sources */ = {isa = PBXBuildFile; fileRef = CDDFDEA116CFC5F3005FD7A0 /* EtudiantController.m */; };
/* End PBXBuildFile section */

/* Begin PBXContainerItemProxy section */
		6D547270167B3506003F58A5 /* PBXContainerItemProxy */ = {
			isa = PBXContainerItemProxy;
			containerPortal = 6D547238167B3506003F58A5 /* Project object */;
			proxyType = 1;
			remoteGlobalIDString = 6D547240167B3506003F58A5;
			remoteInfo = AppliIUTSDdeLorraine;
		};
/* End PBXContainerItemProxy section */

/* Begin PBXFileReference section */
		22089E9F169D9F2700298246 /* appli.png */ = {isa = PBXFileReference; lastKnownFileType = image.png; name = appli.png; path = source/appli.png; sourceTree = "<group>"; };
		22089EA0169D9F2700298246 /* bg_black.png */ = {isa = PBXFileReference; lastKnownFileType = image.png; name = bg_black.png; path = source/bg_black.png; sourceTree = "<group>"; };
		22089EA1169D9F2700298246 /* bg.png */ = {isa = PBXFileReference; lastKnownFileType = image.png; name = bg.png; path = source/bg.png; sourceTree = "<group>"; };
		22089EA2169D9F2700298246 /* fb.png */ = {isa = PBXFileReference; lastKnownFileType = image.png; name = fb.png; path = source/fb.png; sourceTree = "<group>"; };
		22089EA3169D9F2700298246 /* geii.png */ = {isa = PBXFileReference; lastKnownFileType = image.png; name = geii.png; path = source/geii.png; sourceTree = "<group>"; };
		22089EA4169D9F2700298246 /* id.png */ = {isa = PBXFileReference; lastKnownFileType = image.png; name = id.png; path = source/id.png; sourceTree = "<group>"; };
		22089EA5169D9F2700298246 /* info.png */ = {isa = PBXFileReference; lastKnownFileType = image.png; name = info.png; path = source/info.png; sourceTree = "<group>"; };
		22089EA6169D9F2700298246 /* iut.png */ = {isa = PBXFileReference; lastKnownFileType = image.png; name = iut.png; path = source/iut.png; sourceTree = "<group>"; };
		22089EA7169D9F2700298246 /* src.png */ = {isa = PBXFileReference; lastKnownFileType = image.png; name = src.png; path = source/src.png; sourceTree = "<group>"; };
		22089EA8169D9F2700298246 /* top.png */ = {isa = PBXFileReference; lastKnownFileType = image.png; name = top.png; path = source/top.png; sourceTree = "<group>"; };
		22089EA9169D9F2700298246 /* visite.png */ = {isa = PBXFileReference; lastKnownFileType = image.png; name = visite.png; path = source/visite.png; sourceTree = "<group>"; };
		22089EB5169DA6CC00298246 /* photo_iut.png */ = {isa = PBXFileReference; lastKnownFileType = image.png; name = photo_iut.png; path = source/photo_iut.png; sourceTree = "<group>"; };
		22089EB7169DB30400298246 /* iut_photo.png */ = {isa = PBXFileReference; lastKnownFileType = image.png; name = iut_photo.png; path = source/iut_photo.png; sourceTree = "<group>"; };
		22089EB9169DB6D300298246 /* src_photo.png */ = {isa = PBXFileReference; lastKnownFileType = image.png; name = src_photo.png; path = source/src_photo.png; sourceTree = "<group>"; };
		22407D4A169DF0D700AB16CE /* info_photo.png */ = {isa = PBXFileReference; lastKnownFileType = image.png; name = info_photo.png; path = source/info_photo.png; sourceTree = "<group>"; };
		22407D4F169E109B00AB16CE /* geii_photo.png */ = {isa = PBXFileReference; lastKnownFileType = image.png; name = geii_photo.png; path = source/geii_photo.png; sourceTree = "<group>"; };
		22407D51169E168000AB16CE /* WebView.h */ = {isa = PBXFileReference; fileEncoding = 4; lastKnownFileType = sourcecode.c.h; path = WebView.h; sourceTree = "<group>"; };
		22407D52169E168000AB16CE /* WebView.m */ = {isa = PBXFileReference; fileEncoding = 4; lastKnownFileType = sourcecode.c.objc; path = WebView.m; sourceTree = "<group>"; };
		22407D54169E16A900AB16CE /* WebViewController.h */ = {isa = PBXFileReference; fileEncoding = 4; lastKnownFileType = sourcecode.c.h; path = WebViewController.h; sourceTree = "<group>"; };
		22407D55169E16A900AB16CE /* WebViewController.m */ = {isa = PBXFileReference; fileEncoding = 4; lastKnownFileType = sourcecode.c.objc; path = WebViewController.m; sourceTree = "<group>"; };
		22407D57169E1E3500AB16CE /* intro.png */ = {isa = PBXFileReference; lastKnownFileType = image.png; name = intro.png; path = source/intro.png; sourceTree = "<group>"; };
		22407D58169E1E3500AB16CE /* sponsor.png */ = {isa = PBXFileReference; lastKnownFileType = image.png; name = sponsor.png; path = source/sponsor.png; sourceTree = "<group>"; };
		22A2F1DF16C1608C00220945 /* EdtViewController.h */ = {isa = PBXFileReference; fileEncoding = 4; lastKnownFileType = sourcecode.c.h; path = EdtViewController.h; sourceTree = "<group>"; };
		22A2F1E016C1608C00220945 /* EdtViewController.m */ = {isa = PBXFileReference; fileEncoding = 4; lastKnownFileType = sourcecode.c.objc; path = EdtViewController.m; sourceTree = "<group>"; };
		22A6C20716BC41CF0049D1A8 /* absences.png */ = {isa = PBXFileReference; lastKnownFileType = image.png; name = absences.png; path = "../../../../Dropbox/Application de lorraine/xcode/logos/absences.png"; sourceTree = "<group>"; };
		22A6C20816BC41CF0049D1A8 /* edt.png */ = {isa = PBXFileReference; lastKnownFileType = image.png; name = edt.png; path = "../../../../Dropbox/Application de lorraine/xcode/logos/edt.png"; sourceTree = "<group>"; };
		22A6C20A16BC41CF0049D1A8 /* nouveautes.png */ = {isa = PBXFileReference; lastKnownFileType = image.png; name = nouveautes.png; path = "../../../../Dropbox/Application de lorraine/xcode/logos/nouveautes.png"; sourceTree = "<group>"; };
		22A6C20B16BC41CF0049D1A8 /* prefs.png */ = {isa = PBXFileReference; lastKnownFileType = image.png; name = prefs.png; path = "../../../../Dropbox/Application de lorraine/xcode/logos/prefs.png"; sourceTree = "<group>"; };
		22D6B77816BC327500134732 /* MapKit.framework */ = {isa = PBXFileReference; lastKnownFileType = wrapper.framework; name = MapKit.framework; path = System/Library/Frameworks/MapKit.framework; sourceTree = SDKROOT; };
		6D04C43216A8460B000A228F /* DetailViewController.h */ = {isa = PBXFileReference; fileEncoding = 4; lastKnownFileType = sourcecode.c.h; path = DetailViewController.h; sourceTree = "<group>"; };
		6D04C43316A8460B000A228F /* DetailViewController.m */ = {isa = PBXFileReference; fileEncoding = 4; lastKnownFileType = sourcecode.c.objc; path = DetailViewController.m; sourceTree = "<group>"; };
		6D2A637F167B617B00BAC6A8 /* News.h */ = {isa = PBXFileReference; fileEncoding = 4; lastKnownFileType = sourcecode.c.h; path = News.h; sourceTree = "<group>"; };
		6D2A6380167B617B00BAC6A8 /* News.m */ = {isa = PBXFileReference; fileEncoding = 4; lastKnownFileType = sourcecode.c.objc; path = News.m; sourceTree = "<group>"; };
		6D2A6382167B650700BAC6A8 /* RootViewController.h */ = {isa = PBXFileReference; fileEncoding = 4; lastKnownFileType = sourcecode.c.h; path = RootViewController.h; sourceTree = "<group>"; };
		6D2A6383167B650700BAC6A8 /* RootViewController.m */ = {isa = PBXFileReference; fileEncoding = 4; lastKnownFileType = sourcecode.c.objc; path = RootViewController.m; sourceTree = "<group>"; };
		6D547241167B3506003F58A5 /* AppliIUTSDdeLorraine.app */ = {isa = PBXFileReference; explicitFileType = wrapper.application; includeInIndex = 0; path = AppliIUTSDdeLorraine.app; sourceTree = BUILT_PRODUCTS_DIR; };
		6D547245167B3506003F58A5 /* UIKit.framework */ = {isa = PBXFileReference; lastKnownFileType = wrapper.framework; name = UIKit.framework; path = System/Library/Frameworks/UIKit.framework; sourceTree = SDKROOT; };
		6D547247167B3506003F58A5 /* Foundation.framework */ = {isa = PBXFileReference; lastKnownFileType = wrapper.framework; name = Foundation.framework; path = System/Library/Frameworks/Foundation.framework; sourceTree = SDKROOT; };
		6D547249167B3506003F58A5 /* CoreGraphics.framework */ = {isa = PBXFileReference; lastKnownFileType = wrapper.framework; name = CoreGraphics.framework; path = System/Library/Frameworks/CoreGraphics.framework; sourceTree = SDKROOT; };
		6D54724D167B3506003F58A5 /* AppliIUTSDdeLorraine-Info.plist */ = {isa = PBXFileReference; lastKnownFileType = text.plist.xml; path = "AppliIUTSDdeLorraine-Info.plist"; sourceTree = "<group>"; };
		6D54724F167B3506003F58A5 /* en */ = {isa = PBXFileReference; lastKnownFileType = text.plist.strings; name = en; path = en.lproj/InfoPlist.strings; sourceTree = "<group>"; };
		6D547251167B3506003F58A5 /* main.m */ = {isa = PBXFileReference; lastKnownFileType = sourcecode.c.objc; path = main.m; sourceTree = "<group>"; };
		6D547253167B3506003F58A5 /* AppliIUTSDdeLorraine-Prefix.pch */ = {isa = PBXFileReference; lastKnownFileType = sourcecode.c.h; path = "AppliIUTSDdeLorraine-Prefix.pch"; sourceTree = "<group>"; };
		6D547254167B3506003F58A5 /* AppDelegate.h */ = {isa = PBXFileReference; lastKnownFileType = sourcecode.c.h; path = AppDelegate.h; sourceTree = "<group>"; };
		6D547255167B3506003F58A5 /* AppDelegate.m */ = {isa = PBXFileReference; lastKnownFileType = sourcecode.c.objc; path = AppDelegate.m; sourceTree = "<group>"; };
		6D547257167B3506003F58A5 /* Default.png */ = {isa = PBXFileReference; lastKnownFileType = image.png; path = Default.png; sourceTree = "<group>"; };
		6D547259167B3506003F58A5 /* Default@2x.png */ = {isa = PBXFileReference; lastKnownFileType = image.png; path = "Default@2x.png"; sourceTree = "<group>"; };
		6D54725B167B3506003F58A5 /* Default-568h@2x.png */ = {isa = PBXFileReference; lastKnownFileType = image.png; path = "Default-568h@2x.png"; sourceTree = "<group>"; };
		6D54725E167B3506003F58A5 /* en */ = {isa = PBXFileReference; lastKnownFileType = file.storyboard; name = en; path = en.lproj/MainStoryboard_iPhone.storyboard; sourceTree = "<group>"; };
		6D547261167B3506003F58A5 /* en */ = {isa = PBXFileReference; lastKnownFileType = file.storyboard; name = en; path = en.lproj/MainStoryboard_iPad.storyboard; sourceTree = "<group>"; };
		6D547263167B3506003F58A5 /* ViewController.h */ = {isa = PBXFileReference; lastKnownFileType = sourcecode.c.h; path = ViewController.h; sourceTree = "<group>"; };
		6D547264167B3506003F58A5 /* ViewController.m */ = {isa = PBXFileReference; lastKnownFileType = sourcecode.c.objc; path = ViewController.m; sourceTree = "<group>"; };
		6D54726B167B3506003F58A5 /* AppliIUTSDdeLorraineTests.octest */ = {isa = PBXFileReference; explicitFileType = wrapper.cfbundle; includeInIndex = 0; path = AppliIUTSDdeLorraineTests.octest; sourceTree = BUILT_PRODUCTS_DIR; };
		6D54726C167B3506003F58A5 /* SenTestingKit.framework */ = {isa = PBXFileReference; lastKnownFileType = wrapper.framework; name = SenTestingKit.framework; path = Library/Frameworks/SenTestingKit.framework; sourceTree = DEVELOPER_DIR; };
		6D547274167B3506003F58A5 /* AppliIUTSDdeLorraineTests-Info.plist */ = {isa = PBXFileReference; lastKnownFileType = text.plist.xml; path = "AppliIUTSDdeLorraineTests-Info.plist"; sourceTree = "<group>"; };
		6D547276167B3506003F58A5 /* en */ = {isa = PBXFileReference; lastKnownFileType = text.plist.strings; name = en; path = en.lproj/InfoPlist.strings; sourceTree = "<group>"; };
		6D547278167B3506003F58A5 /* AppliIUTSDdeLorraineTests.h */ = {isa = PBXFileReference; lastKnownFileType = sourcecode.c.h; path = AppliIUTSDdeLorraineTests.h; sourceTree = "<group>"; };
		6D547279167B3506003F58A5 /* AppliIUTSDdeLorraineTests.m */ = {isa = PBXFileReference; lastKnownFileType = sourcecode.c.objc; path = AppliIUTSDdeLorraineTests.m; sourceTree = "<group>"; };
		6D547283167B3631003F58A5 /* StartController.h */ = {isa = PBXFileReference; fileEncoding = 4; lastKnownFileType = sourcecode.c.h; path = StartController.h; sourceTree = "<group>"; };
		6D547284167B3631003F58A5 /* StartController.m */ = {isa = PBXFileReference; fileEncoding = 4; lastKnownFileType = sourcecode.c.objc; path = StartController.m; sourceTree = "<group>"; };
		6D547286167B3B3F003F58A5 /* dictionary.plist */ = {isa = PBXFileReference; fileEncoding = 4; lastKnownFileType = text.plist.xml; path = dictionary.plist; sourceTree = "<group>"; };
		6D54728C167B3CFE003F58A5 /* icone.png */ = {isa = PBXFileReference; lastKnownFileType = image.png; name = icone.png; path = ../icone.png; sourceTree = "<group>"; };
		6D54728E167B3D45003F58A5 /* retinalol.png */ = {isa = PBXFileReference; lastKnownFileType = image.png; name = retinalol.png; path = ../retinalol.png; sourceTree = "<group>"; };
		6D98D2CF167F5C47009A5C84 /* Default.png */ = {isa = PBXFileReference; lastKnownFileType = image.png; path = Default.png; sourceTree = "<group>"; };
		6D9D098416D3D24D003F4DD8 /* PreferencesViewController.h */ = {isa = PBXFileReference; fileEncoding = 4; lastKnownFileType = sourcecode.c.h; path = PreferencesViewController.h; sourceTree = "<group>"; };
		6D9D098516D3D24D003F4DD8 /* PreferencesViewController.m */ = {isa = PBXFileReference; fileEncoding = 4; lastKnownFileType = sourcecode.c.objc; path = PreferencesViewController.m; sourceTree = "<group>"; };
		CD24320A16D2629500D8C039 /* SpecialAnimation.h */ = {isa = PBXFileReference; fileEncoding = 4; lastKnownFileType = sourcecode.c.h; path = SpecialAnimation.h; sourceTree = "<group>"; };
		CD24320B16D2629500D8C039 /* SpecialAnimation.m */ = {isa = PBXFileReference; fileEncoding = 4; lastKnownFileType = sourcecode.c.objc; path = SpecialAnimation.m; sourceTree = "<group>"; };
		CD24320D16D2684100D8C039 /* MapController.h */ = {isa = PBXFileReference; fileEncoding = 4; lastKnownFileType = sourcecode.c.h; path = MapController.h; sourceTree = "<group>"; };
		CD24320E16D2684100D8C039 /* MapController.m */ = {isa = PBXFileReference; fileEncoding = 4; lastKnownFileType = sourcecode.c.objc; path = MapController.m; sourceTree = "<group>"; };
		CD71622D16BC663D0077FDFD /* absences.png */ = {isa = PBXFileReference; lastKnownFileType = image.png; path = absences.png; sourceTree = "<group>"; };
		CD71622F16BC66490077FDFD /* edt.png */ = {isa = PBXFileReference; lastKnownFileType = image.png; path = edt.png; sourceTree = "<group>"; };
		CD71623116BC665B0077FDFD /* nouveautes.png */ = {isa = PBXFileReference; lastKnownFileType = image.png; path = nouveautes.png; sourceTree = "<group>"; };
		CD71623316BC66680077FDFD /* prefs.png */ = {isa = PBXFileReference; lastKnownFileType = image.png; path = prefs.png; sourceTree = "<group>"; };
		CD7BE61C16D03BC4006D09D1 /* QuartzCore.framework */ = {isa = PBXFileReference; lastKnownFileType = wrapper.framework; name = QuartzCore.framework; path = System/Library/Frameworks/QuartzCore.framework; sourceTree = SDKROOT; };
		CD7BE61E16D03FC0006D09D1 /* InfoDeptController.h */ = {isa = PBXFileReference; fileEncoding = 4; lastKnownFileType = sourcecode.c.h; path = InfoDeptController.h; sourceTree = "<group>"; };
		CD7BE61F16D03FC0006D09D1 /* InfoDeptController.m */ = {isa = PBXFileReference; fileEncoding = 4; lastKnownFileType = sourcecode.c.objc; path = InfoDeptController.m; sourceTree = "<group>"; };
		CD9D730816BD414300934CBC /* Utils.h */ = {isa = PBXFileReference; fileEncoding = 4; lastKnownFileType = sourcecode.c.h; path = Utils.h; sourceTree = "<group>"; };
		CD9D730916BD414300934CBC /* Utils.m */ = {isa = PBXFileReference; fileEncoding = 4; lastKnownFileType = sourcecode.c.objc; path = Utils.m; sourceTree = "<group>"; };
		CD9D730B16BD438500934CBC /* SystemConfiguration.framework */ = {isa = PBXFileReference; lastKnownFileType = wrapper.framework; name = SystemConfiguration.framework; path = System/Library/Frameworks/SystemConfiguration.framework; sourceTree = SDKROOT; };
		CDA5245A16D4431A004A7C42 /* IUTLocation.h */ = {isa = PBXFileReference; fileEncoding = 4; lastKnownFileType = sourcecode.c.h; path = IUTLocation.h; sourceTree = "<group>"; };
		CDA5245B16D4431A004A7C42 /* IUTLocation.m */ = {isa = PBXFileReference; fileEncoding = 4; lastKnownFileType = sourcecode.c.objc; path = IUTLocation.m; sourceTree = "<group>"; };
		CDDFDE9D16CFB4AF005FD7A0 /* SelectEDTController.h */ = {isa = PBXFileReference; fileEncoding = 4; lastKnownFileType = sourcecode.c.h; path = SelectEDTController.h; sourceTree = "<group>"; };
		CDDFDE9E16CFB4AF005FD7A0 /* SelectEDTController.m */ = {isa = PBXFileReference; fileEncoding = 4; lastKnownFileType = sourcecode.c.objc; path = SelectEDTController.m; sourceTree = "<group>"; };
		CDDFDEA016CFC5F3005FD7A0 /* EtudiantController.h */ = {isa = PBXFileReference; fileEncoding = 4; lastKnownFileType = sourcecode.c.h; path = EtudiantController.h; sourceTree = "<group>"; };
		CDDFDEA116CFC5F3005FD7A0 /* EtudiantController.m */ = {isa = PBXFileReference; fileEncoding = 4; lastKnownFileType = sourcecode.c.objc; path = EtudiantController.m; sourceTree = "<group>"; };
		CDE472D516BB3C6A0071A51D /* Settings.bundle */ = {isa = PBXFileReference; lastKnownFileType = "wrapper.plug-in"; path = Settings.bundle; sourceTree = "<group>"; };
/* End PBXFileReference section */

/* Begin PBXFrameworksBuildPhase section */
		6D54723E167B3506003F58A5 /* Frameworks */ = {
			isa = PBXFrameworksBuildPhase;
			buildActionMask = 2147483647;
			files = (
				CD9D730C16BD438500934CBC /* SystemConfiguration.framework in Frameworks */,
				6D547246167B3506003F58A5 /* UIKit.framework in Frameworks */,
				6D547248167B3506003F58A5 /* Foundation.framework in Frameworks */,
				6D54724A167B3506003F58A5 /* CoreGraphics.framework in Frameworks */,
				22D6B77916BC327500134732 /* MapKit.framework in Frameworks */,
			);
			runOnlyForDeploymentPostprocessing = 0;
		};
		6D547267167B3506003F58A5 /* Frameworks */ = {
			isa = PBXFrameworksBuildPhase;
			buildActionMask = 2147483647;
			files = (
				6D54726D167B3506003F58A5 /* SenTestingKit.framework in Frameworks */,
				6D54726E167B3506003F58A5 /* UIKit.framework in Frameworks */,
				6D54726F167B3506003F58A5 /* Foundation.framework in Frameworks */,
			);
			runOnlyForDeploymentPostprocessing = 0;
		};
/* End PBXFrameworksBuildPhase section */

/* Begin PBXGroup section */
		22089E9D169D9F0900298246 /* source */ = {
			isa = PBXGroup;
			children = (
				22089E9F169D9F2700298246 /* appli.png */,
				22089EA0169D9F2700298246 /* bg_black.png */,
				22089EA1169D9F2700298246 /* bg.png */,
				22089EB5169DA6CC00298246 /* photo_iut.png */,
				22407D57169E1E3500AB16CE /* intro.png */,
				22407D58169E1E3500AB16CE /* sponsor.png */,
				22089EB7169DB30400298246 /* iut_photo.png */,
				CD71622D16BC663D0077FDFD /* absences.png */,
				CD71622F16BC66490077FDFD /* edt.png */,
				CD71623316BC66680077FDFD /* prefs.png */,
				CD71623116BC665B0077FDFD /* nouveautes.png */,
				22407D4F169E109B00AB16CE /* geii_photo.png */,
				22089EB9169DB6D300298246 /* src_photo.png */,
				22089EA2169D9F2700298246 /* fb.png */,
				22089EA3169D9F2700298246 /* geii.png */,
				22089EA4169D9F2700298246 /* id.png */,
				22089EA8169D9F2700298246 /* top.png */,
				22089EA5169D9F2700298246 /* info.png */,
				22089EA6169D9F2700298246 /* iut.png */,
				22089EA7169D9F2700298246 /* src.png */,
				22407D4A169DF0D700AB16CE /* info_photo.png */,
				22089EA9169D9F2700298246 /* visite.png */,
			);
			name = source;
			sourceTree = "<group>";
		};
		22516D2516CD819000896F5A /* EDT */ = {
			isa = PBXGroup;
			children = (
				22A2F1DF16C1608C00220945 /* EdtViewController.h */,
				22A2F1E016C1608C00220945 /* EdtViewController.m */,
				CDDFDE9D16CFB4AF005FD7A0 /* SelectEDTController.h */,
				CDDFDE9E16CFB4AF005FD7A0 /* SelectEDTController.m */,
			);
			name = EDT;
			sourceTree = "<group>";
		};
		6D547236167B3506003F58A5 = {
			isa = PBXGroup;
			children = (
				CDE472D516BB3C6A0071A51D /* Settings.bundle */,
				6D98D2CF167F5C47009A5C84 /* Default.png */,
				6D54724B167B3506003F58A5 /* AppliIUTSDdeLorraine */,
				6D547272167B3506003F58A5 /* AppliIUTSDdeLorraineTests */,
				6D547244167B3506003F58A5 /* Frameworks */,
				6D547242167B3506003F58A5 /* Products */,
			);
			sourceTree = "<group>";
		};
		6D547242167B3506003F58A5 /* Products */ = {
			isa = PBXGroup;
			children = (
				6D547241167B3506003F58A5 /* AppliIUTSDdeLorraine.app */,
				6D54726B167B3506003F58A5 /* AppliIUTSDdeLorraineTests.octest */,
			);
			name = Products;
			sourceTree = "<group>";
		};
		6D547244167B3506003F58A5 /* Frameworks */ = {
			isa = PBXGroup;
			children = (
				CD9D730B16BD438500934CBC /* SystemConfiguration.framework */,
				CD7BE61C16D03BC4006D09D1 /* QuartzCore.framework */,
				22D6B77816BC327500134732 /* MapKit.framework */,
				6D547245167B3506003F58A5 /* UIKit.framework */,
				6D547247167B3506003F58A5 /* Foundation.framework */,
				6D547249167B3506003F58A5 /* CoreGraphics.framework */,
				6D54726C167B3506003F58A5 /* SenTestingKit.framework */,
			);
			name = Frameworks;
			sourceTree = "<group>";
		};
		6D54724B167B3506003F58A5 /* AppliIUTSDdeLorraine */ = {
			isa = PBXGroup;
			children = (
				CD24320916D2626100D8C039 /* Animations */,
				CD9D730716BD412300934CBC /* Utils */,
				CDA5245916D4427B004A7C42 /* Map */,
				22516D2516CD819000896F5A /* EDT */,
				6D04C43316A8460B000A228F /* DetailViewController.m */,
				6D04C43216A8460B000A228F /* DetailViewController.h */,
				6D54728C167B3CFE003F58A5 /* icone.png */,
				6D54728E167B3D45003F58A5 /* retinalol.png */,
				6D547254167B3506003F58A5 /* AppDelegate.h */,
				6D547255167B3506003F58A5 /* AppDelegate.m */,
				CDDFDEA016CFC5F3005FD7A0 /* EtudiantController.h */,
				CDDFDEA116CFC5F3005FD7A0 /* EtudiantController.m */,
				6D54725D167B3506003F58A5 /* MainStoryboard_iPhone.storyboard */,
				6D9D098416D3D24D003F4DD8 /* PreferencesViewController.h */,
				6D9D098516D3D24D003F4DD8 /* PreferencesViewController.m */,
				6D2A6382167B650700BAC6A8 /* RootViewController.h */,
				6D2A6383167B650700BAC6A8 /* RootViewController.m */,
				6D547260167B3506003F58A5 /* MainStoryboard_iPad.storyboard */,
				6D547264167B3506003F58A5 /* ViewController.m */,
				6D547263167B3506003F58A5 /* ViewController.h */,
				22407D51169E168000AB16CE /* WebView.h */,
				22407D52169E168000AB16CE /* WebView.m */,
				22407D54169E16A900AB16CE /* WebViewController.h */,
				22407D55169E16A900AB16CE /* WebViewController.m */,
				22089E9D169D9F0900298246 /* source */,
				6D547283167B3631003F58A5 /* StartController.h */,
				6D547284167B3631003F58A5 /* StartController.m */,
				6D54724C167B3506003F58A5 /* Supporting Files */,
				6D547286167B3B3F003F58A5 /* dictionary.plist */,
				6D2A637F167B617B00BAC6A8 /* News.h */,
				6D2A6380167B617B00BAC6A8 /* News.m */,
				CD7BE61E16D03FC0006D09D1 /* InfoDeptController.h */,
				CD7BE61F16D03FC0006D09D1 /* InfoDeptController.m */,
			);
			path = AppliIUTSDdeLorraine;
			sourceTree = "<group>";
		};
		6D54724C167B3506003F58A5 /* Supporting Files */ = {
			isa = PBXGroup;
			children = (
				6D54724D167B3506003F58A5 /* AppliIUTSDdeLorraine-Info.plist */,
				6D54724E167B3506003F58A5 /* InfoPlist.strings */,
				6D547251167B3506003F58A5 /* main.m */,
				6D547253167B3506003F58A5 /* AppliIUTSDdeLorraine-Prefix.pch */,
				6D547257167B3506003F58A5 /* Default.png */,
				6D547259167B3506003F58A5 /* Default@2x.png */,
				6D54725B167B3506003F58A5 /* Default-568h@2x.png */,
			);
			name = "Supporting Files";
			sourceTree = "<group>";
		};
		6D547272167B3506003F58A5 /* AppliIUTSDdeLorraineTests */ = {
			isa = PBXGroup;
			children = (
				6D547278167B3506003F58A5 /* AppliIUTSDdeLorraineTests.h */,
				6D547279167B3506003F58A5 /* AppliIUTSDdeLorraineTests.m */,
				6D547273167B3506003F58A5 /* Supporting Files */,
			);
			path = AppliIUTSDdeLorraineTests;
			sourceTree = "<group>";
		};
		6D547273167B3506003F58A5 /* Supporting Files */ = {
			isa = PBXGroup;
			children = (
				6D547274167B3506003F58A5 /* AppliIUTSDdeLorraineTests-Info.plist */,
				6D547275167B3506003F58A5 /* InfoPlist.strings */,
			);
			name = "Supporting Files";
			sourceTree = "<group>";
		};
		CD24320916D2626100D8C039 /* Animations */ = {
			isa = PBXGroup;
			children = (
				CD24320A16D2629500D8C039 /* SpecialAnimation.h */,
				CD24320B16D2629500D8C039 /* SpecialAnimation.m */,
			);
			name = Animations;
			sourceTree = "<group>";
		};
		CD9D730716BD412300934CBC /* Utils */ = {
			isa = PBXGroup;
			children = (
				CD9D730816BD414300934CBC /* Utils.h */,
				CD9D730916BD414300934CBC /* Utils.m */,
			);
			name = Utils;
			sourceTree = "<group>";
		};
		CDA5245916D4427B004A7C42 /* Map */ = {
			isa = PBXGroup;
			children = (
				CD24320D16D2684100D8C039 /* MapController.h */,
				CD24320E16D2684100D8C039 /* MapController.m */,
				CDA5245A16D4431A004A7C42 /* IUTLocation.h */,
				CDA5245B16D4431A004A7C42 /* IUTLocation.m */,
			);
			name = Map;
			sourceTree = "<group>";
		};
/* End PBXGroup section */

/* Begin PBXNativeTarget section */
		6D547240167B3506003F58A5 /* AppliIUTSDdeLorraine */ = {
			isa = PBXNativeTarget;
			buildConfigurationList = 6D54727D167B3506003F58A5 /* Build configuration list for PBXNativeTarget "AppliIUTSDdeLorraine" */;
			buildPhases = (
				6D54723D167B3506003F58A5 /* Sources */,
				6D54723E167B3506003F58A5 /* Frameworks */,
				6D54723F167B3506003F58A5 /* Resources */,
			);
			buildRules = (
			);
			dependencies = (
			);
			name = AppliIUTSDdeLorraine;
			productName = AppliIUTSDdeLorraine;
			productReference = 6D547241167B3506003F58A5 /* AppliIUTSDdeLorraine.app */;
			productType = "com.apple.product-type.application";
		};
		6D54726A167B3506003F58A5 /* AppliIUTSDdeLorraineTests */ = {
			isa = PBXNativeTarget;
			buildConfigurationList = 6D547280167B3506003F58A5 /* Build configuration list for PBXNativeTarget "AppliIUTSDdeLorraineTests" */;
			buildPhases = (
				6D547266167B3506003F58A5 /* Sources */,
				6D547267167B3506003F58A5 /* Frameworks */,
				6D547268167B3506003F58A5 /* Resources */,
				6D547269167B3506003F58A5 /* ShellScript */,
			);
			buildRules = (
			);
			dependencies = (
				6D547271167B3506003F58A5 /* PBXTargetDependency */,
			);
			name = AppliIUTSDdeLorraineTests;
			productName = AppliIUTSDdeLorraineTests;
			productReference = 6D54726B167B3506003F58A5 /* AppliIUTSDdeLorraineTests.octest */;
			productType = "com.apple.product-type.bundle";
		};
/* End PBXNativeTarget section */

/* Begin PBXProject section */
		6D547238167B3506003F58A5 /* Project object */ = {
			isa = PBXProject;
			attributes = {
				LastUpgradeCheck = 0450;
				ORGANIZATIONNAME = "Damien Bannerot";
			};
			buildConfigurationList = 6D54723B167B3506003F58A5 /* Build configuration list for PBXProject "AppliIUTSDdeLorraine" */;
			compatibilityVersion = "Xcode 3.2";
			developmentRegion = English;
			hasScannedForEncodings = 0;
			knownRegions = (
				en,
			);
			mainGroup = 6D547236167B3506003F58A5;
			productRefGroup = 6D547242167B3506003F58A5 /* Products */;
			projectDirPath = "";
			projectRoot = "";
			targets = (
				6D547240167B3506003F58A5 /* AppliIUTSDdeLorraine */,
				6D54726A167B3506003F58A5 /* AppliIUTSDdeLorraineTests */,
			);
		};
/* End PBXProject section */

/* Begin PBXResourcesBuildPhase section */
		6D54723F167B3506003F58A5 /* Resources */ = {
			isa = PBXResourcesBuildPhase;
			buildActionMask = 2147483647;
			files = (
				6D547250167B3506003F58A5 /* InfoPlist.strings in Resources */,
				6D547258167B3506003F58A5 /* Default.png in Resources */,
				6D54725A167B3506003F58A5 /* Default@2x.png in Resources */,
				6D54725C167B3506003F58A5 /* Default-568h@2x.png in Resources */,
				6D54725F167B3506003F58A5 /* MainStoryboard_iPhone.storyboard in Resources */,
				6D547262167B3506003F58A5 /* MainStoryboard_iPad.storyboard in Resources */,
				6D547287167B3B3F003F58A5 /* dictionary.plist in Resources */,
				6D54728D167B3CFE003F58A5 /* icone.png in Resources */,
				6D54728F167B3D45003F58A5 /* retinalol.png in Resources */,
				22089EAA169D9F2700298246 /* appli.png in Resources */,
				22089EAB169D9F2700298246 /* bg_black.png in Resources */,
				22089EAC169D9F2700298246 /* bg.png in Resources */,
				22089EAD169D9F2700298246 /* fb.png in Resources */,
				22089EAE169D9F2700298246 /* geii.png in Resources */,
				22089EAF169D9F2700298246 /* id.png in Resources */,
				22089EB0169D9F2700298246 /* info.png in Resources */,
				22089EB1169D9F2700298246 /* iut.png in Resources */,
				22089EB2169D9F2700298246 /* src.png in Resources */,
				22089EB3169D9F2700298246 /* top.png in Resources */,
				22089EB4169D9F2700298246 /* visite.png in Resources */,
				22089EB6169DA6CD00298246 /* photo_iut.png in Resources */,
				22089EB8169DB30400298246 /* iut_photo.png in Resources */,
				22089EBA169DB6D300298246 /* src_photo.png in Resources */,
				22407D4B169DF0D700AB16CE /* info_photo.png in Resources */,
				22407D50169E109B00AB16CE /* geii_photo.png in Resources */,
				22407D59169E1E3500AB16CE /* intro.png in Resources */,
				22407D5A169E1E3500AB16CE /* sponsor.png in Resources */,
				CD71622E16BC663D0077FDFD /* absences.png in Resources */,
				CD71623016BC66490077FDFD /* edt.png in Resources */,
				CD71623216BC665B0077FDFD /* nouveautes.png in Resources */,
				CD71623416BC66680077FDFD /* prefs.png in Resources */,
			);
			runOnlyForDeploymentPostprocessing = 0;
		};
		6D547268167B3506003F58A5 /* Resources */ = {
			isa = PBXResourcesBuildPhase;
			buildActionMask = 2147483647;
			files = (
				6D547277167B3506003F58A5 /* InfoPlist.strings in Resources */,
				22A6C20D16BC41CF0049D1A8 /* absences.png in Resources */,
				22A6C20F16BC41CF0049D1A8 /* edt.png in Resources */,
				22A6C21316BC41CF0049D1A8 /* nouveautes.png in Resources */,
				22A6C21516BC41CF0049D1A8 /* prefs.png in Resources */,
			);
			runOnlyForDeploymentPostprocessing = 0;
		};
/* End PBXResourcesBuildPhase section */

/* Begin PBXShellScriptBuildPhase section */
		6D547269167B3506003F58A5 /* ShellScript */ = {
			isa = PBXShellScriptBuildPhase;
			buildActionMask = 2147483647;
			files = (
			);
			inputPaths = (
			);
			outputPaths = (
			);
			runOnlyForDeploymentPostprocessing = 0;
			shellPath = /bin/sh;
			shellScript = "# Run the unit tests in this test bundle.\n\"${SYSTEM_DEVELOPER_DIR}/Tools/RunUnitTests\"\n";
		};
/* End PBXShellScriptBuildPhase section */

/* Begin PBXSourcesBuildPhase section */
		6D54723D167B3506003F58A5 /* Sources */ = {
			isa = PBXSourcesBuildPhase;
			buildActionMask = 2147483647;
			files = (
				CD21423C16CF81CF0048D002 /* Utils.m in Sources */,
				6D547252167B3506003F58A5 /* main.m in Sources */,
				6D547256167B3506003F58A5 /* AppDelegate.m in Sources */,
				6D547265167B3506003F58A5 /* ViewController.m in Sources */,
				6D547285167B3631003F58A5 /* StartController.m in Sources */,
				6D2A6381167B617B00BAC6A8 /* News.m in Sources */,
				6D2A6384167B650700BAC6A8 /* RootViewController.m in Sources */,
				22407D53169E168000AB16CE /* WebView.m in Sources */,
				22407D56169E16A900AB16CE /* WebViewController.m in Sources */,
				6D04C43416A8460B000A228F /* DetailViewController.m in Sources */,
				22A2F1E116C1608D00220945 /* EdtViewController.m in Sources */,
				CDDFDE9F16CFB4AF005FD7A0 /* SelectEDTController.m in Sources */,
				CDDFDEA216CFC5F3005FD7A0 /* EtudiantController.m in Sources */,
				CD7BE62016D03FC0006D09D1 /* InfoDeptController.m in Sources */,
				CD24320C16D2629500D8C039 /* SpecialAnimation.m in Sources */,
				CD24320F16D2684200D8C039 /* MapController.m in Sources */,
				6D9D098616D3D24D003F4DD8 /* PreferencesViewController.m in Sources */,
				CDA5245C16D4431A004A7C42 /* IUTLocation.m in Sources */,
			);
			runOnlyForDeploymentPostprocessing = 0;
		};
		6D547266167B3506003F58A5 /* Sources */ = {
			isa = PBXSourcesBuildPhase;
			buildActionMask = 2147483647;
			files = (
				6D54727A167B3506003F58A5 /* AppliIUTSDdeLorraineTests.m in Sources */,
			);
			runOnlyForDeploymentPostprocessing = 0;
		};
/* End PBXSourcesBuildPhase section */

/* Begin PBXTargetDependency section */
		6D547271167B3506003F58A5 /* PBXTargetDependency */ = {
			isa = PBXTargetDependency;
			target = 6D547240167B3506003F58A5 /* AppliIUTSDdeLorraine */;
			targetProxy = 6D547270167B3506003F58A5 /* PBXContainerItemProxy */;
		};
/* End PBXTargetDependency section */

/* Begin PBXVariantGroup section */
		6D54724E167B3506003F58A5 /* InfoPlist.strings */ = {
			isa = PBXVariantGroup;
			children = (
				6D54724F167B3506003F58A5 /* en */,
			);
			name = InfoPlist.strings;
			sourceTree = "<group>";
		};
		6D54725D167B3506003F58A5 /* MainStoryboard_iPhone.storyboard */ = {
			isa = PBXVariantGroup;
			children = (
				6D54725E167B3506003F58A5 /* en */,
			);
			name = MainStoryboard_iPhone.storyboard;
			sourceTree = "<group>";
		};
		6D547260167B3506003F58A5 /* MainStoryboard_iPad.storyboard */ = {
			isa = PBXVariantGroup;
			children = (
				6D547261167B3506003F58A5 /* en */,
			);
			name = MainStoryboard_iPad.storyboard;
			sourceTree = "<group>";
		};
		6D547275167B3506003F58A5 /* InfoPlist.strings */ = {
			isa = PBXVariantGroup;
			children = (
				6D547276167B3506003F58A5 /* en */,
			);
			name = InfoPlist.strings;
			sourceTree = "<group>";
		};
/* End PBXVariantGroup section */

/* Begin XCBuildConfiguration section */
		6D54727B167B3506003F58A5 /* Debug */ = {
			isa = XCBuildConfiguration;
			buildSettings = {
				ALWAYS_SEARCH_USER_PATHS = NO;
				CLANG_CXX_LANGUAGE_STANDARD = "gnu++0x";
				CLANG_CXX_LIBRARY = "libc++";
				CLANG_ENABLE_OBJC_ARC = NO;
				CLANG_WARN_EMPTY_BODY = YES;
				CLANG_WARN__DUPLICATE_METHOD_MATCH = YES;
				CODE_SIGN_IDENTITY = "iPhone Developer: Bertrand Kerautret (6K5Q4Q8777)";
				"CODE_SIGN_IDENTITY[sdk=iphoneos*]" = "iPhone Developer: Bertrand Kerautret (6K5Q4Q8777)";
				COPY_PHASE_STRIP = NO;
				GCC_C_LANGUAGE_STANDARD = gnu99;
				GCC_DYNAMIC_NO_PIC = NO;
				GCC_OPTIMIZATION_LEVEL = 0;
				GCC_PREPROCESSOR_DEFINITIONS = (
					"DEBUG=1",
					"$(inherited)",
				);
				GCC_SYMBOLS_PRIVATE_EXTERN = NO;
				GCC_WARN_ABOUT_RETURN_TYPE = YES;
				GCC_WARN_UNINITIALIZED_AUTOS = YES;
				GCC_WARN_UNUSED_VARIABLE = YES;
				IPHONEOS_DEPLOYMENT_TARGET = 5.1;
				ONLY_ACTIVE_ARCH = NO;
				PROVISIONING_PROFILE = "82FBDCE5-CF34-478F-AB4D-89F1E32E4BFF";
				"PROVISIONING_PROFILE[sdk=iphoneos*]" = "82FBDCE5-CF34-478F-AB4D-89F1E32E4BFF";
				SDKROOT = iphoneos;
				TARGETED_DEVICE_FAMILY = "1,2";
			};
			name = Debug;
		};
		6D54727C167B3506003F58A5 /* Release */ = {
			isa = XCBuildConfiguration;
			buildSettings = {
				ALWAYS_SEARCH_USER_PATHS = NO;
				CLANG_CXX_LANGUAGE_STANDARD = "gnu++0x";
				CLANG_CXX_LIBRARY = "libc++";
				CLANG_ENABLE_OBJC_ARC = NO;
				CLANG_WARN_EMPTY_BODY = YES;
				CLANG_WARN__DUPLICATE_METHOD_MATCH = YES;
				CODE_SIGN_IDENTITY = "iPhone Developer: Bertrand Kerautret (6K5Q4Q8777)";
				"CODE_SIGN_IDENTITY[sdk=iphoneos*]" = "iPhone Developer: Bertrand Kerautret (6K5Q4Q8777)";
				COPY_PHASE_STRIP = YES;
				GCC_C_LANGUAGE_STANDARD = gnu99;
				GCC_WARN_ABOUT_RETURN_TYPE = YES;
				GCC_WARN_UNINITIALIZED_AUTOS = YES;
				GCC_WARN_UNUSED_VARIABLE = YES;
				IPHONEOS_DEPLOYMENT_TARGET = 5.1;
				OTHER_CFLAGS = "-DNS_BLOCK_ASSERTIONS=1";
				PROVISIONING_PROFILE = "82FBDCE5-CF34-478F-AB4D-89F1E32E4BFF";
				"PROVISIONING_PROFILE[sdk=iphoneos*]" = "82FBDCE5-CF34-478F-AB4D-89F1E32E4BFF";
				SDKROOT = iphoneos;
				TARGETED_DEVICE_FAMILY = "1,2";
				VALIDATE_PRODUCT = YES;
			};
			name = Release;
		};
		6D54727E167B3506003F58A5 /* Debug */ = {
			isa = XCBuildConfiguration;
			buildSettings = {
				CLANG_ENABLE_OBJC_ARC = NO;
				GCC_PRECOMPILE_PREFIX_HEADER = YES;
				GCC_PREFIX_HEADER = "AppliIUTSDdeLorraine/AppliIUTSDdeLorraine-Prefix.pch";
				INFOPLIST_FILE = "AppliIUTSDdeLorraine/AppliIUTSDdeLorraine-Info.plist";
				PRODUCT_NAME = "$(TARGET_NAME)";
				WRAPPER_EXTENSION = app;
			};
			name = Debug;
		};
		6D54727F167B3506003F58A5 /* Release */ = {
			isa = XCBuildConfiguration;
			buildSettings = {
				CLANG_ENABLE_OBJC_ARC = NO;
				GCC_PRECOMPILE_PREFIX_HEADER = YES;
				GCC_PREFIX_HEADER = "AppliIUTSDdeLorraine/AppliIUTSDdeLorraine-Prefix.pch";
				INFOPLIST_FILE = "AppliIUTSDdeLorraine/AppliIUTSDdeLorraine-Info.plist";
				PRODUCT_NAME = "$(TARGET_NAME)";
				WRAPPER_EXTENSION = app;
			};
			name = Release;
		};
		6D547281167B3506003F58A5 /* Debug */ = {
			isa = XCBuildConfiguration;
			buildSettings = {
				BUNDLE_LOADER = "$(BUILT_PRODUCTS_DIR)/AppliIUTSDdeLorraine.app/AppliIUTSDdeLorraine";
				FRAMEWORK_SEARCH_PATHS = (
					"\"$(SDKROOT)/Developer/Library/Frameworks\"",
					"\"$(DEVELOPER_LIBRARY_DIR)/Frameworks\"",
				);
				GCC_PRECOMPILE_PREFIX_HEADER = YES;
				GCC_PREFIX_HEADER = "AppliIUTSDdeLorraine/AppliIUTSDdeLorraine-Prefix.pch";
				INFOPLIST_FILE = "AppliIUTSDdeLorraineTests/AppliIUTSDdeLorraineTests-Info.plist";
				PRODUCT_NAME = "$(TARGET_NAME)";
				TEST_HOST = "$(BUNDLE_LOADER)";
				WRAPPER_EXTENSION = octest;
			};
			name = Debug;
		};
		6D547282167B3506003F58A5 /* Release */ = {
			isa = XCBuildConfiguration;
			buildSettings = {
				BUNDLE_LOADER = "$(BUILT_PRODUCTS_DIR)/AppliIUTSDdeLorraine.app/AppliIUTSDdeLorraine";
				FRAMEWORK_SEARCH_PATHS = (
					"\"$(SDKROOT)/Developer/Library/Frameworks\"",
					"\"$(DEVELOPER_LIBRARY_DIR)/Frameworks\"",
				);
				GCC_PRECOMPILE_PREFIX_HEADER = YES;
				GCC_PREFIX_HEADER = "AppliIUTSDdeLorraine/AppliIUTSDdeLorraine-Prefix.pch";
				INFOPLIST_FILE = "AppliIUTSDdeLorraineTests/AppliIUTSDdeLorraineTests-Info.plist";
				PRODUCT_NAME = "$(TARGET_NAME)";
				TEST_HOST = "$(BUNDLE_LOADER)";
				WRAPPER_EXTENSION = octest;
			};
			name = Release;
		};
/* End XCBuildConfiguration section */

/* Begin XCConfigurationList section */
		6D54723B167B3506003F58A5 /* Build configuration list for PBXProject "AppliIUTSDdeLorraine" */ = {
			isa = XCConfigurationList;
			buildConfigurations = (
				6D54727B167B3506003F58A5 /* Debug */,
				6D54727C167B3506003F58A5 /* Release */,
			);
			defaultConfigurationIsVisible = 0;
			defaultConfigurationName = Release;
		};
		6D54727D167B3506003F58A5 /* Build configuration list for PBXNativeTarget "AppliIUTSDdeLorraine" */ = {
			isa = XCConfigurationList;
			buildConfigurations = (
				6D54727E167B3506003F58A5 /* Debug */,
				6D54727F167B3506003F58A5 /* Release */,
			);
			defaultConfigurationIsVisible = 0;
			defaultConfigurationName = Release;
		};
		6D547280167B3506003F58A5 /* Build configuration list for PBXNativeTarget "AppliIUTSDdeLorraineTests" */ = {
			isa = XCConfigurationList;
			buildConfigurations = (
				6D547281167B3506003F58A5 /* Debug */,
				6D547282167B3506003F58A5 /* Release */,
			);
			defaultConfigurationIsVisible = 0;
			defaultConfigurationName = Release;
		};
/* End XCConfigurationList section */
	};
	rootObject = 6D547238167B3506003F58A5 /* Project object */;
}
