// !$*UTF8*$!
{
	archiveVersion = 1;
	classes = {
	};
	objectVersion = 46;
	objects = {

/* Begin PBXBuildFile section */
		22089EAA169D9F2700298246 /* appli.png in Resources */ = {isa = PBXBuildFile; fileRef = 22089E9F169D9F2700298246 /* appli.png */; };
		22089EAB169D9F2700298246 /* bg_black.png in Resources */ = {isa = PBXBuildFile; fileRef = 22089EA0169D9F2700298246 /* bg_black.png */; };
		22089EAC169D9F2700298246 /* bg.png in Resources */ = {isa = PBXBuildFile; fileRef = 22089EA1169D9F2700298246 /* bg.png */; };
		22089EAD169D9F2700298246 /* fb.png in Resources */ = {isa = PBXBuildFile; fileRef = 22089EA2169D9F2700298246 /* fb.png */; };
		22089EAE169D9F2700298246 /* geii.png in Resources */ = {isa = PBXBuildFile; fileRef = 22089EA3169D9F2700298246 /* geii.png */; };
		22089EAF169D9F2700298246 /* id.png in Resources */ = {isa = PBXBuildFile; fileRef = 22089EA4169D9F2700298246 /* id.png */; };
		22089EB0169D9F2700298246 /* info.png in Resources */ = {isa = PBXBuildFile; fileRef = 22089EA5169D9F2700298246 /* info.png */; };
		22089EB1169D9F2700298246 /* iut.png in Resources */ = {isa = PBXBuildFile; fileRef = 22089EA6169D9F2700298246 /* iut.png */; };
		22089EB2169D9F2700298246 /* src.png in Resources */ = {isa = PBXBuildFile; fileRef = 22089EA7169D9F2700298246 /* src.png */; };
		22089EB4169D9F2700298246 /* visite.png in Resources */ = {isa = PBXBuildFile; fileRef = 22089EA9169D9F2700298246 /* visite.png */; };
		22089EB6169DA6CD00298246 /* photo_iut.png in Resources */ = {isa = PBXBuildFile; fileRef = 22089EB5169DA6CC00298246 /* photo_iut.png */; };
		22089EB8169DB30400298246 /* iut_photo.png in Resources */ = {isa = PBXBuildFile; fileRef = 22089EB7169DB30400298246 /* iut_photo.png */; };
		22089EBA169DB6D300298246 /* src_photo.png in Resources */ = {isa = PBXBuildFile; fileRef = 22089EB9169DB6D300298246 /* src_photo.png */; };
		22407D4B169DF0D700AB16CE /* info_photo.png in Resources */ = {isa = PBXBuildFile; fileRef = 22407D4A169DF0D700AB16CE /* info_photo.png */; };
		22407D50169E109B00AB16CE /* geii_photo.png in Resources */ = {isa = PBXBuildFile; fileRef = 22407D4F169E109B00AB16CE /* geii_photo.png */; };
		22407D53169E168000AB16CE /* WebView.m in Sources */ = {isa = PBXBuildFile; fileRef = 22407D52169E168000AB16CE /* WebView.m */; };
		22407D56169E16A900AB16CE /* WebViewController.m in Sources */ = {isa = PBXBuildFile; fileRef = 22407D55169E16A900AB16CE /* WebViewController.m */; };
		22407D59169E1E3500AB16CE /* intro.png in Resources */ = {isa = PBXBuildFile; fileRef = 22407D57169E1E3500AB16CE /* intro.png */; };
		22407D5A169E1E3500AB16CE /* sponsor.png in Resources */ = {isa = PBXBuildFile; fileRef = 22407D58169E1E3500AB16CE /* sponsor.png */; };
		22A2F1E116C1608D00220945 /* EdtViewController.m in Sources */ = {isa = PBXBuildFile; fileRef = 22A2F1E016C1608C00220945 /* EdtViewController.m */; };
		22D6B77916BC327500134732 /* MapKit.framework in Frameworks */ = {isa = PBXBuildFile; fileRef = 22D6B77816BC327500134732 /* MapKit.framework */; };
		6D04C43416A8460B000A228F /* DetailViewController.m in Sources */ = {isa = PBXBuildFile; fileRef = 6D04C43316A8460B000A228F /* DetailViewController.m */; };
		6D2A6381167B617B00BAC6A8 /* News.m in Sources */ = {isa = PBXBuildFile; fileRef = 6D2A6380167B617B00BAC6A8 /* News.m */; };
		6D2A6384167B650700BAC6A8 /* RootViewController.m in Sources */ = {isa = PBXBuildFile; fileRef = 6D2A6383167B650700BAC6A8 /* RootViewController.m */; };
		6D547246167B3506003F58A5 /* UIKit.framework in Frameworks */ = {isa = PBXBuildFile; fileRef = 6D547245167B3506003F58A5 /* UIKit.framework */; };
		6D547248167B3506003F58A5 /* Foundation.framework in Frameworks */ = {isa = PBXBuildFile; fileRef = 6D547247167B3506003F58A5 /* Foundation.framework */; };
		6D54724A167B3506003F58A5 /* CoreGraphics.framework in Frameworks */ = {isa = PBXBuildFile; fileRef = 6D547249167B3506003F58A5 /* CoreGraphics.framework */; };
		6D547250167B3506003F58A5 /* InfoPlist.strings in Resources */ = {isa = PBXBuildFile; fileRef = 6D54724E167B3506003F58A5 /* InfoPlist.strings */; };
		6D547252167B3506003F58A5 /* main.m in Sources */ = {isa = PBXBuildFile; fileRef = 6D547251167B3506003F58A5 /* main.m */; };
		6D547256167B3506003F58A5 /* AppDelegate.m in Sources */ = {isa = PBXBuildFile; fileRef = 6D547255167B3506003F58A5 /* AppDelegate.m */; };
		6D547258167B3506003F58A5 /* Default.png in Resources */ = {isa = PBXBuildFile; fileRef = 6D547257167B3506003F58A5 /* Default.png */; };
		6D54725A167B3506003F58A5 /* Default@2x.png in Resources */ = {isa = PBXBuildFile; fileRef = 6D547259167B3506003F58A5 /* Default@2x.png */; };
		6D54725C167B3506003F58A5 /* Default-568h@2x.png in Resources */ = {isa = PBXBuildFile; fileRef = 6D54725B167B3506003F58A5 /* Default-568h@2x.png */; };
		6D54725F167B3506003F58A5 /* MainStoryboard_iPhone.storyboard in Resources */ = {isa = PBXBuildFile; fileRef = 6D54725D167B3506003F58A5 /* MainStoryboard_iPhone.storyboard */; };
		6D547265167B3506003F58A5 /* ViewController.m in Sources */ = {isa = PBXBuildFile; fileRef = 6D547264167B3506003F58A5 /* ViewController.m */; };
		6D547285167B3631003F58A5 /* StartController.m in Sources */ = {isa = PBXBuildFile; fileRef = 6D547284167B3631003F58A5 /* StartController.m */; };
		6D54728D167B3CFE003F58A5 /* icone.png in Resources */ = {isa = PBXBuildFile; fileRef = 6D54728C167B3CFE003F58A5 /* icone.png */; };
		6D54728F167B3D45003F58A5 /* retinalol.png in Resources */ = {isa = PBXBuildFile; fileRef = 6D54728E167B3D45003F58A5 /* retinalol.png */; };
		6D9D098616D3D24D003F4DD8 /* PreferencesViewController.m in Sources */ = {isa = PBXBuildFile; fileRef = 6D9D098516D3D24D003F4DD8 /* PreferencesViewController.m */; };
		755754A516D4FFF40057492C /* icon_app-iutsd_57.png in Resources */ = {isa = PBXBuildFile; fileRef = 755754A416D4FFF40057492C /* icon_app-iutsd_57.png */; };
		755754A716D4FFFD0057492C /* icon_app-iutsd_114.png in Resources */ = {isa = PBXBuildFile; fileRef = 755754A616D4FFFD0057492C /* icon_app-iutsd_114.png */; };
		CD21423C16CF81CF0048D002 /* Utils.m in Sources */ = {isa = PBXBuildFile; fileRef = CD9D730916BD414300934CBC /* Utils.m */; };
		CD24320F16D2684200D8C039 /* MapController.m in Sources */ = {isa = PBXBuildFile; fileRef = CD24320E16D2684100D8C039 /* MapController.m */; };
		CD46AAEC16E0D2D20049D815 /* bgBottom.png in Resources */ = {isa = PBXBuildFile; fileRef = CD46AAEB16E0D2D20049D815 /* bgBottom.png */; };
		CD46AAEE16E3469B0049D815 /* informatique_2.png in Resources */ = {isa = PBXBuildFile; fileRef = CD46AAED16E3469B0049D815 /* informatique_2.png */; };
		CD46AAF216E387B60049D815 /* edt_info.png in Resources */ = {isa = PBXBuildFile; fileRef = CD46AAF116E387B60049D815 /* edt_info.png */; };
		CD46AAF416E388120049D815 /* edt_src.png in Resources */ = {isa = PBXBuildFile; fileRef = CD46AAF316E388120049D815 /* edt_src.png */; };
		CD46AAF616E388860049D815 /* edt_geii.png in Resources */ = {isa = PBXBuildFile; fileRef = CD46AAF516E388860049D815 /* edt_geii.png */; };
		CD46AAF816E389C80049D815 /* edt_cmpm.png in Resources */ = {isa = PBXBuildFile; fileRef = CD46AAF716E389C80049D815 /* edt_cmpm.png */; };
		CD46AAFA16E38F330049D815 /* about.html in Resources */ = {isa = PBXBuildFile; fileRef = CD46AAF916E38F330049D815 /* about.html */; };
		CD46AAFD16E395630049D815 /* About_ViewController.m in Sources */ = {isa = PBXBuildFile; fileRef = CD46AAFC16E38F850049D815 /* About_ViewController.m */; };
		CD46AAFF16E3A7390049D815 /* mgel_emevia.png in Resources */ = {isa = PBXBuildFile; fileRef = CD46AAFE16E3A7390049D815 /* mgel_emevia.png */; };
		CD56DBEB16EE89AA00CD3837 /* Settings.bundle in Resources */ = {isa = PBXBuildFile; fileRef = CDE472D516BB3C6A0071A51D /* Settings.bundle */; };
		CD588D8416DAC05100363C78 /* ODRefreshControl.m in Sources */ = {isa = PBXBuildFile; fileRef = CD588D8316DABE4500363C78 /* ODRefreshControl.m */; };
		CD588D8516DAC07600363C78 /* QuartzCore.framework in Frameworks */ = {isa = PBXBuildFile; fileRef = CD7BE61C16D03BC4006D09D1 /* QuartzCore.framework */; };
		CD588D8816DACF3400363C78 /* SlideFromBottomAnim.m in Sources */ = {isa = PBXBuildFile; fileRef = CD588D8716DACF3400363C78 /* SlideFromBottomAnim.m */; };
		CD71622E16BC663D0077FDFD /* absences.png in Resources */ = {isa = PBXBuildFile; fileRef = CD71622D16BC663D0077FDFD /* absences.png */; };
		CD71623016BC66490077FDFD /* edt.png in Resources */ = {isa = PBXBuildFile; fileRef = CD71622F16BC66490077FDFD /* edt.png */; };
		CD71623216BC665B0077FDFD /* nouveautes.png in Resources */ = {isa = PBXBuildFile; fileRef = CD71623116BC665B0077FDFD /* nouveautes.png */; };
		CD71623416BC66680077FDFD /* prefs.png in Resources */ = {isa = PBXBuildFile; fileRef = CD71623316BC66680077FDFD /* prefs.png */; };
		CD9D730C16BD438500934CBC /* SystemConfiguration.framework in Frameworks */ = {isa = PBXBuildFile; fileRef = CD9D730B16BD438500934CBC /* SystemConfiguration.framework */; };
		CDA5245C16D4431A004A7C42 /* IUTLocation.m in Sources */ = {isa = PBXBuildFile; fileRef = CDA5245B16D4431A004A7C42 /* IUTLocation.m */; };
		CDA5245E16D44E4E004A7C42 /* logoIUT.jpeg in Resources */ = {isa = PBXBuildFile; fileRef = CDA5245D16D44E4E004A7C42 /* logoIUT.jpeg */; };
		CDDFDE9F16CFB4AF005FD7A0 /* SelectEDTController.m in Sources */ = {isa = PBXBuildFile; fileRef = CDDFDE9E16CFB4AF005FD7A0 /* SelectEDTController.m */; };
		CDDFDEA216CFC5F3005FD7A0 /* EtudiantController.m in Sources */ = {isa = PBXBuildFile; fileRef = CDDFDEA116CFC5F3005FD7A0 /* EtudiantController.m */; };
		CDF31D5416DBD5B1003E3328 /* AuthController.m in Sources */ = {isa = PBXBuildFile; fileRef = CDF31D5316DBD5B1003E3328 /* AuthController.m */; };
		CDF31D5716DBEE61003E3328 /* OpenAnimation.m in Sources */ = {isa = PBXBuildFile; fileRef = CDF31D5616DBEE61003E3328 /* OpenAnimation.m */; };
		CDF31D6616DC2A42003E3328 /* edt_1a.png in Resources */ = {isa = PBXBuildFile; fileRef = CDF31D5B16DC2A42003E3328 /* edt_1a.png */; };
		CDF31D6716DC2A42003E3328 /* edt_2a.png in Resources */ = {isa = PBXBuildFile; fileRef = CDF31D5C16DC2A42003E3328 /* edt_2a.png */; };
		CDF31D6816DC2A42003E3328 /* edt_a2i.png in Resources */ = {isa = PBXBuildFile; fileRef = CDF31D5D16DC2A42003E3328 /* edt_a2i.png */; };
		CDF31D6916DC2A42003E3328 /* edt_cdg.png in Resources */ = {isa = PBXBuildFile; fileRef = CDF31D5E16DC2A42003E3328 /* edt_cdg.png */; };
		CDF31D6B16DC2A42003E3328 /* edt_i2m.png in Resources */ = {isa = PBXBuildFile; fileRef = CDF31D6016DC2A42003E3328 /* edt_i2m.png */; };
		CDF31D6D16DC2A42003E3328 /* edt_isn.png in Resources */ = {isa = PBXBuildFile; fileRef = CDF31D6216DC2A42003E3328 /* edt_isn.png */; };
		CDF31D6E16DC2A42003E3328 /* edt_licences.png in Resources */ = {isa = PBXBuildFile; fileRef = CDF31D6316DC2A42003E3328 /* edt_licences.png */; };
		CDF31D7016DC2A42003E3328 /* edt_tecamtv.png in Resources */ = {isa = PBXBuildFile; fileRef = CDF31D6516DC2A42003E3328 /* edt_tecamtv.png */; };
		CDF31D7216DC2E43003E3328 /* info_photo2.png in Resources */ = {isa = PBXBuildFile; fileRef = CDF31D7116DC2E43003E3328 /* info_photo2.png */; };
		CDFAE36116F74783002A40ED /* topHR.png in Resources */ = {isa = PBXBuildFile; fileRef = CDFAE36016F74783002A40ED /* topHR.png */; };
		CDFAE36E16F74FD3002A40ED /* ic_absences.png in Resources */ = {isa = PBXBuildFile; fileRef = CDFAE36416F74FD0002A40ED /* ic_absences.png */; };
		CDFAE36F16F74FD3002A40ED /* ic_edt.png in Resources */ = {isa = PBXBuildFile; fileRef = CDFAE36516F74FD0002A40ED /* ic_edt.png */; };
		CDFAE37016F74FD3002A40ED /* ic_geii.png in Resources */ = {isa = PBXBuildFile; fileRef = CDFAE36616F74FD0002A40ED /* ic_geii.png */; };
		CDFAE37116F74FD3002A40ED /* ic_identification.png in Resources */ = {isa = PBXBuildFile; fileRef = CDFAE36716F74FD1002A40ED /* ic_identification.png */; };
		CDFAE37216F74FD3002A40ED /* ic_info.png in Resources */ = {isa = PBXBuildFile; fileRef = CDFAE36816F74FD1002A40ED /* ic_info.png */; };
		CDFAE37316F74FD3002A40ED /* ic_iut.png in Resources */ = {isa = PBXBuildFile; fileRef = CDFAE36916F74FD1002A40ED /* ic_iut.png */; };
		CDFAE37416F74FD3002A40ED /* ic_news.png in Resources */ = {isa = PBXBuildFile; fileRef = CDFAE36A16F74FD1002A40ED /* ic_news.png */; };
		CDFAE37516F74FD3002A40ED /* ic_plans.png in Resources */ = {isa = PBXBuildFile; fileRef = CDFAE36B16F74FD1002A40ED /* ic_plans.png */; };
		CDFAE37616F74FD3002A40ED /* ic_prefs.png in Resources */ = {isa = PBXBuildFile; fileRef = CDFAE36C16F74FD2002A40ED /* ic_prefs.png */; };
		CDFAE37716F74FD3002A40ED /* ic_src.png in Resources */ = {isa = PBXBuildFile; fileRef = CDFAE36D16F74FD2002A40ED /* ic_src.png */; };
		CDFBB3EE16DA524B005A68CD /* sponsors_3_1.png in Resources */ = {isa = PBXBuildFile; fileRef = CDFBB3ED16DA524B005A68CD /* sponsors_3_1.png */; };
		CDFBB3F016DA525F005A68CD /* logoIut.png in Resources */ = {isa = PBXBuildFile; fileRef = CDFBB3EF16DA525F005A68CD /* logoIut.png */; };
		CDFBB3F216DA5268005A68CD /* Universite_de_Lorraine_-_logo.png in Resources */ = {isa = PBXBuildFile; fileRef = CDFBB3F116DA5268005A68CD /* Universite_de_Lorraine_-_logo.png */; };
		CDFBB3F416DA527A005A68CD /* lancement_2.png in Resources */ = {isa = PBXBuildFile; fileRef = CDFBB3F316DA527A005A68CD /* lancement_2.png */; };
		CDFBB3F616DA528A005A68CD /* retour_2.png in Resources */ = {isa = PBXBuildFile; fileRef = CDFBB3F516DA528A005A68CD /* retour_2.png */; };
		CDFBB3FA16DA52A6005A68CD /* geii_1.png in Resources */ = {isa = PBXBuildFile; fileRef = CDFBB3F716DA52A6005A68CD /* geii_1.png */; };
		CDFBB3FB16DA52A6005A68CD /* src_1.png in Resources */ = {isa = PBXBuildFile; fileRef = CDFBB3F816DA52A6005A68CD /* src_1.png */; };
		CDFBB3FC16DA52A6005A68CD /* info_1.png in Resources */ = {isa = PBXBuildFile; fileRef = CDFBB3F916DA52A6005A68CD /* info_1.png */; };
		CDFBB3FD16DA58A8005A68CD /* IUT_ViewController.m in Sources */ = {isa = PBXBuildFile; fileRef = CDFBB3D516DA5239005A68CD /* IUT_ViewController.m */; };
		CDFBB3FE16DA58A8005A68CD /* GEII_ViewController.m in Sources */ = {isa = PBXBuildFile; fileRef = CDFBB3DD16DA5239005A68CD /* GEII_ViewController.m */; };
		CDFBB3FF16DA58A8005A68CD /* INFO_ViewController.m in Sources */ = {isa = PBXBuildFile; fileRef = CDFBB3DE16DA5239005A68CD /* INFO_ViewController.m */; };
		CDFBB40016DA58A8005A68CD /* SRC_ViewController.m in Sources */ = {isa = PBXBuildFile; fileRef = CDFBB3E016DA5239005A68CD /* SRC_ViewController.m */; };
		CDFBB40116DA5945005A68CD /* geii.html in Resources */ = {isa = PBXBuildFile; fileRef = CDFBB3D316DA5239005A68CD /* geii.html */; };
		CDFBB40216DA5945005A68CD /* info.html in Resources */ = {isa = PBXBuildFile; fileRef = CDFBB3D616DA5239005A68CD /* info.html */; };
		CDFBB40316DA5945005A68CD /* src.html in Resources */ = {isa = PBXBuildFile; fileRef = CDFBB3D716DA5239005A68CD /* src.html */; };
		CDFBB40416DA5945005A68CD /* iut.html in Resources */ = {isa = PBXBuildFile; fileRef = CDFBB3D816DA5239005A68CD /* iut.html */; };
		CDFBB40516DA596E005A68CD /* geii2.png in Resources */ = {isa = PBXBuildFile; fileRef = CDFBB3D916DA5239005A68CD /* geii2.png */; };
		CDFBB40616DA596E005A68CD /* geii1.png in Resources */ = {isa = PBXBuildFile; fileRef = CDFBB3DA16DA5239005A68CD /* geii1.png */; };
		CDFBB40716DA596E005A68CD /* style.css in Resources */ = {isa = PBXBuildFile; fileRef = CDFBB3DB16DA5239005A68CD /* style.css */; };
/* End PBXBuildFile section */

/* Begin PBXFileReference section */
		22089E9F169D9F2700298246 /* appli.png */ = {isa = PBXFileReference; lastKnownFileType = image.png; name = appli.png; path = source/appli.png; sourceTree = "<group>"; };
		22089EA0169D9F2700298246 /* bg_black.png */ = {isa = PBXFileReference; lastKnownFileType = image.png; name = bg_black.png; path = source/bg_black.png; sourceTree = "<group>"; };
		22089EA1169D9F2700298246 /* bg.png */ = {isa = PBXFileReference; lastKnownFileType = image.png; name = bg.png; path = source/bg.png; sourceTree = "<group>"; };
		22089EA2169D9F2700298246 /* fb.png */ = {isa = PBXFileReference; lastKnownFileType = image.png; name = fb.png; path = source/fb.png; sourceTree = "<group>"; };
		22089EA3169D9F2700298246 /* geii.png */ = {isa = PBXFileReference; lastKnownFileType = image.png; name = geii.png; path = source/geii.png; sourceTree = "<group>"; };
		22089EA4169D9F2700298246 /* id.png */ = {isa = PBXFileReference; lastKnownFileType = image.png; name = id.png; path = source/id.png; sourceTree = "<group>"; };
		22089EA5169D9F2700298246 /* info.png */ = {isa = PBXFileReference; lastKnownFileType = image.png; name = info.png; path = source/info.png; sourceTree = "<group>"; };
		22089EA6169D9F2700298246 /* iut.png */ = {isa = PBXFileReference; lastKnownFileType = image.png; name = iut.png; path = source/iut.png; sourceTree = "<group>"; };
		22089EA7169D9F2700298246 /* src.png */ = {isa = PBXFileReference; lastKnownFileType = image.png; name = src.png; path = source/src.png; sourceTree = "<group>"; };
		22089EA9169D9F2700298246 /* visite.png */ = {isa = PBXFileReference; lastKnownFileType = image.png; name = visite.png; path = source/visite.png; sourceTree = "<group>"; };
		22089EB5169DA6CC00298246 /* photo_iut.png */ = {isa = PBXFileReference; lastKnownFileType = image.png; name = photo_iut.png; path = source/photo_iut.png; sourceTree = "<group>"; };
		22089EB7169DB30400298246 /* iut_photo.png */ = {isa = PBXFileReference; lastKnownFileType = image.png; name = iut_photo.png; path = source/iut_photo.png; sourceTree = "<group>"; };
		22089EB9169DB6D300298246 /* src_photo.png */ = {isa = PBXFileReference; lastKnownFileType = image.png; name = src_photo.png; path = source/src_photo.png; sourceTree = "<group>"; };
		22407D4A169DF0D700AB16CE /* info_photo.png */ = {isa = PBXFileReference; lastKnownFileType = image.png; name = info_photo.png; path = source/info_photo.png; sourceTree = "<group>"; };
		22407D4F169E109B00AB16CE /* geii_photo.png */ = {isa = PBXFileReference; lastKnownFileType = image.png; name = geii_photo.png; path = source/geii_photo.png; sourceTree = "<group>"; };
		22407D51169E168000AB16CE /* WebView.h */ = {isa = PBXFileReference; fileEncoding = 4; lastKnownFileType = sourcecode.c.h; path = WebView.h; sourceTree = "<group>"; };
		22407D52169E168000AB16CE /* WebView.m */ = {isa = PBXFileReference; fileEncoding = 4; lastKnownFileType = sourcecode.c.objc; path = WebView.m; sourceTree = "<group>"; };
		22407D54169E16A900AB16CE /* WebViewController.h */ = {isa = PBXFileReference; fileEncoding = 4; lastKnownFileType = sourcecode.c.h; path = WebViewController.h; sourceTree = "<group>"; };
		22407D55169E16A900AB16CE /* WebViewController.m */ = {isa = PBXFileReference; fileEncoding = 4; lastKnownFileType = sourcecode.c.objc; path = WebViewController.m; sourceTree = "<group>"; };
		22407D57169E1E3500AB16CE /* intro.png */ = {isa = PBXFileReference; lastKnownFileType = image.png; name = intro.png; path = source/intro.png; sourceTree = "<group>"; };
		22407D58169E1E3500AB16CE /* sponsor.png */ = {isa = PBXFileReference; lastKnownFileType = image.png; name = sponsor.png; path = source/sponsor.png; sourceTree = "<group>"; };
		22A2F1DF16C1608C00220945 /* EdtViewController.h */ = {isa = PBXFileReference; fileEncoding = 4; lastKnownFileType = sourcecode.c.h; path = EdtViewController.h; sourceTree = "<group>"; };
		22A2F1E016C1608C00220945 /* EdtViewController.m */ = {isa = PBXFileReference; fileEncoding = 4; lastKnownFileType = sourcecode.c.objc; path = EdtViewController.m; sourceTree = "<group>"; };
		22D6B77816BC327500134732 /* MapKit.framework */ = {isa = PBXFileReference; lastKnownFileType = wrapper.framework; name = MapKit.framework; path = System/Library/Frameworks/MapKit.framework; sourceTree = SDKROOT; };
		6D04C43216A8460B000A228F /* DetailViewController.h */ = {isa = PBXFileReference; fileEncoding = 4; lastKnownFileType = sourcecode.c.h; path = DetailViewController.h; sourceTree = "<group>"; };
		6D04C43316A8460B000A228F /* DetailViewController.m */ = {isa = PBXFileReference; fileEncoding = 4; lastKnownFileType = sourcecode.c.objc; path = DetailViewController.m; sourceTree = "<group>"; };
		6D2A637F167B617B00BAC6A8 /* News.h */ = {isa = PBXFileReference; fileEncoding = 4; lastKnownFileType = sourcecode.c.h; path = News.h; sourceTree = "<group>"; };
		6D2A6380167B617B00BAC6A8 /* News.m */ = {isa = PBXFileReference; fileEncoding = 4; lastKnownFileType = sourcecode.c.objc; path = News.m; sourceTree = "<group>"; };
		6D2A6382167B650700BAC6A8 /* RootViewController.h */ = {isa = PBXFileReference; fileEncoding = 4; lastKnownFileType = sourcecode.c.h; path = RootViewController.h; sourceTree = "<group>"; };
		6D2A6383167B650700BAC6A8 /* RootViewController.m */ = {isa = PBXFileReference; fileEncoding = 4; lastKnownFileType = sourcecode.c.objc; path = RootViewController.m; sourceTree = "<group>"; };
		6D547241167B3506003F58A5 /* AppliIUTSDdeLorraine.app */ = {isa = PBXFileReference; explicitFileType = wrapper.application; includeInIndex = 0; path = AppliIUTSDdeLorraine.app; sourceTree = BUILT_PRODUCTS_DIR; };
		6D547245167B3506003F58A5 /* UIKit.framework */ = {isa = PBXFileReference; lastKnownFileType = wrapper.framework; name = UIKit.framework; path = System/Library/Frameworks/UIKit.framework; sourceTree = SDKROOT; };
		6D547247167B3506003F58A5 /* Foundation.framework */ = {isa = PBXFileReference; lastKnownFileType = wrapper.framework; name = Foundation.framework; path = System/Library/Frameworks/Foundation.framework; sourceTree = SDKROOT; };
		6D547249167B3506003F58A5 /* CoreGraphics.framework */ = {isa = PBXFileReference; lastKnownFileType = wrapper.framework; name = CoreGraphics.framework; path = System/Library/Frameworks/CoreGraphics.framework; sourceTree = SDKROOT; };
		6D54724D167B3506003F58A5 /* AppliIUTSDdeLorraine-Info.plist */ = {isa = PBXFileReference; lastKnownFileType = text.plist.xml; path = "AppliIUTSDdeLorraine-Info.plist"; sourceTree = "<group>"; };
		6D54724F167B3506003F58A5 /* en */ = {isa = PBXFileReference; lastKnownFileType = text.plist.strings; name = en; path = en.lproj/InfoPlist.strings; sourceTree = "<group>"; };
		6D547251167B3506003F58A5 /* main.m */ = {isa = PBXFileReference; lastKnownFileType = sourcecode.c.objc; path = main.m; sourceTree = "<group>"; };
		6D547253167B3506003F58A5 /* AppliIUTSDdeLorraine-Prefix.pch */ = {isa = PBXFileReference; lastKnownFileType = sourcecode.c.h; path = "AppliIUTSDdeLorraine-Prefix.pch"; sourceTree = "<group>"; };
		6D547254167B3506003F58A5 /* AppDelegate.h */ = {isa = PBXFileReference; lastKnownFileType = sourcecode.c.h; path = AppDelegate.h; sourceTree = "<group>"; };
		6D547255167B3506003F58A5 /* AppDelegate.m */ = {isa = PBXFileReference; lastKnownFileType = sourcecode.c.objc; path = AppDelegate.m; sourceTree = "<group>"; };
		6D547257167B3506003F58A5 /* Default.png */ = {isa = PBXFileReference; lastKnownFileType = image.png; path = Default.png; sourceTree = "<group>"; };
		6D547259167B3506003F58A5 /* Default@2x.png */ = {isa = PBXFileReference; lastKnownFileType = image.png; path = "Default@2x.png"; sourceTree = "<group>"; };
		6D54725B167B3506003F58A5 /* Default-568h@2x.png */ = {isa = PBXFileReference; lastKnownFileType = image.png; path = "Default-568h@2x.png"; sourceTree = "<group>"; };
		6D54725E167B3506003F58A5 /* en */ = {isa = PBXFileReference; lastKnownFileType = file.storyboard; name = en; path = en.lproj/MainStoryboard_iPhone.storyboard; sourceTree = "<group>"; };
		6D547263167B3506003F58A5 /* ViewController.h */ = {isa = PBXFileReference; lastKnownFileType = sourcecode.c.h; path = ViewController.h; sourceTree = "<group>"; };
		6D547264167B3506003F58A5 /* ViewController.m */ = {isa = PBXFileReference; lastKnownFileType = sourcecode.c.objc; path = ViewController.m; sourceTree = "<group>"; };
		6D547283167B3631003F58A5 /* StartController.h */ = {isa = PBXFileReference; fileEncoding = 4; lastKnownFileType = sourcecode.c.h; path = StartController.h; sourceTree = "<group>"; };
		6D547284167B3631003F58A5 /* StartController.m */ = {isa = PBXFileReference; fileEncoding = 4; lastKnownFileType = sourcecode.c.objc; path = StartController.m; sourceTree = "<group>"; };
		6D54728C167B3CFE003F58A5 /* icone.png */ = {isa = PBXFileReference; lastKnownFileType = image.png; name = icone.png; path = ../icone.png; sourceTree = "<group>"; };
		6D54728E167B3D45003F58A5 /* retinalol.png */ = {isa = PBXFileReference; lastKnownFileType = image.png; name = retinalol.png; path = ../retinalol.png; sourceTree = "<group>"; };
		6D9D098416D3D24D003F4DD8 /* PreferencesViewController.h */ = {isa = PBXFileReference; fileEncoding = 4; lastKnownFileType = sourcecode.c.h; path = PreferencesViewController.h; sourceTree = "<group>"; };
		6D9D098516D3D24D003F4DD8 /* PreferencesViewController.m */ = {isa = PBXFileReference; fileEncoding = 4; lastKnownFileType = sourcecode.c.objc; path = PreferencesViewController.m; sourceTree = "<group>"; };
		755754A416D4FFF40057492C /* icon_app-iutsd_57.png */ = {isa = PBXFileReference; lastKnownFileType = image.png; name = "icon_app-iutsd_57.png"; path = "../icon_app-iutsd_57.png"; sourceTree = "<group>"; };
		755754A616D4FFFD0057492C /* icon_app-iutsd_114.png */ = {isa = PBXFileReference; lastKnownFileType = image.png; name = "icon_app-iutsd_114.png"; path = "../icon_app-iutsd_114.png"; sourceTree = "<group>"; };
		CD24320D16D2684100D8C039 /* MapController.h */ = {isa = PBXFileReference; fileEncoding = 4; lastKnownFileType = sourcecode.c.h; path = MapController.h; sourceTree = "<group>"; };
		CD24320E16D2684100D8C039 /* MapController.m */ = {isa = PBXFileReference; fileEncoding = 4; lastKnownFileType = sourcecode.c.objc; path = MapController.m; sourceTree = "<group>"; };
		CD46AAEB16E0D2D20049D815 /* bgBottom.png */ = {isa = PBXFileReference; lastKnownFileType = image.png; path = bgBottom.png; sourceTree = "<group>"; };
		CD46AAED16E3469B0049D815 /* informatique_2.png */ = {isa = PBXFileReference; lastKnownFileType = image.png; path = informatique_2.png; sourceTree = "<group>"; };
		CD46AAF116E387B60049D815 /* edt_info.png */ = {isa = PBXFileReference; lastKnownFileType = image.png; path = edt_info.png; sourceTree = "<group>"; };
		CD46AAF316E388120049D815 /* edt_src.png */ = {isa = PBXFileReference; lastKnownFileType = image.png; path = edt_src.png; sourceTree = "<group>"; };
		CD46AAF516E388860049D815 /* edt_geii.png */ = {isa = PBXFileReference; lastKnownFileType = image.png; path = edt_geii.png; sourceTree = "<group>"; };
		CD46AAF716E389C80049D815 /* edt_cmpm.png */ = {isa = PBXFileReference; lastKnownFileType = image.png; path = edt_cmpm.png; sourceTree = "<group>"; };
		CD46AAF916E38F330049D815 /* about.html */ = {isa = PBXFileReference; fileEncoding = 4; lastKnownFileType = text.html; path = about.html; sourceTree = "<group>"; };
		CD46AAFB16E38F850049D815 /* About_ViewController.h */ = {isa = PBXFileReference; lastKnownFileType = sourcecode.c.h; path = About_ViewController.h; sourceTree = "<group>"; };
		CD46AAFC16E38F850049D815 /* About_ViewController.m */ = {isa = PBXFileReference; lastKnownFileType = sourcecode.c.objc; path = About_ViewController.m; sourceTree = "<group>"; };
		CD46AAFE16E3A7390049D815 /* mgel_emevia.png */ = {isa = PBXFileReference; lastKnownFileType = image.png; path = mgel_emevia.png; sourceTree = "<group>"; };
		CD588D8216DABE4500363C78 /* ODRefreshControl.h */ = {isa = PBXFileReference; lastKnownFileType = sourcecode.c.h; path = ODRefreshControl.h; sourceTree = "<group>"; };
		CD588D8316DABE4500363C78 /* ODRefreshControl.m */ = {isa = PBXFileReference; lastKnownFileType = sourcecode.c.objc; path = ODRefreshControl.m; sourceTree = "<group>"; };
		CD588D8616DACF3400363C78 /* SlideFromBottomAnim.h */ = {isa = PBXFileReference; fileEncoding = 4; lastKnownFileType = sourcecode.c.h; path = SlideFromBottomAnim.h; sourceTree = "<group>"; };
		CD588D8716DACF3400363C78 /* SlideFromBottomAnim.m */ = {isa = PBXFileReference; fileEncoding = 4; lastKnownFileType = sourcecode.c.objc; path = SlideFromBottomAnim.m; sourceTree = "<group>"; };
		CD588D8916DACFB200363C78 /* SlidableView.h */ = {isa = PBXFileReference; fileEncoding = 4; lastKnownFileType = sourcecode.c.h; path = SlidableView.h; sourceTree = "<group>"; };
		CD71622D16BC663D0077FDFD /* absences.png */ = {isa = PBXFileReference; lastKnownFileType = image.png; path = absences.png; sourceTree = "<group>"; };
		CD71622F16BC66490077FDFD /* edt.png */ = {isa = PBXFileReference; lastKnownFileType = image.png; path = edt.png; sourceTree = "<group>"; };
		CD71623116BC665B0077FDFD /* nouveautes.png */ = {isa = PBXFileReference; lastKnownFileType = image.png; path = nouveautes.png; sourceTree = "<group>"; };
		CD71623316BC66680077FDFD /* prefs.png */ = {isa = PBXFileReference; lastKnownFileType = image.png; path = prefs.png; sourceTree = "<group>"; };
		CD7BE61C16D03BC4006D09D1 /* QuartzCore.framework */ = {isa = PBXFileReference; lastKnownFileType = wrapper.framework; name = QuartzCore.framework; path = System/Library/Frameworks/QuartzCore.framework; sourceTree = SDKROOT; };
		CD9D730816BD414300934CBC /* Utils.h */ = {isa = PBXFileReference; fileEncoding = 4; lastKnownFileType = sourcecode.c.h; path = Utils.h; sourceTree = "<group>"; };
		CD9D730916BD414300934CBC /* Utils.m */ = {isa = PBXFileReference; fileEncoding = 4; lastKnownFileType = sourcecode.c.objc; path = Utils.m; sourceTree = "<group>"; };
		CD9D730B16BD438500934CBC /* SystemConfiguration.framework */ = {isa = PBXFileReference; lastKnownFileType = wrapper.framework; name = SystemConfiguration.framework; path = System/Library/Frameworks/SystemConfiguration.framework; sourceTree = SDKROOT; };
		CDA5245A16D4431A004A7C42 /* IUTLocation.h */ = {isa = PBXFileReference; fileEncoding = 4; lastKnownFileType = sourcecode.c.h; path = IUTLocation.h; sourceTree = "<group>"; };
		CDA5245B16D4431A004A7C42 /* IUTLocation.m */ = {isa = PBXFileReference; fileEncoding = 4; lastKnownFileType = sourcecode.c.objc; path = IUTLocation.m; sourceTree = "<group>"; };
		CDA5245D16D44E4E004A7C42 /* logoIUT.jpeg */ = {isa = PBXFileReference; lastKnownFileType = image.jpeg; path = logoIUT.jpeg; sourceTree = "<group>"; };
		CDDFDE9D16CFB4AF005FD7A0 /* SelectEDTController.h */ = {isa = PBXFileReference; fileEncoding = 4; lastKnownFileType = sourcecode.c.h; path = SelectEDTController.h; sourceTree = "<group>"; };
		CDDFDE9E16CFB4AF005FD7A0 /* SelectEDTController.m */ = {isa = PBXFileReference; fileEncoding = 4; lastKnownFileType = sourcecode.c.objc; path = SelectEDTController.m; sourceTree = "<group>"; };
		CDDFDEA016CFC5F3005FD7A0 /* EtudiantController.h */ = {isa = PBXFileReference; fileEncoding = 4; lastKnownFileType = sourcecode.c.h; path = EtudiantController.h; sourceTree = "<group>"; };
		CDDFDEA116CFC5F3005FD7A0 /* EtudiantController.m */ = {isa = PBXFileReference; fileEncoding = 4; lastKnownFileType = sourcecode.c.objc; path = EtudiantController.m; sourceTree = "<group>"; };
		CDE472D516BB3C6A0071A51D /* Settings.bundle */ = {isa = PBXFileReference; lastKnownFileType = "wrapper.plug-in"; path = Settings.bundle; sourceTree = "<group>"; };
		CDF31D5216DBD5B1003E3328 /* AuthController.h */ = {isa = PBXFileReference; fileEncoding = 4; lastKnownFileType = sourcecode.c.h; path = AuthController.h; sourceTree = "<group>"; };
		CDF31D5316DBD5B1003E3328 /* AuthController.m */ = {isa = PBXFileReference; fileEncoding = 4; lastKnownFileType = sourcecode.c.objc; path = AuthController.m; sourceTree = "<group>"; };
		CDF31D5516DBEE61003E3328 /* OpenAnimation.h */ = {isa = PBXFileReference; fileEncoding = 4; lastKnownFileType = sourcecode.c.h; path = OpenAnimation.h; sourceTree = "<group>"; };
		CDF31D5616DBEE61003E3328 /* OpenAnimation.m */ = {isa = PBXFileReference; fileEncoding = 4; lastKnownFileType = sourcecode.c.objc; path = OpenAnimation.m; sourceTree = "<group>"; };
		CDF31D5B16DC2A42003E3328 /* edt_1a.png */ = {isa = PBXFileReference; lastKnownFileType = image.png; path = edt_1a.png; sourceTree = "<group>"; };
		CDF31D5C16DC2A42003E3328 /* edt_2a.png */ = {isa = PBXFileReference; lastKnownFileType = image.png; path = edt_2a.png; sourceTree = "<group>"; };
		CDF31D5D16DC2A42003E3328 /* edt_a2i.png */ = {isa = PBXFileReference; lastKnownFileType = image.png; path = edt_a2i.png; sourceTree = "<group>"; };
		CDF31D5E16DC2A42003E3328 /* edt_cdg.png */ = {isa = PBXFileReference; lastKnownFileType = image.png; path = edt_cdg.png; sourceTree = "<group>"; };
		CDF31D6016DC2A42003E3328 /* edt_i2m.png */ = {isa = PBXFileReference; lastKnownFileType = image.png; path = edt_i2m.png; sourceTree = "<group>"; };
		CDF31D6216DC2A42003E3328 /* edt_isn.png */ = {isa = PBXFileReference; lastKnownFileType = image.png; path = edt_isn.png; sourceTree = "<group>"; };
		CDF31D6316DC2A42003E3328 /* edt_licences.png */ = {isa = PBXFileReference; lastKnownFileType = image.png; path = edt_licences.png; sourceTree = "<group>"; };
		CDF31D6516DC2A42003E3328 /* edt_tecamtv.png */ = {isa = PBXFileReference; lastKnownFileType = image.png; path = edt_tecamtv.png; sourceTree = "<group>"; };
		CDF31D7116DC2E43003E3328 /* info_photo2.png */ = {isa = PBXFileReference; lastKnownFileType = image.png; path = info_photo2.png; sourceTree = "<group>"; };
		CDFAE36016F74783002A40ED /* topHR.png */ = {isa = PBXFileReference; lastKnownFileType = image.png; path = topHR.png; sourceTree = "<group>"; };
		CDFAE36416F74FD0002A40ED /* ic_absences.png */ = {isa = PBXFileReference; lastKnownFileType = image.png; path = ic_absences.png; sourceTree = "<group>"; };
		CDFAE36516F74FD0002A40ED /* ic_edt.png */ = {isa = PBXFileReference; lastKnownFileType = image.png; path = ic_edt.png; sourceTree = "<group>"; };
		CDFAE36616F74FD0002A40ED /* ic_geii.png */ = {isa = PBXFileReference; lastKnownFileType = image.png; path = ic_geii.png; sourceTree = "<group>"; };
		CDFAE36716F74FD1002A40ED /* ic_identification.png */ = {isa = PBXFileReference; lastKnownFileType = image.png; path = ic_identification.png; sourceTree = "<group>"; };
		CDFAE36816F74FD1002A40ED /* ic_info.png */ = {isa = PBXFileReference; lastKnownFileType = image.png; path = ic_info.png; sourceTree = "<group>"; };
		CDFAE36916F74FD1002A40ED /* ic_iut.png */ = {isa = PBXFileReference; lastKnownFileType = image.png; path = ic_iut.png; sourceTree = "<group>"; };
		CDFAE36A16F74FD1002A40ED /* ic_news.png */ = {isa = PBXFileReference; lastKnownFileType = image.png; path = ic_news.png; sourceTree = "<group>"; };
		CDFAE36B16F74FD1002A40ED /* ic_plans.png */ = {isa = PBXFileReference; lastKnownFileType = image.png; path = ic_plans.png; sourceTree = "<group>"; };
		CDFAE36C16F74FD2002A40ED /* ic_prefs.png */ = {isa = PBXFileReference; lastKnownFileType = image.png; path = ic_prefs.png; sourceTree = "<group>"; };
		CDFAE36D16F74FD2002A40ED /* ic_src.png */ = {isa = PBXFileReference; lastKnownFileType = image.png; path = ic_src.png; sourceTree = "<group>"; };
		CDFBB3D316DA5239005A68CD /* geii.html */ = {isa = PBXFileReference; fileEncoding = 4; lastKnownFileType = text.html; path = geii.html; sourceTree = "<group>"; };
		CDFBB3D416DA5239005A68CD /* IUT_ViewController.h */ = {isa = PBXFileReference; fileEncoding = 4; lastKnownFileType = sourcecode.c.h; path = IUT_ViewController.h; sourceTree = "<group>"; };
		CDFBB3D516DA5239005A68CD /* IUT_ViewController.m */ = {isa = PBXFileReference; fileEncoding = 4; lastKnownFileType = sourcecode.c.objc; path = IUT_ViewController.m; sourceTree = "<group>"; };
		CDFBB3D616DA5239005A68CD /* info.html */ = {isa = PBXFileReference; fileEncoding = 4; lastKnownFileType = text.html; path = info.html; sourceTree = "<group>"; };
		CDFBB3D716DA5239005A68CD /* src.html */ = {isa = PBXFileReference; fileEncoding = 4; lastKnownFileType = text.html; path = src.html; sourceTree = "<group>"; };
		CDFBB3D816DA5239005A68CD /* iut.html */ = {isa = PBXFileReference; fileEncoding = 4; lastKnownFileType = text.html; path = iut.html; sourceTree = "<group>"; };
		CDFBB3D916DA5239005A68CD /* geii2.png */ = {isa = PBXFileReference; lastKnownFileType = image.png; path = geii2.png; sourceTree = "<group>"; };
		CDFBB3DA16DA5239005A68CD /* geii1.png */ = {isa = PBXFileReference; lastKnownFileType = image.png; path = geii1.png; sourceTree = "<group>"; };
		CDFBB3DB16DA5239005A68CD /* style.css */ = {isa = PBXFileReference; fileEncoding = 4; lastKnownFileType = text.css; path = style.css; sourceTree = "<group>"; };
		CDFBB3DC16DA5239005A68CD /* GEII_ViewController.h */ = {isa = PBXFileReference; fileEncoding = 4; lastKnownFileType = sourcecode.c.h; path = GEII_ViewController.h; sourceTree = "<group>"; };
		CDFBB3DD16DA5239005A68CD /* GEII_ViewController.m */ = {isa = PBXFileReference; fileEncoding = 4; lastKnownFileType = sourcecode.c.objc; path = GEII_ViewController.m; sourceTree = "<group>"; };
		CDFBB3DE16DA5239005A68CD /* INFO_ViewController.m */ = {isa = PBXFileReference; fileEncoding = 4; lastKnownFileType = sourcecode.c.objc; path = INFO_ViewController.m; sourceTree = "<group>"; };
		CDFBB3DF16DA5239005A68CD /* INFO_ViewController.h */ = {isa = PBXFileReference; fileEncoding = 4; lastKnownFileType = sourcecode.c.h; path = INFO_ViewController.h; sourceTree = "<group>"; };
		CDFBB3E016DA5239005A68CD /* SRC_ViewController.m */ = {isa = PBXFileReference; fileEncoding = 4; lastKnownFileType = sourcecode.c.objc; path = SRC_ViewController.m; sourceTree = "<group>"; };
		CDFBB3E116DA5239005A68CD /* SRC_ViewController.h */ = {isa = PBXFileReference; fileEncoding = 4; lastKnownFileType = sourcecode.c.h; path = SRC_ViewController.h; sourceTree = "<group>"; };
		CDFBB3ED16DA524B005A68CD /* sponsors_3_1.png */ = {isa = PBXFileReference; lastKnownFileType = image.png; path = sponsors_3_1.png; sourceTree = "<group>"; };
		CDFBB3EF16DA525F005A68CD /* logoIut.png */ = {isa = PBXFileReference; lastKnownFileType = image.png; path = logoIut.png; sourceTree = "<group>"; };
		CDFBB3F116DA5268005A68CD /* Universite_de_Lorraine_-_logo.png */ = {isa = PBXFileReference; lastKnownFileType = image.png; path = "Universite_de_Lorraine_-_logo.png"; sourceTree = "<group>"; };
		CDFBB3F316DA527A005A68CD /* lancement_2.png */ = {isa = PBXFileReference; lastKnownFileType = image.png; path = lancement_2.png; sourceTree = "<group>"; };
		CDFBB3F516DA528A005A68CD /* retour_2.png */ = {isa = PBXFileReference; lastKnownFileType = image.png; path = retour_2.png; sourceTree = "<group>"; };
		CDFBB3F716DA52A6005A68CD /* geii_1.png */ = {isa = PBXFileReference; lastKnownFileType = image.png; path = geii_1.png; sourceTree = "<group>"; };
		CDFBB3F816DA52A6005A68CD /* src_1.png */ = {isa = PBXFileReference; lastKnownFileType = image.png; path = src_1.png; sourceTree = "<group>"; };
		CDFBB3F916DA52A6005A68CD /* info_1.png */ = {isa = PBXFileReference; lastKnownFileType = image.png; path = info_1.png; sourceTree = "<group>"; };
/* End PBXFileReference section */

/* Begin PBXFrameworksBuildPhase section */
		6D54723E167B3506003F58A5 /* Frameworks */ = {
			isa = PBXFrameworksBuildPhase;
			buildActionMask = 2147483647;
			files = (
				CD588D8516DAC07600363C78 /* QuartzCore.framework in Frameworks */,
				CD9D730C16BD438500934CBC /* SystemConfiguration.framework in Frameworks */,
				6D547246167B3506003F58A5 /* UIKit.framework in Frameworks */,
				6D547248167B3506003F58A5 /* Foundation.framework in Frameworks */,
				6D54724A167B3506003F58A5 /* CoreGraphics.framework in Frameworks */,
				22D6B77916BC327500134732 /* MapKit.framework in Frameworks */,
			);
			runOnlyForDeploymentPostprocessing = 0;
		};
/* End PBXFrameworksBuildPhase section */

/* Begin PBXGroup section */
		22089E9D169D9F0900298246 /* source */ = {
			isa = PBXGroup;
			children = (
				CD46AAFE16E3A7390049D815 /* mgel_emevia.png */,
				CDF31D5A16DC2A42003E3328 /* edt */,
				755754A616D4FFFD0057492C /* icon_app-iutsd_114.png */,
				755754A416D4FFF40057492C /* icon_app-iutsd_57.png */,
				75A1B9FA16D55B1E00CD28E5 /* IUT */,
				CDFBB3ED16DA524B005A68CD /* sponsors_3_1.png */,
				22407D58169E1E3500AB16CE /* sponsor.png */,
				CDA5245D16D44E4E004A7C42 /* logoIUT.jpeg */,
				22089E9F169D9F2700298246 /* appli.png */,
				CD46AAEB16E0D2D20049D815 /* bgBottom.png */,
				CDFBB3F316DA527A005A68CD /* lancement_2.png */,
				22089EA0169D9F2700298246 /* bg_black.png */,
				22089EA1169D9F2700298246 /* bg.png */,
				22089EB5169DA6CC00298246 /* photo_iut.png */,
				22407D4F169E109B00AB16CE /* geii_photo.png */,
				22407D4A169DF0D700AB16CE /* info_photo.png */,
				CD46AAED16E3469B0049D815 /* informatique_2.png */,
				CDF31D7116DC2E43003E3328 /* info_photo2.png */,
				22089EB9169DB6D300298246 /* src_photo.png */,
				22089EA2169D9F2700298246 /* fb.png */,
				CDFBB3F516DA528A005A68CD /* retour_2.png */,
				22407D57169E1E3500AB16CE /* intro.png */,
				22089EB7169DB30400298246 /* iut_photo.png */,
				CDFAE36016F74783002A40ED /* topHR.png */,
				75A1B9ED16D5573200CD28E5 /* icons */,
			);
			name = source;
			sourceTree = "<group>";
		};
		22516D2516CD819000896F5A /* EDT */ = {
			isa = PBXGroup;
			children = (
				22A2F1DF16C1608C00220945 /* EdtViewController.h */,
				22A2F1E016C1608C00220945 /* EdtViewController.m */,
				CDDFDE9D16CFB4AF005FD7A0 /* SelectEDTController.h */,
				CDDFDE9E16CFB4AF005FD7A0 /* SelectEDTController.m */,
			);
			name = EDT;
			sourceTree = "<group>";
		};
		6D547236167B3506003F58A5 = {
			isa = PBXGroup;
			children = (
				CDE472D516BB3C6A0071A51D /* Settings.bundle */,
				6D54724B167B3506003F58A5 /* AppliIUTSDdeLorraine */,
				6D547244167B3506003F58A5 /* Frameworks */,
				6D547242167B3506003F58A5 /* Products */,
			);
			sourceTree = "<group>";
		};
		6D547242167B3506003F58A5 /* Products */ = {
			isa = PBXGroup;
			children = (
				6D547241167B3506003F58A5 /* AppliIUTSDdeLorraine.app */,
			);
			name = Products;
			sourceTree = "<group>";
		};
		6D547244167B3506003F58A5 /* Frameworks */ = {
			isa = PBXGroup;
			children = (
				CD9D730B16BD438500934CBC /* SystemConfiguration.framework */,
				CD7BE61C16D03BC4006D09D1 /* QuartzCore.framework */,
				22D6B77816BC327500134732 /* MapKit.framework */,
				6D547245167B3506003F58A5 /* UIKit.framework */,
				6D547247167B3506003F58A5 /* Foundation.framework */,
				6D547249167B3506003F58A5 /* CoreGraphics.framework */,
			);
			name = Frameworks;
			sourceTree = "<group>";
		};
		6D54724B167B3506003F58A5 /* AppliIUTSDdeLorraine */ = {
			isa = PBXGroup;
			children = (
				CD588D8116DABE3300363C78 /* ExternLibs */,
				CD588D8016DA8F7C00363C78 /* Controller */,
				757CBD7C16D502EE006EFEE6 /* Presentations */,
				CD24320916D2626100D8C039 /* Animations */,
				CD9D730716BD412300934CBC /* Utils */,
				CDA5245916D4427B004A7C42 /* Map */,
				22516D2516CD819000896F5A /* EDT */,
				6D547254167B3506003F58A5 /* AppDelegate.h */,
				6D547255167B3506003F58A5 /* AppDelegate.m */,
				6D54725D167B3506003F58A5 /* MainStoryboard_iPhone.storyboard */,
				22407D51169E168000AB16CE /* WebView.h */,
				22407D52169E168000AB16CE /* WebView.m */,
				22407D54169E16A900AB16CE /* WebViewController.h */,
				22407D55169E16A900AB16CE /* WebViewController.m */,
				22089E9D169D9F0900298246 /* source */,
				6D54724C167B3506003F58A5 /* Supporting Files */,
				6D2A637F167B617B00BAC6A8 /* News.h */,
				6D2A6380167B617B00BAC6A8 /* News.m */,
			);
			path = AppliIUTSDdeLorraine;
			sourceTree = "<group>";
		};
		6D54724C167B3506003F58A5 /* Supporting Files */ = {
			isa = PBXGroup;
			children = (
				6D54728C167B3CFE003F58A5 /* icone.png */,
				6D54728E167B3D45003F58A5 /* retinalol.png */,
				6D54724D167B3506003F58A5 /* AppliIUTSDdeLorraine-Info.plist */,
				6D54724E167B3506003F58A5 /* InfoPlist.strings */,
				6D547251167B3506003F58A5 /* main.m */,
				6D547253167B3506003F58A5 /* AppliIUTSDdeLorraine-Prefix.pch */,
				6D547257167B3506003F58A5 /* Default.png */,
				6D547259167B3506003F58A5 /* Default@2x.png */,
				6D54725B167B3506003F58A5 /* Default-568h@2x.png */,
			);
			name = "Supporting Files";
			sourceTree = "<group>";
		};
		757CBD7C16D502EE006EFEE6 /* Presentations */ = {
			isa = PBXGroup;
			children = (
				CD46AAFB16E38F850049D815 /* About_ViewController.h */,
				CD46AAFC16E38F850049D815 /* About_ViewController.m */,
				CD46AAF916E38F330049D815 /* about.html */,
				CDFBB3D316DA5239005A68CD /* geii.html */,
				CDFBB3D416DA5239005A68CD /* IUT_ViewController.h */,
				CDFBB3D516DA5239005A68CD /* IUT_ViewController.m */,
				CDFBB3D616DA5239005A68CD /* info.html */,
				CDFBB3D716DA5239005A68CD /* src.html */,
				CDFBB3D816DA5239005A68CD /* iut.html */,
				CDFBB3D916DA5239005A68CD /* geii2.png */,
				CDFBB3DA16DA5239005A68CD /* geii1.png */,
				CDFBB3DB16DA5239005A68CD /* style.css */,
				CDFBB3DC16DA5239005A68CD /* GEII_ViewController.h */,
				CDFBB3DD16DA5239005A68CD /* GEII_ViewController.m */,
				CDFBB3DF16DA5239005A68CD /* INFO_ViewController.h */,
				CDFBB3DE16DA5239005A68CD /* INFO_ViewController.m */,
				CDFBB3E116DA5239005A68CD /* SRC_ViewController.h */,
				CDFBB3E016DA5239005A68CD /* SRC_ViewController.m */,
			);
			name = Presentations;
			sourceTree = "<group>";
		};
		75A1B9ED16D5573200CD28E5 /* icons */ = {
			isa = PBXGroup;
			children = (
				CDFAE36416F74FD0002A40ED /* ic_absences.png */,
				CDFAE36516F74FD0002A40ED /* ic_edt.png */,
				CDFAE36616F74FD0002A40ED /* ic_geii.png */,
				CDFAE36716F74FD1002A40ED /* ic_identification.png */,
				CDFAE36816F74FD1002A40ED /* ic_info.png */,
				CDFAE36916F74FD1002A40ED /* ic_iut.png */,
				CDFAE36A16F74FD1002A40ED /* ic_news.png */,
				CDFAE36B16F74FD1002A40ED /* ic_plans.png */,
				CDFAE36C16F74FD2002A40ED /* ic_prefs.png */,
				CDFAE36D16F74FD2002A40ED /* ic_src.png */,
				CD71622D16BC663D0077FDFD /* absences.png */,
				CDFBB3F716DA52A6005A68CD /* geii_1.png */,
				CDFBB3F816DA52A6005A68CD /* src_1.png */,
				CDFBB3F916DA52A6005A68CD /* info_1.png */,
				CD71622F16BC66490077FDFD /* edt.png */,
				CD71623316BC66680077FDFD /* prefs.png */,
				22089EA3169D9F2700298246 /* geii.png */,
				22089EA4169D9F2700298246 /* id.png */,
				22089EA5169D9F2700298246 /* info.png */,
				22089EA6169D9F2700298246 /* iut.png */,
				22089EA7169D9F2700298246 /* src.png */,
				22089EA9169D9F2700298246 /* visite.png */,
				CD71623116BC665B0077FDFD /* nouveautes.png */,
			);
			name = icons;
			sourceTree = "<group>";
		};
		75A1B9FA16D55B1E00CD28E5 /* IUT */ = {
			isa = PBXGroup;
			children = (
				CDFBB3EF16DA525F005A68CD /* logoIut.png */,
				CDFBB3F116DA5268005A68CD /* Universite_de_Lorraine_-_logo.png */,
			);
			name = IUT;
			sourceTree = "<group>";
		};
		CD24320916D2626100D8C039 /* Animations */ = {
			isa = PBXGroup;
			children = (
				CD588D8916DACFB200363C78 /* SlidableView.h */,
				CD588D8616DACF3400363C78 /* SlideFromBottomAnim.h */,
				CD588D8716DACF3400363C78 /* SlideFromBottomAnim.m */,
				CDF31D5516DBEE61003E3328 /* OpenAnimation.h */,
				CDF31D5616DBEE61003E3328 /* OpenAnimation.m */,
			);
			name = Animations;
			sourceTree = "<group>";
		};
		CD588D8016DA8F7C00363C78 /* Controller */ = {
			isa = PBXGroup;
			children = (
				6D547283167B3631003F58A5 /* StartController.h */,
				6D547284167B3631003F58A5 /* StartController.m */,
				6D547263167B3506003F58A5 /* ViewController.h */,
				6D547264167B3506003F58A5 /* ViewController.m */,
				CDF31D5216DBD5B1003E3328 /* AuthController.h */,
				CDF31D5316DBD5B1003E3328 /* AuthController.m */,
				6D2A6382167B650700BAC6A8 /* RootViewController.h */,
				6D2A6383167B650700BAC6A8 /* RootViewController.m */,
				6D9D098416D3D24D003F4DD8 /* PreferencesViewController.h */,
				6D9D098516D3D24D003F4DD8 /* PreferencesViewController.m */,
				CDDFDEA016CFC5F3005FD7A0 /* EtudiantController.h */,
				CDDFDEA116CFC5F3005FD7A0 /* EtudiantController.m */,
				6D04C43216A8460B000A228F /* DetailViewController.h */,
				6D04C43316A8460B000A228F /* DetailViewController.m */,
			);
			name = Controller;
			sourceTree = "<group>";
		};
		CD588D8116DABE3300363C78 /* ExternLibs */ = {
			isa = PBXGroup;
			children = (
				CD588D8216DABE4500363C78 /* ODRefreshControl.h */,
				CD588D8316DABE4500363C78 /* ODRefreshControl.m */,
			);
			name = ExternLibs;
			sourceTree = "<group>";
		};
		CD9D730716BD412300934CBC /* Utils */ = {
			isa = PBXGroup;
			children = (
				CD9D730816BD414300934CBC /* Utils.h */,
				CD9D730916BD414300934CBC /* Utils.m */,
			);
			name = Utils;
			sourceTree = "<group>";
		};
		CDA5245916D4427B004A7C42 /* Map */ = {
			isa = PBXGroup;
			children = (
				CD24320D16D2684100D8C039 /* MapController.h */,
				CD24320E16D2684100D8C039 /* MapController.m */,
				CDA5245A16D4431A004A7C42 /* IUTLocation.h */,
				CDA5245B16D4431A004A7C42 /* IUTLocation.m */,
			);
			name = Map;
			sourceTree = "<group>";
		};
		CDF31D5A16DC2A42003E3328 /* edt */ = {
			isa = PBXGroup;
			children = (
				CDF31D5B16DC2A42003E3328 /* edt_1a.png */,
				CDF31D5C16DC2A42003E3328 /* edt_2a.png */,
				CDF31D5D16DC2A42003E3328 /* edt_a2i.png */,
				CDF31D5E16DC2A42003E3328 /* edt_cdg.png */,
				CD46AAF716E389C80049D815 /* edt_cmpm.png */,
				CD46AAF316E388120049D815 /* edt_src.png */,
				CD46AAF116E387B60049D815 /* edt_info.png */,
				CD46AAF516E388860049D815 /* edt_geii.png */,
				CDF31D6016DC2A42003E3328 /* edt_i2m.png */,
				CDF31D6216DC2A42003E3328 /* edt_isn.png */,
				CDF31D6316DC2A42003E3328 /* edt_licences.png */,
				CDF31D6516DC2A42003E3328 /* edt_tecamtv.png */,
			);
			path = edt;
			sourceTree = "<group>";
		};
/* End PBXGroup section */

/* Begin PBXNativeTarget section */
		6D547240167B3506003F58A5 /* AppliIUTSDdeLorraine */ = {
			isa = PBXNativeTarget;
			buildConfigurationList = 6D54727D167B3506003F58A5 /* Build configuration list for PBXNativeTarget "AppliIUTSDdeLorraine" */;
			buildPhases = (
				6D54723D167B3506003F58A5 /* Sources */,
				6D54723E167B3506003F58A5 /* Frameworks */,
				6D54723F167B3506003F58A5 /* Resources */,
			);
			buildRules = (
			);
			dependencies = (
			);
			name = AppliIUTSDdeLorraine;
			productName = AppliIUTSDdeLorraine;
			productReference = 6D547241167B3506003F58A5 /* AppliIUTSDdeLorraine.app */;
			productType = "com.apple.product-type.application";
		};
/* End PBXNativeTarget section */

/* Begin PBXProject section */
		6D547238167B3506003F58A5 /* Project object */ = {
			isa = PBXProject;
			attributes = {
				LastUpgradeCheck = 0450;
				ORGANIZATIONNAME = "Damien Bannerot";
			};
			buildConfigurationList = 6D54723B167B3506003F58A5 /* Build configuration list for PBXProject "AppliIUTSDdeLorraine" */;
			compatibilityVersion = "Xcode 3.2";
			developmentRegion = English;
			hasScannedForEncodings = 0;
			knownRegions = (
				en,
			);
			mainGroup = 6D547236167B3506003F58A5;
			productRefGroup = 6D547242167B3506003F58A5 /* Products */;
			projectDirPath = "";
			projectRoot = "";
			targets = (
				6D547240167B3506003F58A5 /* AppliIUTSDdeLorraine */,
			);
		};
/* End PBXProject section */

/* Begin PBXResourcesBuildPhase section */
		6D54723F167B3506003F58A5 /* Resources */ = {
			isa = PBXResourcesBuildPhase;
			buildActionMask = 2147483647;
			files = (
				CDFBB40516DA596E005A68CD /* geii2.png in Resources */,
				CDFBB40616DA596E005A68CD /* geii1.png in Resources */,
				CDFBB40716DA596E005A68CD /* style.css in Resources */,
				CDFBB40116DA5945005A68CD /* geii.html in Resources */,
				CDFBB40216DA5945005A68CD /* info.html in Resources */,
				CDFBB40316DA5945005A68CD /* src.html in Resources */,
				CDFBB40416DA5945005A68CD /* iut.html in Resources */,
				6D547250167B3506003F58A5 /* InfoPlist.strings in Resources */,
				6D547258167B3506003F58A5 /* Default.png in Resources */,
				6D54725A167B3506003F58A5 /* Default@2x.png in Resources */,
				6D54725C167B3506003F58A5 /* Default-568h@2x.png in Resources */,
				6D54725F167B3506003F58A5 /* MainStoryboard_iPhone.storyboard in Resources */,
				6D54728D167B3CFE003F58A5 /* icone.png in Resources */,
				6D54728F167B3D45003F58A5 /* retinalol.png in Resources */,
				22089EAA169D9F2700298246 /* appli.png in Resources */,
				22089EAB169D9F2700298246 /* bg_black.png in Resources */,
				22089EAC169D9F2700298246 /* bg.png in Resources */,
				22089EAD169D9F2700298246 /* fb.png in Resources */,
				22089EAE169D9F2700298246 /* geii.png in Resources */,
				22089EAF169D9F2700298246 /* id.png in Resources */,
				22089EB0169D9F2700298246 /* info.png in Resources */,
				22089EB1169D9F2700298246 /* iut.png in Resources */,
				22089EB2169D9F2700298246 /* src.png in Resources */,
				22089EB4169D9F2700298246 /* visite.png in Resources */,
				22089EB6169DA6CD00298246 /* photo_iut.png in Resources */,
				22089EB8169DB30400298246 /* iut_photo.png in Resources */,
				22089EBA169DB6D300298246 /* src_photo.png in Resources */,
				22407D4B169DF0D700AB16CE /* info_photo.png in Resources */,
				22407D50169E109B00AB16CE /* geii_photo.png in Resources */,
				22407D59169E1E3500AB16CE /* intro.png in Resources */,
				22407D5A169E1E3500AB16CE /* sponsor.png in Resources */,
				CD71622E16BC663D0077FDFD /* absences.png in Resources */,
				CD71623016BC66490077FDFD /* edt.png in Resources */,
				CD71623216BC665B0077FDFD /* nouveautes.png in Resources */,
				CD71623416BC66680077FDFD /* prefs.png in Resources */,
				CDA5245E16D44E4E004A7C42 /* logoIUT.jpeg in Resources */,
				755754A516D4FFF40057492C /* icon_app-iutsd_57.png in Resources */,
				755754A716D4FFFD0057492C /* icon_app-iutsd_114.png in Resources */,
				CDFBB3EE16DA524B005A68CD /* sponsors_3_1.png in Resources */,
				CDFBB3F016DA525F005A68CD /* logoIut.png in Resources */,
				CDFBB3F216DA5268005A68CD /* Universite_de_Lorraine_-_logo.png in Resources */,
				CDFBB3F416DA527A005A68CD /* lancement_2.png in Resources */,
				CDFBB3F616DA528A005A68CD /* retour_2.png in Resources */,
				CDFBB3FA16DA52A6005A68CD /* geii_1.png in Resources */,
				CDFBB3FB16DA52A6005A68CD /* src_1.png in Resources */,
				CDFBB3FC16DA52A6005A68CD /* info_1.png in Resources */,
				CDF31D6616DC2A42003E3328 /* edt_1a.png in Resources */,
				CDF31D6716DC2A42003E3328 /* edt_2a.png in Resources */,
				CDF31D6816DC2A42003E3328 /* edt_a2i.png in Resources */,
				CDF31D6916DC2A42003E3328 /* edt_cdg.png in Resources */,
				CDF31D6B16DC2A42003E3328 /* edt_i2m.png in Resources */,
				CDF31D6D16DC2A42003E3328 /* edt_isn.png in Resources */,
				CDF31D6E16DC2A42003E3328 /* edt_licences.png in Resources */,
				CDF31D7016DC2A42003E3328 /* edt_tecamtv.png in Resources */,
				CDF31D7216DC2E43003E3328 /* info_photo2.png in Resources */,
				CD46AAEC16E0D2D20049D815 /* bgBottom.png in Resources */,
				CD46AAEE16E3469B0049D815 /* informatique_2.png in Resources */,
				CD46AAF216E387B60049D815 /* edt_info.png in Resources */,
				CD46AAF416E388120049D815 /* edt_src.png in Resources */,
				CD46AAF616E388860049D815 /* edt_geii.png in Resources */,
				CD46AAF816E389C80049D815 /* edt_cmpm.png in Resources */,
				CD46AAFA16E38F330049D815 /* about.html in Resources */,
				CD46AAFF16E3A7390049D815 /* mgel_emevia.png in Resources */,
				CD56DBEB16EE89AA00CD3837 /* Settings.bundle in Resources */,
				CDFAE36116F74783002A40ED /* topHR.png in Resources */,
				CDFAE36E16F74FD3002A40ED /* ic_absences.png in Resources */,
				CDFAE36F16F74FD3002A40ED /* ic_edt.png in Resources */,
				CDFAE37016F74FD3002A40ED /* ic_geii.png in Resources */,
				CDFAE37116F74FD3002A40ED /* ic_identification.png in Resources */,
				CDFAE37216F74FD3002A40ED /* ic_info.png in Resources */,
				CDFAE37316F74FD3002A40ED /* ic_iut.png in Resources */,
				CDFAE37416F74FD3002A40ED /* ic_news.png in Resources */,
				CDFAE37516F74FD3002A40ED /* ic_plans.png in Resources */,
				CDFAE37616F74FD3002A40ED /* ic_prefs.png in Resources */,
				CDFAE37716F74FD3002A40ED /* ic_src.png in Resources */,
			);
			runOnlyForDeploymentPostprocessing = 0;
		};
/* End PBXResourcesBuildPhase section */

/* Begin PBXSourcesBuildPhase section */
		6D54723D167B3506003F58A5 /* Sources */ = {
			isa = PBXSourcesBuildPhase;
			buildActionMask = 2147483647;
			files = (
				CD46AAFD16E395630049D815 /* About_ViewController.m in Sources */,
				CD588D8416DAC05100363C78 /* ODRefreshControl.m in Sources */,
				CDFBB3FD16DA58A8005A68CD /* IUT_ViewController.m in Sources */,
				CDFBB3FE16DA58A8005A68CD /* GEII_ViewController.m in Sources */,
				CDFBB3FF16DA58A8005A68CD /* INFO_ViewController.m in Sources */,
				CDFBB40016DA58A8005A68CD /* SRC_ViewController.m in Sources */,
				CD21423C16CF81CF0048D002 /* Utils.m in Sources */,
				6D547252167B3506003F58A5 /* main.m in Sources */,
				6D547256167B3506003F58A5 /* AppDelegate.m in Sources */,
				6D547265167B3506003F58A5 /* ViewController.m in Sources */,
				6D547285167B3631003F58A5 /* StartController.m in Sources */,
				6D2A6381167B617B00BAC6A8 /* News.m in Sources */,
				6D2A6384167B650700BAC6A8 /* RootViewController.m in Sources */,
				22407D53169E168000AB16CE /* WebView.m in Sources */,
				22407D56169E16A900AB16CE /* WebViewController.m in Sources */,
				6D04C43416A8460B000A228F /* DetailViewController.m in Sources */,
				22A2F1E116C1608D00220945 /* EdtViewController.m in Sources */,
				CDDFDE9F16CFB4AF005FD7A0 /* SelectEDTController.m in Sources */,
				CDDFDEA216CFC5F3005FD7A0 /* EtudiantController.m in Sources */,
				CD24320F16D2684200D8C039 /* MapController.m in Sources */,
				6D9D098616D3D24D003F4DD8 /* PreferencesViewController.m in Sources */,
				CDA5245C16D4431A004A7C42 /* IUTLocation.m in Sources */,
				CD588D8816DACF3400363C78 /* SlideFromBottomAnim.m in Sources */,
				CDF31D5416DBD5B1003E3328 /* AuthController.m in Sources */,
				CDF31D5716DBEE61003E3328 /* OpenAnimation.m in Sources */,
			);
			runOnlyForDeploymentPostprocessing = 0;
		};
/* End PBXSourcesBuildPhase section */

/* Begin PBXVariantGroup section */
		6D54724E167B3506003F58A5 /* InfoPlist.strings */ = {
			isa = PBXVariantGroup;
			children = (
				6D54724F167B3506003F58A5 /* en */,
			);
			name = InfoPlist.strings;
			sourceTree = "<group>";
		};
		6D54725D167B3506003F58A5 /* MainStoryboard_iPhone.storyboard */ = {
			isa = PBXVariantGroup;
			children = (
				6D54725E167B3506003F58A5 /* en */,
			);
			name = MainStoryboard_iPhone.storyboard;
			sourceTree = "<group>";
		};
/* End PBXVariantGroup section */

/* Begin XCBuildConfiguration section */
		6D54727B167B3506003F58A5 /* Debug */ = {
			isa = XCBuildConfiguration;
			buildSettings = {
				ALWAYS_SEARCH_USER_PATHS = NO;
				CLANG_CXX_LANGUAGE_STANDARD = "gnu++0x";
				CLANG_CXX_LIBRARY = "libc++";
				CLANG_ENABLE_OBJC_ARC = NO;
				CLANG_WARN_EMPTY_BODY = YES;
				CLANG_WARN__DUPLICATE_METHOD_MATCH = YES;
				CODE_SIGN_IDENTITY = "iPhone Distribution: Bertrand Kerautret";
				"CODE_SIGN_IDENTITY[sdk=iphoneos*]" = "iPhone Distribution: Bertrand Kerautret";
				COPY_PHASE_STRIP = NO;
				GCC_C_LANGUAGE_STANDARD = gnu99;
				GCC_DYNAMIC_NO_PIC = NO;
				GCC_OPTIMIZATION_LEVEL = 0;
				GCC_PREPROCESSOR_DEFINITIONS = (
					"DEBUG=1",
					"$(inherited)",
				);
				GCC_SYMBOLS_PRIVATE_EXTERN = NO;
				GCC_WARN_ABOUT_RETURN_TYPE = YES;
				GCC_WARN_UNINITIALIZED_AUTOS = YES;
				GCC_WARN_UNUSED_VARIABLE = YES;
				IPHONEOS_DEPLOYMENT_TARGET = 5.1;
				ONLY_ACTIVE_ARCH = YES;
				PROVISIONING_PROFILE = "19102568-4362-4C98-BEE4-F3F1A605B233";
				"PROVISIONING_PROFILE[sdk=iphoneos*]" = "19102568-4362-4C98-BEE4-F3F1A605B233";
				SDKROOT = iphoneos;
				TARGETED_DEVICE_FAMILY = "1,2";
			};
			name = Debug;
		};
		6D54727C167B3506003F58A5 /* Release */ = {
			isa = XCBuildConfiguration;
			buildSettings = {
				ALWAYS_SEARCH_USER_PATHS = NO;
				CLANG_CXX_LANGUAGE_STANDARD = "gnu++0x";
				CLANG_CXX_LIBRARY = "libc++";
				CLANG_ENABLE_OBJC_ARC = NO;
				CLANG_WARN_EMPTY_BODY = YES;
				CLANG_WARN__DUPLICATE_METHOD_MATCH = YES;
				CODE_SIGN_IDENTITY = "iPhone Distribution: Bertrand Kerautret";
				"CODE_SIGN_IDENTITY[sdk=iphoneos*]" = "iPhone Distribution: Bertrand Kerautret";
				COPY_PHASE_STRIP = YES;
				GCC_C_LANGUAGE_STANDARD = gnu99;
				GCC_WARN_ABOUT_RETURN_TYPE = YES;
				GCC_WARN_UNINITIALIZED_AUTOS = YES;
				GCC_WARN_UNUSED_VARIABLE = YES;
				IPHONEOS_DEPLOYMENT_TARGET = 5.1;
				ONLY_ACTIVE_ARCH = YES;
				OTHER_CFLAGS = "-DNS_BLOCK_ASSERTIONS=1";
				PROVISIONING_PROFILE = "19102568-4362-4C98-BEE4-F3F1A605B233";
				"PROVISIONING_PROFILE[sdk=iphoneos*]" = "19102568-4362-4C98-BEE4-F3F1A605B233";
				SDKROOT = iphoneos;
				TARGETED_DEVICE_FAMILY = "1,2";
				VALIDATE_PRODUCT = YES;
			};
			name = Release;
		};
		6D54727E167B3506003F58A5 /* Debug */ = {
			isa = XCBuildConfiguration;
			buildSettings = {
				CLANG_ENABLE_OBJC_ARC = NO;
				CODE_SIGN_IDENTITY = "iPhone Developer";
				"CODE_SIGN_IDENTITY[sdk=iphoneos*]" = "iPhone Developer";
				GCC_PRECOMPILE_PREFIX_HEADER = YES;
				GCC_PREFIX_HEADER = "AppliIUTSDdeLorraine/AppliIUTSDdeLorraine-Prefix.pch";
				INFOPLIST_FILE = "AppliIUTSDdeLorraine/AppliIUTSDdeLorraine-Info.plist";
				IPHONEOS_DEPLOYMENT_TARGET = 5.0;
				PRODUCT_NAME = "$(TARGET_NAME)";
				PROVISIONING_PROFILE = "";
				"PROVISIONING_PROFILE[sdk=iphoneos*]" = "";
				TARGETED_DEVICE_FAMILY = 1;
				WRAPPER_EXTENSION = app;
			};
			name = Debug;
		};
		6D54727F167B3506003F58A5 /* Release */ = {
			isa = XCBuildConfiguration;
			buildSettings = {
				CLANG_ENABLE_OBJC_ARC = NO;
				CODE_SIGN_IDENTITY = "iPhone Distribution";
				"CODE_SIGN_IDENTITY[sdk=iphoneos*]" = "iPhone Distribution";
				GCC_PRECOMPILE_PREFIX_HEADER = YES;
				GCC_PREFIX_HEADER = "AppliIUTSDdeLorraine/AppliIUTSDdeLorraine-Prefix.pch";
				INFOPLIST_FILE = "AppliIUTSDdeLorraine/AppliIUTSDdeLorraine-Info.plist";
				IPHONEOS_DEPLOYMENT_TARGET = 5.0;
				ONLY_ACTIVE_ARCH = NO;
				PRODUCT_NAME = "$(TARGET_NAME)";
				PROVISIONING_PROFILE = "";
				"PROVISIONING_PROFILE[sdk=iphoneos*]" = "";
				TARGETED_DEVICE_FAMILY = 1;
				WRAPPER_EXTENSION = app;
			};
			name = Release;
		};
/* End XCBuildConfiguration section */

/* Begin XCConfigurationList section */
		6D54723B167B3506003F58A5 /* Build configuration list for PBXProject "AppliIUTSDdeLorraine" */ = {
			isa = XCConfigurationList;
			buildConfigurations = (
				6D54727B167B3506003F58A5 /* Debug */,
				6D54727C167B3506003F58A5 /* Release */,
			);
			defaultConfigurationIsVisible = 0;
			defaultConfigurationName = Release;
		};
		6D54727D167B3506003F58A5 /* Build configuration list for PBXNativeTarget "AppliIUTSDdeLorraine" */ = {
			isa = XCConfigurationList;
			buildConfigurations = (
				6D54727E167B3506003F58A5 /* Debug */,
				6D54727F167B3506003F58A5 /* Release */,
			);
			defaultConfigurationIsVisible = 0;
			defaultConfigurationName = Release;
		};
/* End XCConfigurationList section */
	};
	rootObject = 6D547238167B3506003F58A5 /* Project object */;
}
