// !$*UTF8*$!
{
	archiveVersion = 1;
	classes = {
	};
	objectVersion = 46;
	objects = {

/* Begin PBXBuildFile section */
		22089EAD169D9F2700298246 /* fb.png in Resources */ = {isa = PBXBuildFile; fileRef = 22089EA2169D9F2700298246 /* fb.png */; };
		22089EB6169DA6CD00298246 /* photo_iut.png in Resources */ = {isa = PBXBuildFile; fileRef = 22089EB5169DA6CC00298246 /* photo_iut.png */; };
		22089EB8169DB30400298246 /* iut_photo.png in Resources */ = {isa = PBXBuildFile; fileRef = 22089EB7169DB30400298246 /* iut_photo.png */; };
		22089EBA169DB6D300298246 /* src_photo.png in Resources */ = {isa = PBXBuildFile; fileRef = 22089EB9169DB6D300298246 /* src_photo.png */; };
		22407D4B169DF0D700AB16CE /* info_photo.png in Resources */ = {isa = PBXBuildFile; fileRef = 22407D4A169DF0D700AB16CE /* info_photo.png */; };
		22407D50169E109B00AB16CE /* geii_photo.png in Resources */ = {isa = PBXBuildFile; fileRef = 22407D4F169E109B00AB16CE /* geii_photo.png */; };
		22407D53169E168000AB16CE /* WebView.m in Sources */ = {isa = PBXBuildFile; fileRef = 22407D52169E168000AB16CE /* WebView.m */; };
		22407D56169E16A900AB16CE /* WebViewController.m in Sources */ = {isa = PBXBuildFile; fileRef = 22407D55169E16A900AB16CE /* WebViewController.m */; };
		22A2F1E116C1608D00220945 /* EdtViewController.m in Sources */ = {isa = PBXBuildFile; fileRef = 22A2F1E016C1608C00220945 /* EdtViewController.m */; };
		22D6B77916BC327500134732 /* MapKit.framework in Frameworks */ = {isa = PBXBuildFile; fileRef = 22D6B77816BC327500134732 /* MapKit.framework */; };
		6D04C43416A8460B000A228F /* DetailViewController.m in Sources */ = {isa = PBXBuildFile; fileRef = 6D04C43316A8460B000A228F /* DetailViewController.m */; };
		6D2A6381167B617B00BAC6A8 /* News.m in Sources */ = {isa = PBXBuildFile; fileRef = 6D2A6380167B617B00BAC6A8 /* News.m */; };
		6D2A6384167B650700BAC6A8 /* RootViewController.m in Sources */ = {isa = PBXBuildFile; fileRef = 6D2A6383167B650700BAC6A8 /* RootViewController.m */; };
		6D547246167B3506003F58A5 /* UIKit.framework in Frameworks */ = {isa = PBXBuildFile; fileRef = 6D547245167B3506003F58A5 /* UIKit.framework */; };
		6D547248167B3506003F58A5 /* Foundation.framework in Frameworks */ = {isa = PBXBuildFile; fileRef = 6D547247167B3506003F58A5 /* Foundation.framework */; };
		6D54724A167B3506003F58A5 /* CoreGraphics.framework in Frameworks */ = {isa = PBXBuildFile; fileRef = 6D547249167B3506003F58A5 /* CoreGraphics.framework */; };
		6D547250167B3506003F58A5 /* InfoPlist.strings in Resources */ = {isa = PBXBuildFile; fileRef = 6D54724E167B3506003F58A5 /* InfoPlist.strings */; };
		6D547252167B3506003F58A5 /* main.m in Sources */ = {isa = PBXBuildFile; fileRef = 6D547251167B3506003F58A5 /* main.m */; };
		6D547256167B3506003F58A5 /* AppDelegate.m in Sources */ = {isa = PBXBuildFile; fileRef = 6D547255167B3506003F58A5 /* AppDelegate.m */; };
		6D547258167B3506003F58A5 /* Default.png in Resources */ = {isa = PBXBuildFile; fileRef = 6D547257167B3506003F58A5 /* Default.png */; };
		6D54725A167B3506003F58A5 /* Default@2x.png in Resources */ = {isa = PBXBuildFile; fileRef = 6D547259167B3506003F58A5 /* Default@2x.png */; };
		6D54725C167B3506003F58A5 /* Default-568h@2x.png in Resources */ = {isa = PBXBuildFile; fileRef = 6D54725B167B3506003F58A5 /* Default-568h@2x.png */; };
		6D54725F167B3506003F58A5 /* MainStoryboard_iPhone.storyboard in Resources */ = {isa = PBXBuildFile; fileRef = 6D54725D167B3506003F58A5 /* MainStoryboard_iPhone.storyboard */; };
		6D547265167B3506003F58A5 /* ViewController.m in Sources */ = {isa = PBXBuildFile; fileRef = 6D547264167B3506003F58A5 /* ViewController.m */; };
		6D547285167B3631003F58A5 /* StartController.m in Sources */ = {isa = PBXBuildFile; fileRef = 6D547284167B3631003F58A5 /* StartController.m */; };
		6D54728D167B3CFE003F58A5 /* icone.png in Resources */ = {isa = PBXBuildFile; fileRef = 6D54728C167B3CFE003F58A5 /* icone.png */; };
		6D54728F167B3D45003F58A5 /* retinalol.png in Resources */ = {isa = PBXBuildFile; fileRef = 6D54728E167B3D45003F58A5 /* retinalol.png */; };
		6D9D098616D3D24D003F4DD8 /* PreferencesViewController.m in Sources */ = {isa = PBXBuildFile; fileRef = 6D9D098516D3D24D003F4DD8 /* PreferencesViewController.m */; };
		CD21423C16CF81CF0048D002 /* Utils.m in Sources */ = {isa = PBXBuildFile; fileRef = CD9D730916BD414300934CBC /* Utils.m */; };
		CD24320F16D2684200D8C039 /* MapController.m in Sources */ = {isa = PBXBuildFile; fileRef = CD24320E16D2684100D8C039 /* MapController.m */; };
		CD46AAEE16E3469B0049D815 /* informatique_2.png in Resources */ = {isa = PBXBuildFile; fileRef = CD46AAED16E3469B0049D815 /* informatique_2.png */; };
		CD46AAFA16E38F330049D815 /* about.html in Resources */ = {isa = PBXBuildFile; fileRef = CD46AAF916E38F330049D815 /* about.html */; };
		CD46AAFD16E395630049D815 /* About_ViewController.m in Sources */ = {isa = PBXBuildFile; fileRef = CD46AAFC16E38F850049D815 /* About_ViewController.m */; };
		CD52B76A17D0F7EC00CC954A /* logo_UL_IUT.png in Resources */ = {isa = PBXBuildFile; fileRef = CD52B76917D0F7E800CC954A /* logo_UL_IUT.png */; };
		CD52B76C17D1285000CC954A /* img1.png in Resources */ = {isa = PBXBuildFile; fileRef = CD52B76B17D1285000CC954A /* img1.png */; };
		CD52B76E17D1289000CC954A /* img2.png in Resources */ = {isa = PBXBuildFile; fileRef = CD52B76D17D1289000CC954A /* img2.png */; };
		CD52B77017D1289B00CC954A /* img3.png in Resources */ = {isa = PBXBuildFile; fileRef = CD52B76F17D1289B00CC954A /* img3.png */; };
		CD52B77217D128AA00CC954A /* img4.png in Resources */ = {isa = PBXBuildFile; fileRef = CD52B77117D128AA00CC954A /* img4.png */; };
		CD52B77417D128B300CC954A /* img5.png in Resources */ = {isa = PBXBuildFile; fileRef = CD52B77317D128B300CC954A /* img5.png */; };
		CD52B77617D128BD00CC954A /* img6.png in Resources */ = {isa = PBXBuildFile; fileRef = CD52B77517D128BD00CC954A /* img6.png */; };
		CD56DBEB16EE89AA00CD3837 /* Settings.bundle in Resources */ = {isa = PBXBuildFile; fileRef = CDE472D516BB3C6A0071A51D /* Settings.bundle */; };
		CD588D8416DAC05100363C78 /* ODRefreshControl.m in Sources */ = {isa = PBXBuildFile; fileRef = CD588D8316DABE4500363C78 /* ODRefreshControl.m */; };
		CD588D8516DAC07600363C78 /* QuartzCore.framework in Frameworks */ = {isa = PBXBuildFile; fileRef = CD7BE61C16D03BC4006D09D1 /* QuartzCore.framework */; };
		CD588D8816DACF3400363C78 /* SlideFromBottomAnim.m in Sources */ = {isa = PBXBuildFile; fileRef = CD588D8716DACF3400363C78 /* SlideFromBottomAnim.m */; };
		CD71623016BC66490077FDFD /* edt.png in Resources */ = {isa = PBXBuildFile; fileRef = CD71622F16BC66490077FDFD /* edt.png */; };
		CD9D730C16BD438500934CBC /* SystemConfiguration.framework in Frameworks */ = {isa = PBXBuildFile; fileRef = CD9D730B16BD438500934CBC /* SystemConfiguration.framework */; };
		CDA5245C16D4431A004A7C42 /* IUTLocation.m in Sources */ = {isa = PBXBuildFile; fileRef = CDA5245B16D4431A004A7C42 /* IUTLocation.m */; };
		CDDFDE9F16CFB4AF005FD7A0 /* SelectEDTController.m in Sources */ = {isa = PBXBuildFile; fileRef = CDDFDE9E16CFB4AF005FD7A0 /* SelectEDTController.m */; };
		CDDFDEA216CFC5F3005FD7A0 /* EtudiantController.m in Sources */ = {isa = PBXBuildFile; fileRef = CDDFDEA116CFC5F3005FD7A0 /* EtudiantController.m */; };
		CDF31D5416DBD5B1003E3328 /* AuthController.m in Sources */ = {isa = PBXBuildFile; fileRef = CDF31D5316DBD5B1003E3328 /* AuthController.m */; };
		CDF31D5716DBEE61003E3328 /* OpenAnimation.m in Sources */ = {isa = PBXBuildFile; fileRef = CDF31D5616DBEE61003E3328 /* OpenAnimation.m */; };
		CDF31D7216DC2E43003E3328 /* info_photo2.png in Resources */ = {isa = PBXBuildFile; fileRef = CDF31D7116DC2E43003E3328 /* info_photo2.png */; };
		CDFBB3F016DA525F005A68CD /* logoIut.png in Resources */ = {isa = PBXBuildFile; fileRef = CDFBB3EF16DA525F005A68CD /* logoIut.png */; };
		CDFBB3F216DA5268005A68CD /* Universite_de_Lorraine_-_logo.png in Resources */ = {isa = PBXBuildFile; fileRef = CDFBB3F116DA5268005A68CD /* Universite_de_Lorraine_-_logo.png */; };
		CDFBB3FD16DA58A8005A68CD /* IUT_ViewController.m in Sources */ = {isa = PBXBuildFile; fileRef = CDFBB3D516DA5239005A68CD /* IUT_ViewController.m */; };
		CDFBB3FE16DA58A8005A68CD /* GEII_ViewController.m in Sources */ = {isa = PBXBuildFile; fileRef = CDFBB3DD16DA5239005A68CD /* GEII_ViewController.m */; };
		CDFBB3FF16DA58A8005A68CD /* INFO_ViewController.m in Sources */ = {isa = PBXBuildFile; fileRef = CDFBB3DE16DA5239005A68CD /* INFO_ViewController.m */; };
		CDFBB40016DA58A8005A68CD /* SRC_ViewController.m in Sources */ = {isa = PBXBuildFile; fileRef = CDFBB3E016DA5239005A68CD /* SRC_ViewController.m */; };
		CDFBB40116DA5945005A68CD /* geii.html in Resources */ = {isa = PBXBuildFile; fileRef = CDFBB3D316DA5239005A68CD /* geii.html */; };
		CDFBB40216DA5945005A68CD /* info.html in Resources */ = {isa = PBXBuildFile; fileRef = CDFBB3D616DA5239005A68CD /* info.html */; };
		CDFBB40316DA5945005A68CD /* src.html in Resources */ = {isa = PBXBuildFile; fileRef = CDFBB3D716DA5239005A68CD /* src.html */; };
		CDFBB40416DA5945005A68CD /* iut.html in Resources */ = {isa = PBXBuildFile; fileRef = CDFBB3D816DA5239005A68CD /* iut.html */; };
		CDFBB40516DA596E005A68CD /* geii2.png in Resources */ = {isa = PBXBuildFile; fileRef = CDFBB3D916DA5239005A68CD /* geii2.png */; };
		CDFBB40616DA596E005A68CD /* geii1.png in Resources */ = {isa = PBXBuildFile; fileRef = CDFBB3DA16DA5239005A68CD /* geii1.png */; };
		CDFBB40716DA596E005A68CD /* style.css in Resources */ = {isa = PBXBuildFile; fileRef = CDFBB3DB16DA5239005A68CD /* style.css */; };
		F97E7EBF18AA2A1500B2AB22 /* 29x29.png in Resources */ = {isa = PBXBuildFile; fileRef = F97E7EB918AA2A1400B2AB22 /* 29x29.png */; };
		F97E7EC018AA2A1500B2AB22 /* 57x57.png in Resources */ = {isa = PBXBuildFile; fileRef = F97E7EBA18AA2A1500B2AB22 /* 57x57.png */; };
		F97E7EC118AA2A1500B2AB22 /* 58x58.png in Resources */ = {isa = PBXBuildFile; fileRef = F97E7EBB18AA2A1500B2AB22 /* 58x58.png */; };
		F97E7EC218AA2A1500B2AB22 /* 80x80.png in Resources */ = {isa = PBXBuildFile; fileRef = F97E7EBC18AA2A1500B2AB22 /* 80x80.png */; };
		F97E7EC318AA2A1500B2AB22 /* 114x114.png in Resources */ = {isa = PBXBuildFile; fileRef = F97E7EBD18AA2A1500B2AB22 /* 114x114.png */; };
		F97E7EC418AA2A1500B2AB22 /* 120x120.png in Resources */ = {isa = PBXBuildFile; fileRef = F97E7EBE18AA2A1500B2AB22 /* 120x120.png */; };
		F987D33A18A94B3600AE291D /* background.png in Resources */ = {isa = PBXBuildFile; fileRef = F987D33918A94B3600AE291D /* background.png */; };
		F987D34F18A956A300AE291D /* connexion.png in Resources */ = {isa = PBXBuildFile; fileRef = F987D34918A956A300AE291D /* connexion.png */; };
		F987D35018A956A300AE291D /* geii.png in Resources */ = {isa = PBXBuildFile; fileRef = F987D34A18A956A300AE291D /* geii.png */; };
		F987D35118A956A300AE291D /* info.png in Resources */ = {isa = PBXBuildFile; fileRef = F987D34B18A956A300AE291D /* info.png */; };
		F987D35218A956A300AE291D /* iut.png in Resources */ = {isa = PBXBuildFile; fileRef = F987D34C18A956A300AE291D /* iut.png */; };
		F987D35318A956A300AE291D /* mmi.png in Resources */ = {isa = PBXBuildFile; fileRef = F987D34D18A956A300AE291D /* mmi.png */; };
		F987D35418A956A300AE291D /* plan.png in Resources */ = {isa = PBXBuildFile; fileRef = F987D34E18A956A300AE291D /* plan.png */; };
		F987D35618A96E6800AE291D /* header.png in Resources */ = {isa = PBXBuildFile; fileRef = F987D35518A96E6800AE291D /* header.png */; };
		F987D35A18A9721F00AE291D /* edt.png in Resources */ = {isa = PBXBuildFile; fileRef = F987D35718A9721F00AE291D /* edt.png */; };
		F987D35B18A9721F00AE291D /* news.png in Resources */ = {isa = PBXBuildFile; fileRef = F987D35818A9721F00AE291D /* news.png */; };
		F987D35C18A9721F00AE291D /* reglages.png in Resources */ = {isa = PBXBuildFile; fileRef = F987D35918A9721F00AE291D /* reglages.png */; };
		F987D36318A9730A00AE291D /* geii1a.png in Resources */ = {isa = PBXBuildFile; fileRef = F987D35D18A9730900AE291D /* geii1a.png */; };
		F987D36418A9730A00AE291D /* geii2a.png in Resources */ = {isa = PBXBuildFile; fileRef = F987D35E18A9730900AE291D /* geii2a.png */; };
		F987D36518A9730A00AE291D /* info1a.png in Resources */ = {isa = PBXBuildFile; fileRef = F987D35F18A9730900AE291D /* info1a.png */; };
		F987D36618A9730A00AE291D /* info2a.png in Resources */ = {isa = PBXBuildFile; fileRef = F987D36018A9730A00AE291D /* info2a.png */; };
		F987D36718A9730A00AE291D /* mmi1a.png in Resources */ = {isa = PBXBuildFile; fileRef = F987D36118A9730A00AE291D /* mmi1a.png */; };
		F987D36818A9730A00AE291D /* mmi2a.png in Resources */ = {isa = PBXBuildFile; fileRef = F987D36218A9730A00AE291D /* mmi2a.png */; };
		F987D36F18A9751800AE291D /* a2i.png in Resources */ = {isa = PBXBuildFile; fileRef = F987D36918A9751800AE291D /* a2i.png */; };
		F987D37018A9751800AE291D /* atc.png in Resources */ = {isa = PBXBuildFile; fileRef = F987D36A18A9751800AE291D /* atc.png */; };
		F987D37118A9751800AE291D /* cdg.png in Resources */ = {isa = PBXBuildFile; fileRef = F987D36B18A9751800AE291D /* cdg.png */; };
		F987D37218A9751800AE291D /* i2m.png in Resources */ = {isa = PBXBuildFile; fileRef = F987D36C18A9751800AE291D /* i2m.png */; };
		F987D37318A9751800AE291D /* isn.png in Resources */ = {isa = PBXBuildFile; fileRef = F987D36D18A9751800AE291D /* isn.png */; };
		F987D37418A9751800AE291D /* tecamtv.png in Resources */ = {isa = PBXBuildFile; fileRef = F987D36E18A9751800AE291D /* tecamtv.png */; };
		F987D37B18A9775D00AE291D /* licences.png in Resources */ = {isa = PBXBuildFile; fileRef = F987D37718A9775D00AE291D /* licences.png */; };
		F987D38118A978B300AE291D /* geii_edt.png in Resources */ = {isa = PBXBuildFile; fileRef = F987D37D18A978B300AE291D /* geii_edt.png */; };
		F987D38218A978B300AE291D /* info_edt.png in Resources */ = {isa = PBXBuildFile; fileRef = F987D37E18A978B300AE291D /* info_edt.png */; };
		F987D38318A978B300AE291D /* licences.png in Resources */ = {isa = PBXBuildFile; fileRef = F987D37F18A978B300AE291D /* licences.png */; };
		F987D38418A978B300AE291D /* mmi_edt.png in Resources */ = {isa = PBXBuildFile; fileRef = F987D38018A978B300AE291D /* mmi_edt.png */; };
		F987D38618A980D800AE291D /* sponsor.png in Resources */ = {isa = PBXBuildFile; fileRef = F987D38518A980D800AE291D /* sponsor.png */; };
		F98F53C118AA8313001FF872 /* trait.png in Resources */ = {isa = PBXBuildFile; fileRef = F98F53C018AA8313001FF872 /* trait.png */; };
		F98F53C318AA863C001FF872 /* intro.png in Resources */ = {isa = PBXBuildFile; fileRef = F98F53C218AA863C001FF872 /* intro.png */; };
		F98F53CC18AA9047001FF872 /* titre_edt.png in Resources */ = {isa = PBXBuildFile; fileRef = F98F53C418AA9047001FF872 /* titre_edt.png */; };
		F98F53CD18AA9047001FF872 /* titre_facebook.png in Resources */ = {isa = PBXBuildFile; fileRef = F98F53C518AA9047001FF872 /* titre_facebook.png */; };
		F98F53CE18AA9047001FF872 /* titre_general.png in Resources */ = {isa = PBXBuildFile; fileRef = F98F53C618AA9047001FF872 /* titre_general.png */; };
		F98F53CF18AA9047001FF872 /* titre_iut.png in Resources */ = {isa = PBXBuildFile; fileRef = F98F53C718AA9047001FF872 /* titre_iut.png */; };
		F98F53D018AA9047001FF872 /* titre_news.png in Resources */ = {isa = PBXBuildFile; fileRef = F98F53C818AA9047001FF872 /* titre_news.png */; };
		F98F53D118AA9047001FF872 /* titre_plan.png in Resources */ = {isa = PBXBuildFile; fileRef = F98F53C918AA9047001FF872 /* titre_plan.png */; };
		F98F53D218AA9047001FF872 /* titre_qsn.png in Resources */ = {isa = PBXBuildFile; fileRef = F98F53CA18AA9047001FF872 /* titre_qsn.png */; };
		F98F53D318AA9047001FF872 /* titre_reglages.png in Resources */ = {isa = PBXBuildFile; fileRef = F98F53CB18AA9047001FF872 /* titre_reglages.png */; };
		F98F53D718AAA33D001FF872 /* titre_info2.png in Resources */ = {isa = PBXBuildFile; fileRef = F98F53D418AAA33D001FF872 /* titre_info2.png */; };
		F98F53D818AAA33D001FF872 /* titre_logo.png in Resources */ = {isa = PBXBuildFile; fileRef = F98F53D518AAA33D001FF872 /* titre_logo.png */; };
		F98F53D918AAA33D001FF872 /* titre_mmi2.png in Resources */ = {isa = PBXBuildFile; fileRef = F98F53D618AAA33D001FF872 /* titre_mmi2.png */; };
		F98F53DB18AAA369001FF872 /* titre_geii2.png in Resources */ = {isa = PBXBuildFile; fileRef = F98F53DA18AAA369001FF872 /* titre_geii2.png */; };
		F9AD98FC184F967200B983B5 /* bg_txt.jpg in Resources */ = {isa = PBXBuildFile; fileRef = F9AD98ED184F967200B983B5 /* bg_txt.jpg */; };
		F9AD98FD184F967200B983B5 /* champ_identifiant.png in Resources */ = {isa = PBXBuildFile; fileRef = F9AD98EE184F967200B983B5 /* champ_identifiant.png */; };
		F9AD98FF184F967200B983B5 /* fond_identifiant.png in Resources */ = {isa = PBXBuildFile; fileRef = F9AD98F0184F967200B983B5 /* fond_identifiant.png */; };
		F9AD9909184F967200B983B5 /* retour.png in Resources */ = {isa = PBXBuildFile; fileRef = F9AD98FA184F967200B983B5 /* retour.png */; };
/* End PBXBuildFile section */

/* Begin PBXFileReference section */
		22089EA2169D9F2700298246 /* fb.png */ = {isa = PBXFileReference; lastKnownFileType = image.png; name = fb.png; path = source/fb.png; sourceTree = "<group>"; };
		22089EB5169DA6CC00298246 /* photo_iut.png */ = {isa = PBXFileReference; lastKnownFileType = image.png; name = photo_iut.png; path = source/photo_iut.png; sourceTree = "<group>"; };
		22089EB7169DB30400298246 /* iut_photo.png */ = {isa = PBXFileReference; lastKnownFileType = image.png; name = iut_photo.png; path = source/iut_photo.png; sourceTree = "<group>"; };
		22089EB9169DB6D300298246 /* src_photo.png */ = {isa = PBXFileReference; lastKnownFileType = image.png; name = src_photo.png; path = source/src_photo.png; sourceTree = "<group>"; };
		22407D4A169DF0D700AB16CE /* info_photo.png */ = {isa = PBXFileReference; lastKnownFileType = image.png; name = info_photo.png; path = source/info_photo.png; sourceTree = "<group>"; };
		22407D4F169E109B00AB16CE /* geii_photo.png */ = {isa = PBXFileReference; lastKnownFileType = image.png; name = geii_photo.png; path = source/geii_photo.png; sourceTree = "<group>"; };
		22407D51169E168000AB16CE /* WebView.h */ = {isa = PBXFileReference; fileEncoding = 4; lastKnownFileType = sourcecode.c.h; path = WebView.h; sourceTree = "<group>"; };
		22407D52169E168000AB16CE /* WebView.m */ = {isa = PBXFileReference; fileEncoding = 4; lastKnownFileType = sourcecode.c.objc; path = WebView.m; sourceTree = "<group>"; };
		22407D54169E16A900AB16CE /* WebViewController.h */ = {isa = PBXFileReference; fileEncoding = 4; lastKnownFileType = sourcecode.c.h; path = WebViewController.h; sourceTree = "<group>"; };
		22407D55169E16A900AB16CE /* WebViewController.m */ = {isa = PBXFileReference; fileEncoding = 4; lastKnownFileType = sourcecode.c.objc; path = WebViewController.m; sourceTree = "<group>"; };
		22A2F1DF16C1608C00220945 /* EdtViewController.h */ = {isa = PBXFileReference; fileEncoding = 4; lastKnownFileType = sourcecode.c.h; path = EdtViewController.h; sourceTree = "<group>"; };
		22A2F1E016C1608C00220945 /* EdtViewController.m */ = {isa = PBXFileReference; fileEncoding = 4; lastKnownFileType = sourcecode.c.objc; path = EdtViewController.m; sourceTree = "<group>"; };
		22D6B77816BC327500134732 /* MapKit.framework */ = {isa = PBXFileReference; lastKnownFileType = wrapper.framework; name = MapKit.framework; path = System/Library/Frameworks/MapKit.framework; sourceTree = SDKROOT; };
		6D04C43216A8460B000A228F /* DetailViewController.h */ = {isa = PBXFileReference; fileEncoding = 4; lastKnownFileType = sourcecode.c.h; path = DetailViewController.h; sourceTree = "<group>"; };
		6D04C43316A8460B000A228F /* DetailViewController.m */ = {isa = PBXFileReference; fileEncoding = 4; lastKnownFileType = sourcecode.c.objc; path = DetailViewController.m; sourceTree = "<group>"; };
		6D2A637F167B617B00BAC6A8 /* News.h */ = {isa = PBXFileReference; fileEncoding = 4; lastKnownFileType = sourcecode.c.h; path = News.h; sourceTree = "<group>"; };
		6D2A6380167B617B00BAC6A8 /* News.m */ = {isa = PBXFileReference; fileEncoding = 4; lastKnownFileType = sourcecode.c.objc; path = News.m; sourceTree = "<group>"; };
		6D2A6382167B650700BAC6A8 /* RootViewController.h */ = {isa = PBXFileReference; fileEncoding = 4; lastKnownFileType = sourcecode.c.h; path = RootViewController.h; sourceTree = "<group>"; };
		6D2A6383167B650700BAC6A8 /* RootViewController.m */ = {isa = PBXFileReference; fileEncoding = 4; lastKnownFileType = sourcecode.c.objc; path = RootViewController.m; sourceTree = "<group>"; };
		6D547241167B3506003F58A5 /* AppliIUTSDdeLorraine.app */ = {isa = PBXFileReference; explicitFileType = wrapper.application; includeInIndex = 0; path = AppliIUTSDdeLorraine.app; sourceTree = BUILT_PRODUCTS_DIR; };
		6D547245167B3506003F58A5 /* UIKit.framework */ = {isa = PBXFileReference; lastKnownFileType = wrapper.framework; name = UIKit.framework; path = System/Library/Frameworks/UIKit.framework; sourceTree = SDKROOT; };
		6D547247167B3506003F58A5 /* Foundation.framework */ = {isa = PBXFileReference; lastKnownFileType = wrapper.framework; name = Foundation.framework; path = System/Library/Frameworks/Foundation.framework; sourceTree = SDKROOT; };
		6D547249167B3506003F58A5 /* CoreGraphics.framework */ = {isa = PBXFileReference; lastKnownFileType = wrapper.framework; name = CoreGraphics.framework; path = System/Library/Frameworks/CoreGraphics.framework; sourceTree = SDKROOT; };
		6D54724D167B3506003F58A5 /* AppliIUTSDdeLorraine-Info.plist */ = {isa = PBXFileReference; lastKnownFileType = text.plist.xml; path = "AppliIUTSDdeLorraine-Info.plist"; sourceTree = "<group>"; };
		6D54724F167B3506003F58A5 /* en */ = {isa = PBXFileReference; lastKnownFileType = text.plist.strings; name = en; path = en.lproj/InfoPlist.strings; sourceTree = "<group>"; };
		6D547251167B3506003F58A5 /* main.m */ = {isa = PBXFileReference; lastKnownFileType = sourcecode.c.objc; path = main.m; sourceTree = "<group>"; };
		6D547253167B3506003F58A5 /* AppliIUTSDdeLorraine-Prefix.pch */ = {isa = PBXFileReference; lastKnownFileType = sourcecode.c.h; path = "AppliIUTSDdeLorraine-Prefix.pch"; sourceTree = "<group>"; };
		6D547254167B3506003F58A5 /* AppDelegate.h */ = {isa = PBXFileReference; lastKnownFileType = sourcecode.c.h; path = AppDelegate.h; sourceTree = "<group>"; };
		6D547255167B3506003F58A5 /* AppDelegate.m */ = {isa = PBXFileReference; lastKnownFileType = sourcecode.c.objc; path = AppDelegate.m; sourceTree = "<group>"; };
		6D547257167B3506003F58A5 /* Default.png */ = {isa = PBXFileReference; lastKnownFileType = image.png; path = Default.png; sourceTree = "<group>"; };
		6D547259167B3506003F58A5 /* Default@2x.png */ = {isa = PBXFileReference; lastKnownFileType = image.png; path = "Default@2x.png"; sourceTree = "<group>"; };
		6D54725B167B3506003F58A5 /* Default-568h@2x.png */ = {isa = PBXFileReference; lastKnownFileType = image.png; path = "Default-568h@2x.png"; sourceTree = "<group>"; };
		6D54725E167B3506003F58A5 /* en */ = {isa = PBXFileReference; lastKnownFileType = file.storyboard; name = en; path = en.lproj/MainStoryboard_iPhone.storyboard; sourceTree = "<group>"; };
		6D547263167B3506003F58A5 /* ViewController.h */ = {isa = PBXFileReference; lastKnownFileType = sourcecode.c.h; path = ViewController.h; sourceTree = "<group>"; };
		6D547264167B3506003F58A5 /* ViewController.m */ = {isa = PBXFileReference; lastKnownFileType = sourcecode.c.objc; path = ViewController.m; sourceTree = "<group>"; };
		6D547283167B3631003F58A5 /* StartController.h */ = {isa = PBXFileReference; fileEncoding = 4; lastKnownFileType = sourcecode.c.h; path = StartController.h; sourceTree = "<group>"; };
		6D547284167B3631003F58A5 /* StartController.m */ = {isa = PBXFileReference; fileEncoding = 4; lastKnownFileType = sourcecode.c.objc; path = StartController.m; sourceTree = "<group>"; };
		6D54728C167B3CFE003F58A5 /* icone.png */ = {isa = PBXFileReference; lastKnownFileType = image.png; name = icone.png; path = ../icone.png; sourceTree = "<group>"; };
		6D54728E167B3D45003F58A5 /* retinalol.png */ = {isa = PBXFileReference; lastKnownFileType = image.png; name = retinalol.png; path = ../retinalol.png; sourceTree = "<group>"; };
		6D9D098416D3D24D003F4DD8 /* PreferencesViewController.h */ = {isa = PBXFileReference; fileEncoding = 4; lastKnownFileType = sourcecode.c.h; path = PreferencesViewController.h; sourceTree = "<group>"; };
		6D9D098516D3D24D003F4DD8 /* PreferencesViewController.m */ = {isa = PBXFileReference; fileEncoding = 4; lastKnownFileType = sourcecode.c.objc; path = PreferencesViewController.m; sourceTree = "<group>"; };
		CD24320D16D2684100D8C039 /* MapController.h */ = {isa = PBXFileReference; fileEncoding = 4; lastKnownFileType = sourcecode.c.h; path = MapController.h; sourceTree = "<group>"; };
		CD24320E16D2684100D8C039 /* MapController.m */ = {isa = PBXFileReference; fileEncoding = 4; lastKnownFileType = sourcecode.c.objc; path = MapController.m; sourceTree = "<group>"; };
		CD46AAED16E3469B0049D815 /* informatique_2.png */ = {isa = PBXFileReference; lastKnownFileType = image.png; path = informatique_2.png; sourceTree = "<group>"; };
		CD46AAF916E38F330049D815 /* about.html */ = {isa = PBXFileReference; fileEncoding = 4; lastKnownFileType = text.html; path = about.html; sourceTree = "<group>"; };
		CD46AAFB16E38F850049D815 /* About_ViewController.h */ = {isa = PBXFileReference; lastKnownFileType = sourcecode.c.h; path = About_ViewController.h; sourceTree = "<group>"; };
		CD46AAFC16E38F850049D815 /* About_ViewController.m */ = {isa = PBXFileReference; lastKnownFileType = sourcecode.c.objc; path = About_ViewController.m; sourceTree = "<group>"; };
		CD52B76917D0F7E800CC954A /* logo_UL_IUT.png */ = {isa = PBXFileReference; lastKnownFileType = image.png; path = logo_UL_IUT.png; sourceTree = "<group>"; };
		CD52B76B17D1285000CC954A /* img1.png */ = {isa = PBXFileReference; lastKnownFileType = image.png; path = img1.png; sourceTree = "<group>"; };
		CD52B76D17D1289000CC954A /* img2.png */ = {isa = PBXFileReference; lastKnownFileType = image.png; path = img2.png; sourceTree = "<group>"; };
		CD52B76F17D1289B00CC954A /* img3.png */ = {isa = PBXFileReference; lastKnownFileType = image.png; path = img3.png; sourceTree = "<group>"; };
		CD52B77117D128AA00CC954A /* img4.png */ = {isa = PBXFileReference; lastKnownFileType = image.png; path = img4.png; sourceTree = "<group>"; };
		CD52B77317D128B300CC954A /* img5.png */ = {isa = PBXFileReference; lastKnownFileType = image.png; path = img5.png; sourceTree = "<group>"; };
		CD52B77517D128BD00CC954A /* img6.png */ = {isa = PBXFileReference; lastKnownFileType = image.png; path = img6.png; sourceTree = "<group>"; };
		CD588D8216DABE4500363C78 /* ODRefreshControl.h */ = {isa = PBXFileReference; lastKnownFileType = sourcecode.c.h; path = ODRefreshControl.h; sourceTree = "<group>"; };
		CD588D8316DABE4500363C78 /* ODRefreshControl.m */ = {isa = PBXFileReference; lastKnownFileType = sourcecode.c.objc; path = ODRefreshControl.m; sourceTree = "<group>"; };
		CD588D8616DACF3400363C78 /* SlideFromBottomAnim.h */ = {isa = PBXFileReference; fileEncoding = 4; lastKnownFileType = sourcecode.c.h; path = SlideFromBottomAnim.h; sourceTree = "<group>"; };
		CD588D8716DACF3400363C78 /* SlideFromBottomAnim.m */ = {isa = PBXFileReference; fileEncoding = 4; lastKnownFileType = sourcecode.c.objc; path = SlideFromBottomAnim.m; sourceTree = "<group>"; };
		CD588D8916DACFB200363C78 /* SlidableView.h */ = {isa = PBXFileReference; fileEncoding = 4; lastKnownFileType = sourcecode.c.h; path = SlidableView.h; sourceTree = "<group>"; };
		CD71622F16BC66490077FDFD /* edt.png */ = {isa = PBXFileReference; lastKnownFileType = image.png; path = edt.png; sourceTree = "<group>"; };
		CD7BE61C16D03BC4006D09D1 /* QuartzCore.framework */ = {isa = PBXFileReference; lastKnownFileType = wrapper.framework; name = QuartzCore.framework; path = System/Library/Frameworks/QuartzCore.framework; sourceTree = SDKROOT; };
		CD9D730816BD414300934CBC /* Utils.h */ = {isa = PBXFileReference; fileEncoding = 4; lastKnownFileType = sourcecode.c.h; path = Utils.h; sourceTree = "<group>"; };
		CD9D730916BD414300934CBC /* Utils.m */ = {isa = PBXFileReference; fileEncoding = 4; lastKnownFileType = sourcecode.c.objc; path = Utils.m; sourceTree = "<group>"; };
		CD9D730B16BD438500934CBC /* SystemConfiguration.framework */ = {isa = PBXFileReference; lastKnownFileType = wrapper.framework; name = SystemConfiguration.framework; path = System/Library/Frameworks/SystemConfiguration.framework; sourceTree = SDKROOT; };
		CDA5245A16D4431A004A7C42 /* IUTLocation.h */ = {isa = PBXFileReference; fileEncoding = 4; lastKnownFileType = sourcecode.c.h; path = IUTLocation.h; sourceTree = "<group>"; };
		CDA5245B16D4431A004A7C42 /* IUTLocation.m */ = {isa = PBXFileReference; fileEncoding = 4; lastKnownFileType = sourcecode.c.objc; path = IUTLocation.m; sourceTree = "<group>"; };
		CDDFDE9D16CFB4AF005FD7A0 /* SelectEDTController.h */ = {isa = PBXFileReference; fileEncoding = 4; lastKnownFileType = sourcecode.c.h; path = SelectEDTController.h; sourceTree = "<group>"; };
		CDDFDE9E16CFB4AF005FD7A0 /* SelectEDTController.m */ = {isa = PBXFileReference; fileEncoding = 4; lastKnownFileType = sourcecode.c.objc; path = SelectEDTController.m; sourceTree = "<group>"; };
		CDDFDEA016CFC5F3005FD7A0 /* EtudiantController.h */ = {isa = PBXFileReference; fileEncoding = 4; lastKnownFileType = sourcecode.c.h; path = EtudiantController.h; sourceTree = "<group>"; };
		CDDFDEA116CFC5F3005FD7A0 /* EtudiantController.m */ = {isa = PBXFileReference; fileEncoding = 4; lastKnownFileType = sourcecode.c.objc; path = EtudiantController.m; sourceTree = "<group>"; };
		CDE472D516BB3C6A0071A51D /* Settings.bundle */ = {isa = PBXFileReference; lastKnownFileType = "wrapper.plug-in"; path = Settings.bundle; sourceTree = "<group>"; };
		CDF09084187DA8480083D60B /* AppliIUTSDdeLorraine.entitlements */ = {isa = PBXFileReference; lastKnownFileType = text.xml; path = AppliIUTSDdeLorraine.entitlements; sourceTree = "<group>"; };
		CDF31D5216DBD5B1003E3328 /* AuthController.h */ = {isa = PBXFileReference; fileEncoding = 4; lastKnownFileType = sourcecode.c.h; path = AuthController.h; sourceTree = "<group>"; };
		CDF31D5316DBD5B1003E3328 /* AuthController.m */ = {isa = PBXFileReference; fileEncoding = 4; lastKnownFileType = sourcecode.c.objc; path = AuthController.m; sourceTree = "<group>"; };
		CDF31D5516DBEE61003E3328 /* OpenAnimation.h */ = {isa = PBXFileReference; fileEncoding = 4; lastKnownFileType = sourcecode.c.h; path = OpenAnimation.h; sourceTree = "<group>"; };
		CDF31D5616DBEE61003E3328 /* OpenAnimation.m */ = {isa = PBXFileReference; fileEncoding = 4; lastKnownFileType = sourcecode.c.objc; path = OpenAnimation.m; sourceTree = "<group>"; };
		CDF31D7116DC2E43003E3328 /* info_photo2.png */ = {isa = PBXFileReference; lastKnownFileType = image.png; path = info_photo2.png; sourceTree = "<group>"; };
		CDFBB3D316DA5239005A68CD /* geii.html */ = {isa = PBXFileReference; fileEncoding = 4; lastKnownFileType = text.html; path = geii.html; sourceTree = "<group>"; };
		CDFBB3D416DA5239005A68CD /* IUT_ViewController.h */ = {isa = PBXFileReference; fileEncoding = 4; lastKnownFileType = sourcecode.c.h; path = IUT_ViewController.h; sourceTree = "<group>"; };
		CDFBB3D516DA5239005A68CD /* IUT_ViewController.m */ = {isa = PBXFileReference; fileEncoding = 4; lastKnownFileType = sourcecode.c.objc; path = IUT_ViewController.m; sourceTree = "<group>"; };
		CDFBB3D616DA5239005A68CD /* info.html */ = {isa = PBXFileReference; fileEncoding = 4; lastKnownFileType = text.html; path = info.html; sourceTree = "<group>"; };
		CDFBB3D716DA5239005A68CD /* src.html */ = {isa = PBXFileReference; fileEncoding = 4; lastKnownFileType = text.html; path = src.html; sourceTree = "<group>"; };
		CDFBB3D816DA5239005A68CD /* iut.html */ = {isa = PBXFileReference; fileEncoding = 4; lastKnownFileType = text.html; path = iut.html; sourceTree = "<group>"; };
		CDFBB3D916DA5239005A68CD /* geii2.png */ = {isa = PBXFileReference; lastKnownFileType = image.png; path = geii2.png; sourceTree = "<group>"; };
		CDFBB3DA16DA5239005A68CD /* geii1.png */ = {isa = PBXFileReference; lastKnownFileType = image.png; path = geii1.png; sourceTree = "<group>"; };
		CDFBB3DB16DA5239005A68CD /* style.css */ = {isa = PBXFileReference; fileEncoding = 4; lastKnownFileType = text.css; path = style.css; sourceTree = "<group>"; };
		CDFBB3DC16DA5239005A68CD /* GEII_ViewController.h */ = {isa = PBXFileReference; fileEncoding = 4; lastKnownFileType = sourcecode.c.h; path = GEII_ViewController.h; sourceTree = "<group>"; };
		CDFBB3DD16DA5239005A68CD /* GEII_ViewController.m */ = {isa = PBXFileReference; fileEncoding = 4; lastKnownFileType = sourcecode.c.objc; path = GEII_ViewController.m; sourceTree = "<group>"; };
		CDFBB3DE16DA5239005A68CD /* INFO_ViewController.m */ = {isa = PBXFileReference; fileEncoding = 4; lastKnownFileType = sourcecode.c.objc; path = INFO_ViewController.m; sourceTree = "<group>"; };
		CDFBB3DF16DA5239005A68CD /* INFO_ViewController.h */ = {isa = PBXFileReference; fileEncoding = 4; lastKnownFileType = sourcecode.c.h; path = INFO_ViewController.h; sourceTree = "<group>"; };
		CDFBB3E016DA5239005A68CD /* SRC_ViewController.m */ = {isa = PBXFileReference; fileEncoding = 4; lastKnownFileType = sourcecode.c.objc; path = SRC_ViewController.m; sourceTree = "<group>"; };
		CDFBB3E116DA5239005A68CD /* SRC_ViewController.h */ = {isa = PBXFileReference; fileEncoding = 4; lastKnownFileType = sourcecode.c.h; path = SRC_ViewController.h; sourceTree = "<group>"; };
		CDFBB3EF16DA525F005A68CD /* logoIut.png */ = {isa = PBXFileReference; lastKnownFileType = image.png; path = logoIut.png; sourceTree = "<group>"; };
		CDFBB3F116DA5268005A68CD /* Universite_de_Lorraine_-_logo.png */ = {isa = PBXFileReference; lastKnownFileType = image.png; path = "Universite_de_Lorraine_-_logo.png"; sourceTree = "<group>"; };
		F97E7EB918AA2A1400B2AB22 /* 29x29.png */ = {isa = PBXFileReference; lastKnownFileType = image.png; path = 29x29.png; sourceTree = "<group>"; };
		F97E7EBA18AA2A1500B2AB22 /* 57x57.png */ = {isa = PBXFileReference; lastKnownFileType = image.png; path = 57x57.png; sourceTree = "<group>"; };
		F97E7EBB18AA2A1500B2AB22 /* 58x58.png */ = {isa = PBXFileReference; lastKnownFileType = image.png; path = 58x58.png; sourceTree = "<group>"; };
		F97E7EBC18AA2A1500B2AB22 /* 80x80.png */ = {isa = PBXFileReference; lastKnownFileType = image.png; path = 80x80.png; sourceTree = "<group>"; };
		F97E7EBD18AA2A1500B2AB22 /* 114x114.png */ = {isa = PBXFileReference; lastKnownFileType = image.png; path = 114x114.png; sourceTree = "<group>"; };
		F97E7EBE18AA2A1500B2AB22 /* 120x120.png */ = {isa = PBXFileReference; lastKnownFileType = image.png; path = 120x120.png; sourceTree = "<group>"; };
		F987D33918A94B3600AE291D /* background.png */ = {isa = PBXFileReference; lastKnownFileType = image.png; path = background.png; sourceTree = "<group>"; };
		F987D34918A956A300AE291D /* connexion.png */ = {isa = PBXFileReference; lastKnownFileType = image.png; name = connexion.png; path = accueil/connexion.png; sourceTree = "<group>"; };
		F987D34A18A956A300AE291D /* geii.png */ = {isa = PBXFileReference; lastKnownFileType = image.png; name = geii.png; path = accueil/geii.png; sourceTree = "<group>"; };
		F987D34B18A956A300AE291D /* info.png */ = {isa = PBXFileReference; lastKnownFileType = image.png; name = info.png; path = accueil/info.png; sourceTree = "<group>"; };
		F987D34C18A956A300AE291D /* iut.png */ = {isa = PBXFileReference; lastKnownFileType = image.png; name = iut.png; path = accueil/iut.png; sourceTree = "<group>"; };
		F987D34D18A956A300AE291D /* mmi.png */ = {isa = PBXFileReference; lastKnownFileType = image.png; name = mmi.png; path = accueil/mmi.png; sourceTree = "<group>"; };
		F987D34E18A956A300AE291D /* plan.png */ = {isa = PBXFileReference; lastKnownFileType = image.png; name = plan.png; path = accueil/plan.png; sourceTree = "<group>"; };
		F987D35518A96E6800AE291D /* header.png */ = {isa = PBXFileReference; lastKnownFileType = image.png; name = header.png; path = ../../icones/header.png; sourceTree = "<group>"; };
		F987D35718A9721F00AE291D /* edt.png */ = {isa = PBXFileReference; lastKnownFileType = image.png; name = edt.png; path = accueil/edt.png; sourceTree = "<group>"; };
		F987D35818A9721F00AE291D /* news.png */ = {isa = PBXFileReference; lastKnownFileType = image.png; name = news.png; path = accueil/news.png; sourceTree = "<group>"; };
		F987D35918A9721F00AE291D /* reglages.png */ = {isa = PBXFileReference; lastKnownFileType = image.png; name = reglages.png; path = accueil/reglages.png; sourceTree = "<group>"; };
		F987D35D18A9730900AE291D /* geii1a.png */ = {isa = PBXFileReference; lastKnownFileType = image.png; path = geii1a.png; sourceTree = "<group>"; };
		F987D35E18A9730900AE291D /* geii2a.png */ = {isa = PBXFileReference; lastKnownFileType = image.png; path = geii2a.png; sourceTree = "<group>"; };
		F987D35F18A9730900AE291D /* info1a.png */ = {isa = PBXFileReference; lastKnownFileType = image.png; path = info1a.png; sourceTree = "<group>"; };
		F987D36018A9730A00AE291D /* info2a.png */ = {isa = PBXFileReference; lastKnownFileType = image.png; path = info2a.png; sourceTree = "<group>"; };
		F987D36118A9730A00AE291D /* mmi1a.png */ = {isa = PBXFileReference; lastKnownFileType = image.png; path = mmi1a.png; sourceTree = "<group>"; };
		F987D36218A9730A00AE291D /* mmi2a.png */ = {isa = PBXFileReference; lastKnownFileType = image.png; path = mmi2a.png; sourceTree = "<group>"; };
		F987D36918A9751800AE291D /* a2i.png */ = {isa = PBXFileReference; lastKnownFileType = image.png; path = a2i.png; sourceTree = "<group>"; };
		F987D36A18A9751800AE291D /* atc.png */ = {isa = PBXFileReference; lastKnownFileType = image.png; path = atc.png; sourceTree = "<group>"; };
		F987D36B18A9751800AE291D /* cdg.png */ = {isa = PBXFileReference; lastKnownFileType = image.png; path = cdg.png; sourceTree = "<group>"; };
		F987D36C18A9751800AE291D /* i2m.png */ = {isa = PBXFileReference; lastKnownFileType = image.png; path = i2m.png; sourceTree = "<group>"; };
		F987D36D18A9751800AE291D /* isn.png */ = {isa = PBXFileReference; lastKnownFileType = image.png; path = isn.png; sourceTree = "<group>"; };
		F987D36E18A9751800AE291D /* tecamtv.png */ = {isa = PBXFileReference; lastKnownFileType = image.png; path = tecamtv.png; sourceTree = "<group>"; };
		F987D37718A9775D00AE291D /* licences.png */ = {isa = PBXFileReference; lastKnownFileType = image.png; name = licences.png; path = ../../../icones/edt/licences.png; sourceTree = "<group>"; };
		F987D37D18A978B300AE291D /* geii_edt.png */ = {isa = PBXFileReference; lastKnownFileType = image.png; path = geii_edt.png; sourceTree = "<group>"; };
		F987D37E18A978B300AE291D /* info_edt.png */ = {isa = PBXFileReference; lastKnownFileType = image.png; path = info_edt.png; sourceTree = "<group>"; };
		F987D37F18A978B300AE291D /* licences.png */ = {isa = PBXFileReference; lastKnownFileType = image.png; path = licences.png; sourceTree = "<group>"; };
		F987D38018A978B300AE291D /* mmi_edt.png */ = {isa = PBXFileReference; lastKnownFileType = image.png; path = mmi_edt.png; sourceTree = "<group>"; };
		F987D38518A980D800AE291D /* sponsor.png */ = {isa = PBXFileReference; lastKnownFileType = image.png; path = sponsor.png; sourceTree = "<group>"; };
		F98F53C018AA8313001FF872 /* trait.png */ = {isa = PBXFileReference; lastKnownFileType = image.png; path = trait.png; sourceTree = "<group>"; };
		F98F53C218AA863C001FF872 /* intro.png */ = {isa = PBXFileReference; lastKnownFileType = image.png; path = intro.png; sourceTree = "<group>"; };
		F98F53C418AA9047001FF872 /* titre_edt.png */ = {isa = PBXFileReference; lastKnownFileType = image.png; path = titre_edt.png; sourceTree = "<group>"; };
		F98F53C518AA9047001FF872 /* titre_facebook.png */ = {isa = PBXFileReference; lastKnownFileType = image.png; path = titre_facebook.png; sourceTree = "<group>"; };
		F98F53C618AA9047001FF872 /* titre_general.png */ = {isa = PBXFileReference; lastKnownFileType = image.png; path = titre_general.png; sourceTree = "<group>"; };
		F98F53C718AA9047001FF872 /* titre_iut.png */ = {isa = PBXFileReference; lastKnownFileType = image.png; path = titre_iut.png; sourceTree = "<group>"; };
		F98F53C818AA9047001FF872 /* titre_news.png */ = {isa = PBXFileReference; lastKnownFileType = image.png; path = titre_news.png; sourceTree = "<group>"; };
		F98F53C918AA9047001FF872 /* titre_plan.png */ = {isa = PBXFileReference; lastKnownFileType = image.png; path = titre_plan.png; sourceTree = "<group>"; };
		F98F53CA18AA9047001FF872 /* titre_qsn.png */ = {isa = PBXFileReference; lastKnownFileType = image.png; path = titre_qsn.png; sourceTree = "<group>"; };
		F98F53CB18AA9047001FF872 /* titre_reglages.png */ = {isa = PBXFileReference; lastKnownFileType = image.png; path = titre_reglages.png; sourceTree = "<group>"; };
		F98F53D418AAA33D001FF872 /* titre_info2.png */ = {isa = PBXFileReference; lastKnownFileType = image.png; path = titre_info2.png; sourceTree = "<group>"; };
		F98F53D518AAA33D001FF872 /* titre_logo.png */ = {isa = PBXFileReference; lastKnownFileType = image.png; path = titre_logo.png; sourceTree = "<group>"; };
		F98F53D618AAA33D001FF872 /* titre_mmi2.png */ = {isa = PBXFileReference; lastKnownFileType = image.png; path = titre_mmi2.png; sourceTree = "<group>"; };
		F98F53DA18AAA369001FF872 /* titre_geii2.png */ = {isa = PBXFileReference; lastKnownFileType = image.png; path = titre_geii2.png; sourceTree = "<group>"; };
		F9AD98ED184F967200B983B5 /* bg_txt.jpg */ = {isa = PBXFileReference; lastKnownFileType = image.jpeg; path = bg_txt.jpg; sourceTree = "<group>"; };
		F9AD98EE184F967200B983B5 /* champ_identifiant.png */ = {isa = PBXFileReference; lastKnownFileType = image.png; path = champ_identifiant.png; sourceTree = "<group>"; };
		F9AD98F0184F967200B983B5 /* fond_identifiant.png */ = {isa = PBXFileReference; lastKnownFileType = image.png; path = fond_identifiant.png; sourceTree = "<group>"; };
		F9AD98FA184F967200B983B5 /* retour.png */ = {isa = PBXFileReference; lastKnownFileType = image.png; path = retour.png; sourceTree = "<group>"; };
/* End PBXFileReference section */

/* Begin PBXFrameworksBuildPhase section */
		6D54723E167B3506003F58A5 /* Frameworks */ = {
			isa = PBXFrameworksBuildPhase;
			buildActionMask = 2147483647;
			files = (
				CD588D8516DAC07600363C78 /* QuartzCore.framework in Frameworks */,
				CD9D730C16BD438500934CBC /* SystemConfiguration.framework in Frameworks */,
				6D547246167B3506003F58A5 /* UIKit.framework in Frameworks */,
				6D547248167B3506003F58A5 /* Foundation.framework in Frameworks */,
				6D54724A167B3506003F58A5 /* CoreGraphics.framework in Frameworks */,
				22D6B77916BC327500134732 /* MapKit.framework in Frameworks */,
			);
			runOnlyForDeploymentPostprocessing = 0;
		};
/* End PBXFrameworksBuildPhase section */

/* Begin PBXGroup section */
		22089E9D169D9F0900298246 /* source */ = {
			isa = PBXGroup;
			children = (
				F98F53DA18AAA369001FF872 /* titre_geii2.png */,
				F98F53D418AAA33D001FF872 /* titre_info2.png */,
				F98F53D518AAA33D001FF872 /* titre_logo.png */,
				F98F53D618AAA33D001FF872 /* titre_mmi2.png */,
				F98F53C418AA9047001FF872 /* titre_edt.png */,
				F98F53C518AA9047001FF872 /* titre_facebook.png */,
				F98F53C618AA9047001FF872 /* titre_general.png */,
				F98F53C718AA9047001FF872 /* titre_iut.png */,
				F98F53C818AA9047001FF872 /* titre_news.png */,
				F98F53C918AA9047001FF872 /* titre_plan.png */,
				F98F53CA18AA9047001FF872 /* titre_qsn.png */,
				F98F53CB18AA9047001FF872 /* titre_reglages.png */,
				F98F53C218AA863C001FF872 /* intro.png */,
				F98F53C018AA8313001FF872 /* trait.png */,
				F987D38518A980D800AE291D /* sponsor.png */,
				F987D35718A9721F00AE291D /* edt.png */,
				F987D35818A9721F00AE291D /* news.png */,
				F987D35918A9721F00AE291D /* reglages.png */,
				F987D35518A96E6800AE291D /* header.png */,
				F987D34918A956A300AE291D /* connexion.png */,
				F987D34A18A956A300AE291D /* geii.png */,
				F987D34B18A956A300AE291D /* info.png */,
				F987D34C18A956A300AE291D /* iut.png */,
				F987D34D18A956A300AE291D /* mmi.png */,
				F987D34E18A956A300AE291D /* plan.png */,
				F987D33918A94B3600AE291D /* background.png */,
				F9AD98ED184F967200B983B5 /* bg_txt.jpg */,
				F9AD98EE184F967200B983B5 /* champ_identifiant.png */,
				F9AD98F0184F967200B983B5 /* fond_identifiant.png */,
				F9AD98FA184F967200B983B5 /* retour.png */,
				CD52B76917D0F7E800CC954A /* logo_UL_IUT.png */,
				CDF31D5A16DC2A42003E3328 /* edt */,
				75A1B9FA16D55B1E00CD28E5 /* IUT */,
				22089EB5169DA6CC00298246 /* photo_iut.png */,
				22407D4F169E109B00AB16CE /* geii_photo.png */,
				22407D4A169DF0D700AB16CE /* info_photo.png */,
				CD46AAED16E3469B0049D815 /* informatique_2.png */,
				CDF31D7116DC2E43003E3328 /* info_photo2.png */,
				22089EB9169DB6D300298246 /* src_photo.png */,
				22089EA2169D9F2700298246 /* fb.png */,
				22089EB7169DB30400298246 /* iut_photo.png */,
				75A1B9ED16D5573200CD28E5 /* icons */,
			);
			name = source;
			sourceTree = "<group>";
		};
		22516D2516CD819000896F5A /* EDT */ = {
			isa = PBXGroup;
			children = (
				22A2F1DF16C1608C00220945 /* EdtViewController.h */,
				22A2F1E016C1608C00220945 /* EdtViewController.m */,
				CDDFDE9D16CFB4AF005FD7A0 /* SelectEDTController.h */,
				CDDFDE9E16CFB4AF005FD7A0 /* SelectEDTController.m */,
			);
			name = EDT;
			sourceTree = "<group>";
		};
		6D547236167B3506003F58A5 = {
			isa = PBXGroup;
			children = (
				F97E7EB918AA2A1400B2AB22 /* 29x29.png */,
				F97E7EBA18AA2A1500B2AB22 /* 57x57.png */,
				F97E7EBB18AA2A1500B2AB22 /* 58x58.png */,
				F97E7EBC18AA2A1500B2AB22 /* 80x80.png */,
				F97E7EBD18AA2A1500B2AB22 /* 114x114.png */,
				F97E7EBE18AA2A1500B2AB22 /* 120x120.png */,
				CDE472D516BB3C6A0071A51D /* Settings.bundle */,
				6D54724B167B3506003F58A5 /* AppliIUTSDdeLorraine */,
				6D547244167B3506003F58A5 /* Frameworks */,
				6D547242167B3506003F58A5 /* Products */,
			);
			sourceTree = "<group>";
		};
		6D547242167B3506003F58A5 /* Products */ = {
			isa = PBXGroup;
			children = (
				6D547241167B3506003F58A5 /* AppliIUTSDdeLorraine.app */,
			);
			name = Products;
			sourceTree = "<group>";
		};
		6D547244167B3506003F58A5 /* Frameworks */ = {
			isa = PBXGroup;
			children = (
				CD9D730B16BD438500934CBC /* SystemConfiguration.framework */,
				CD7BE61C16D03BC4006D09D1 /* QuartzCore.framework */,
				22D6B77816BC327500134732 /* MapKit.framework */,
				6D547245167B3506003F58A5 /* UIKit.framework */,
				6D547247167B3506003F58A5 /* Foundation.framework */,
				6D547249167B3506003F58A5 /* CoreGraphics.framework */,
			);
			name = Frameworks;
			sourceTree = "<group>";
		};
		6D54724B167B3506003F58A5 /* AppliIUTSDdeLorraine */ = {
			isa = PBXGroup;
			children = (
				CDF09084187DA8480083D60B /* AppliIUTSDdeLorraine.entitlements */,
				CD588D8116DABE3300363C78 /* ExternLibs */,
				CD588D8016DA8F7C00363C78 /* Controller */,
				757CBD7C16D502EE006EFEE6 /* Presentations */,
				CD24320916D2626100D8C039 /* Animations */,
				CD9D730716BD412300934CBC /* Utils */,
				CDA5245916D4427B004A7C42 /* Map */,
				22516D2516CD819000896F5A /* EDT */,
				6D547254167B3506003F58A5 /* AppDelegate.h */,
				6D547255167B3506003F58A5 /* AppDelegate.m */,
				6D54725D167B3506003F58A5 /* MainStoryboard_iPhone.storyboard */,
				22407D51169E168000AB16CE /* WebView.h */,
				22407D52169E168000AB16CE /* WebView.m */,
				22407D54169E16A900AB16CE /* WebViewController.h */,
				22407D55169E16A900AB16CE /* WebViewController.m */,
				22089E9D169D9F0900298246 /* source */,
				6D54724C167B3506003F58A5 /* Supporting Files */,
				6D2A637F167B617B00BAC6A8 /* News.h */,
				6D2A6380167B617B00BAC6A8 /* News.m */,
			);
			path = AppliIUTSDdeLorraine;
			sourceTree = "<group>";
		};
		6D54724C167B3506003F58A5 /* Supporting Files */ = {
			isa = PBXGroup;
			children = (
				6D54728C167B3CFE003F58A5 /* icone.png */,
				6D54728E167B3D45003F58A5 /* retinalol.png */,
				6D54724D167B3506003F58A5 /* AppliIUTSDdeLorraine-Info.plist */,
				6D54724E167B3506003F58A5 /* InfoPlist.strings */,
				6D547251167B3506003F58A5 /* main.m */,
				6D547253167B3506003F58A5 /* AppliIUTSDdeLorraine-Prefix.pch */,
				6D547257167B3506003F58A5 /* Default.png */,
				6D547259167B3506003F58A5 /* Default@2x.png */,
				6D54725B167B3506003F58A5 /* Default-568h@2x.png */,
			);
			name = "Supporting Files";
			sourceTree = "<group>";
		};
		757CBD7C16D502EE006EFEE6 /* Presentations */ = {
			isa = PBXGroup;
			children = (
				CD52B75C17D0F44000CC954A /* ImagesMMI */,
				CD46AAFB16E38F850049D815 /* About_ViewController.h */,
				CD46AAFC16E38F850049D815 /* About_ViewController.m */,
				CD46AAF916E38F330049D815 /* about.html */,
				CDFBB3D316DA5239005A68CD /* geii.html */,
				CDFBB3D416DA5239005A68CD /* IUT_ViewController.h */,
				CDFBB3D516DA5239005A68CD /* IUT_ViewController.m */,
				CDFBB3D616DA5239005A68CD /* info.html */,
				CDFBB3D716DA5239005A68CD /* src.html */,
				CDFBB3D816DA5239005A68CD /* iut.html */,
				CDFBB3D916DA5239005A68CD /* geii2.png */,
				CDFBB3DA16DA5239005A68CD /* geii1.png */,
				CDFBB3DB16DA5239005A68CD /* style.css */,
				CDFBB3DC16DA5239005A68CD /* GEII_ViewController.h */,
				CDFBB3DD16DA5239005A68CD /* GEII_ViewController.m */,
				CDFBB3DF16DA5239005A68CD /* INFO_ViewController.h */,
				CDFBB3DE16DA5239005A68CD /* INFO_ViewController.m */,
				CDFBB3E116DA5239005A68CD /* SRC_ViewController.h */,
				CDFBB3E016DA5239005A68CD /* SRC_ViewController.m */,
			);
			name = Presentations;
			sourceTree = "<group>";
		};
		75A1B9ED16D5573200CD28E5 /* icons */ = {
			isa = PBXGroup;
			children = (
				CD71622F16BC66490077FDFD /* edt.png */,
			);
			name = icons;
			sourceTree = "<group>";
		};
		75A1B9FA16D55B1E00CD28E5 /* IUT */ = {
			isa = PBXGroup;
			children = (
				CDFBB3EF16DA525F005A68CD /* logoIut.png */,
				CDFBB3F116DA5268005A68CD /* Universite_de_Lorraine_-_logo.png */,
			);
			name = IUT;
			sourceTree = "<group>";
		};
		CD24320916D2626100D8C039 /* Animations */ = {
			isa = PBXGroup;
			children = (
				CD588D8916DACFB200363C78 /* SlidableView.h */,
				CD588D8616DACF3400363C78 /* SlideFromBottomAnim.h */,
				CD588D8716DACF3400363C78 /* SlideFromBottomAnim.m */,
				CDF31D5516DBEE61003E3328 /* OpenAnimation.h */,
				CDF31D5616DBEE61003E3328 /* OpenAnimation.m */,
			);
			name = Animations;
			sourceTree = "<group>";
		};
		CD52B75C17D0F44000CC954A /* ImagesMMI */ = {
			isa = PBXGroup;
			children = (
				CD52B76B17D1285000CC954A /* img1.png */,
				CD52B76D17D1289000CC954A /* img2.png */,
				CD52B76F17D1289B00CC954A /* img3.png */,
				CD52B77117D128AA00CC954A /* img4.png */,
				CD52B77317D128B300CC954A /* img5.png */,
				CD52B77517D128BD00CC954A /* img6.png */,
			);
			name = ImagesMMI;
			sourceTree = "<group>";
		};
		CD588D8016DA8F7C00363C78 /* Controller */ = {
			isa = PBXGroup;
			children = (
				6D547283167B3631003F58A5 /* StartController.h */,
				6D547284167B3631003F58A5 /* StartController.m */,
				6D547263167B3506003F58A5 /* ViewController.h */,
				6D547264167B3506003F58A5 /* ViewController.m */,
				CDF31D5216DBD5B1003E3328 /* AuthController.h */,
				CDF31D5316DBD5B1003E3328 /* AuthController.m */,
				6D2A6382167B650700BAC6A8 /* RootViewController.h */,
				6D2A6383167B650700BAC6A8 /* RootViewController.m */,
				6D9D098416D3D24D003F4DD8 /* PreferencesViewController.h */,
				CDDFDEA016CFC5F3005FD7A0 /* EtudiantController.h */,
				6D9D098516D3D24D003F4DD8 /* PreferencesViewController.m */,
				CDDFDEA116CFC5F3005FD7A0 /* EtudiantController.m */,
				6D04C43216A8460B000A228F /* DetailViewController.h */,
				6D04C43316A8460B000A228F /* DetailViewController.m */,
			);
			name = Controller;
			sourceTree = "<group>";
		};
		CD588D8116DABE3300363C78 /* ExternLibs */ = {
			isa = PBXGroup;
			children = (
				CD588D8216DABE4500363C78 /* ODRefreshControl.h */,
				CD588D8316DABE4500363C78 /* ODRefreshControl.m */,
			);
			name = ExternLibs;
			sourceTree = "<group>";
		};
		CD9D730716BD412300934CBC /* Utils */ = {
			isa = PBXGroup;
			children = (
				CD9D730816BD414300934CBC /* Utils.h */,
				CD9D730916BD414300934CBC /* Utils.m */,
			);
			name = Utils;
			sourceTree = "<group>";
		};
		CDA5245916D4427B004A7C42 /* Map */ = {
			isa = PBXGroup;
			children = (
				CD24320D16D2684100D8C039 /* MapController.h */,
				CD24320E16D2684100D8C039 /* MapController.m */,
				CDA5245A16D4431A004A7C42 /* IUTLocation.h */,
				CDA5245B16D4431A004A7C42 /* IUTLocation.m */,
			);
			name = Map;
			sourceTree = "<group>";
		};
		CDF31D5A16DC2A42003E3328 /* edt */ = {
			isa = PBXGroup;
			children = (
				F987D37D18A978B300AE291D /* geii_edt.png */,
				F987D37E18A978B300AE291D /* info_edt.png */,
				F987D37F18A978B300AE291D /* licences.png */,
				F987D38018A978B300AE291D /* mmi_edt.png */,
				F987D35D18A9730900AE291D /* geii1a.png */,
				F987D35E18A9730900AE291D /* geii2a.png */,
				F987D35F18A9730900AE291D /* info1a.png */,
				F987D36018A9730A00AE291D /* info2a.png */,
				F987D36118A9730A00AE291D /* mmi1a.png */,
				F987D36218A9730A00AE291D /* mmi2a.png */,
				F987D37718A9775D00AE291D /* licences.png */,
				F987D36918A9751800AE291D /* a2i.png */,
				F987D36A18A9751800AE291D /* atc.png */,
				F987D36B18A9751800AE291D /* cdg.png */,
				F987D36C18A9751800AE291D /* i2m.png */,
				F987D36D18A9751800AE291D /* isn.png */,
				F987D36E18A9751800AE291D /* tecamtv.png */,
			);
			path = edt;
			sourceTree = "<group>";
		};
/* End PBXGroup section */

/* Begin PBXNativeTarget section */
		6D547240167B3506003F58A5 /* AppliIUTSDdeLorraine */ = {
			isa = PBXNativeTarget;
			buildConfigurationList = 6D54727D167B3506003F58A5 /* Build configuration list for PBXNativeTarget "AppliIUTSDdeLorraine" */;
			buildPhases = (
				6D54723D167B3506003F58A5 /* Sources */,
				6D54723E167B3506003F58A5 /* Frameworks */,
				6D54723F167B3506003F58A5 /* Resources */,
			);
			buildRules = (
			);
			dependencies = (
			);
			name = AppliIUTSDdeLorraine;
			productName = AppliIUTSDdeLorraine;
			productReference = 6D547241167B3506003F58A5 /* AppliIUTSDdeLorraine.app */;
			productType = "com.apple.product-type.application";
		};
/* End PBXNativeTarget section */

/* Begin PBXProject section */
		6D547238167B3506003F58A5 /* Project object */ = {
			isa = PBXProject;
			attributes = {
				LastUpgradeCheck = 0460;
				ORGANIZATIONNAME = "Damien Bannerot";
				TargetAttributes = {
					6D547240167B3506003F58A5 = {
						DevelopmentTeam = VTT9S468WV;
						SystemCapabilities = {
							com.apple.iCloud = {
								enabled = 0;
							};
						};
					};
				};
			};
			buildConfigurationList = 6D54723B167B3506003F58A5 /* Build configuration list for PBXProject "AppliIUTSDdeLorraine" */;
			compatibilityVersion = "Xcode 3.2";
			developmentRegion = English;
			hasScannedForEncodings = 0;
			knownRegions = (
				en,
			);
			mainGroup = 6D547236167B3506003F58A5;
			productRefGroup = 6D547242167B3506003F58A5 /* Products */;
			projectDirPath = "";
			projectRoot = "";
			targets = (
				6D547240167B3506003F58A5 /* AppliIUTSDdeLorraine */,
			);
		};
/* End PBXProject section */

/* Begin PBXResourcesBuildPhase section */
		6D54723F167B3506003F58A5 /* Resources */ = {
			isa = PBXResourcesBuildPhase;
			buildActionMask = 2147483647;
			files = (
				CDFBB40516DA596E005A68CD /* geii2.png in Resources */,
				F987D33A18A94B3600AE291D /* background.png in Resources */,
				CDFBB40616DA596E005A68CD /* geii1.png in Resources */,
				CDFBB40716DA596E005A68CD /* style.css in Resources */,
				F97E7EBF18AA2A1500B2AB22 /* 29x29.png in Resources */,
				F98F53D018AA9047001FF872 /* titre_news.png in Resources */,
				CDFBB40116DA5945005A68CD /* geii.html in Resources */,
				F987D37418A9751800AE291D /* tecamtv.png in Resources */,
				CDFBB40216DA5945005A68CD /* info.html in Resources */,
				F98F53CF18AA9047001FF872 /* titre_iut.png in Resources */,
				CDFBB40316DA5945005A68CD /* src.html in Resources */,
				CDFBB40416DA5945005A68CD /* iut.html in Resources */,
				6D547250167B3506003F58A5 /* InfoPlist.strings in Resources */,
				6D547258167B3506003F58A5 /* Default.png in Resources */,
				F98F53CC18AA9047001FF872 /* titre_edt.png in Resources */,
				6D54725A167B3506003F58A5 /* Default@2x.png in Resources */,
				F987D38418A978B300AE291D /* mmi_edt.png in Resources */,
				6D54725C167B3506003F58A5 /* Default-568h@2x.png in Resources */,
				6D54725F167B3506003F58A5 /* MainStoryboard_iPhone.storyboard in Resources */,
				6D54728D167B3CFE003F58A5 /* icone.png in Resources */,
				6D54728F167B3D45003F58A5 /* retinalol.png in Resources */,
				F987D35618A96E6800AE291D /* header.png in Resources */,
				22089EAD169D9F2700298246 /* fb.png in Resources */,
				F987D36818A9730A00AE291D /* mmi2a.png in Resources */,
				22089EB6169DA6CD00298246 /* photo_iut.png in Resources */,
				F9AD98FC184F967200B983B5 /* bg_txt.jpg in Resources */,
				22089EB8169DB30400298246 /* iut_photo.png in Resources */,
				22089EBA169DB6D300298246 /* src_photo.png in Resources */,
				22407D4B169DF0D700AB16CE /* info_photo.png in Resources */,
				22407D50169E109B00AB16CE /* geii_photo.png in Resources */,
				F987D34F18A956A300AE291D /* connexion.png in Resources */,
				F987D36618A9730A00AE291D /* info2a.png in Resources */,
				F987D36518A9730A00AE291D /* info1a.png in Resources */,
				F987D35018A956A300AE291D /* geii.png in Resources */,
				F98F53C318AA863C001FF872 /* intro.png in Resources */,
				F987D38618A980D800AE291D /* sponsor.png in Resources */,
				F9AD98FD184F967200B983B5 /* champ_identifiant.png in Resources */,
				F98F53D818AAA33D001FF872 /* titre_logo.png in Resources */,
				F98F53CE18AA9047001FF872 /* titre_general.png in Resources */,
				CD71623016BC66490077FDFD /* edt.png in Resources */,
				F987D38118A978B300AE291D /* geii_edt.png in Resources */,
				CDFBB3F016DA525F005A68CD /* logoIut.png in Resources */,
				F97E7EC418AA2A1500B2AB22 /* 120x120.png in Resources */,
				F987D35218A956A300AE291D /* iut.png in Resources */,
				F987D35B18A9721F00AE291D /* news.png in Resources */,
				CDFBB3F216DA5268005A68CD /* Universite_de_Lorraine_-_logo.png in Resources */,
				F97E7EC018AA2A1500B2AB22 /* 57x57.png in Resources */,
				F98F53D118AA9047001FF872 /* titre_plan.png in Resources */,
				F987D36718A9730A00AE291D /* mmi1a.png in Resources */,
				F987D35418A956A300AE291D /* plan.png in Resources */,
				F987D38318A978B300AE291D /* licences.png in Resources */,
				F987D35C18A9721F00AE291D /* reglages.png in Resources */,
				CDF31D7216DC2E43003E3328 /* info_photo2.png in Resources */,
				CD46AAEE16E3469B0049D815 /* informatique_2.png in Resources */,
				F987D36F18A9751800AE291D /* a2i.png in Resources */,
				F97E7EC318AA2A1500B2AB22 /* 114x114.png in Resources */,
				F9AD9909184F967200B983B5 /* retour.png in Resources */,
				F98F53CD18AA9047001FF872 /* titre_facebook.png in Resources */,
				F987D37218A9751800AE291D /* i2m.png in Resources */,
				CD46AAFA16E38F330049D815 /* about.html in Resources */,
				CD56DBEB16EE89AA00CD3837 /* Settings.bundle in Resources */,
				F987D37118A9751800AE291D /* cdg.png in Resources */,
				F987D35318A956A300AE291D /* mmi.png in Resources */,
				F987D36318A9730A00AE291D /* geii1a.png in Resources */,
				F987D36418A9730A00AE291D /* geii2a.png in Resources */,
				F987D37018A9751800AE291D /* atc.png in Resources */,
				F98F53C118AA8313001FF872 /* trait.png in Resources */,
				F97E7EC218AA2A1500B2AB22 /* 80x80.png in Resources */,
				F987D35A18A9721F00AE291D /* edt.png in Resources */,
				F987D35118A956A300AE291D /* info.png in Resources */,
				F98F53D218AA9047001FF872 /* titre_qsn.png in Resources */,
				F9AD98FF184F967200B983B5 /* fond_identifiant.png in Resources */,
				F98F53D718AAA33D001FF872 /* titre_info2.png in Resources */,
				CD52B76A17D0F7EC00CC954A /* logo_UL_IUT.png in Resources */,
				F98F53D318AA9047001FF872 /* titre_reglages.png in Resources */,
				CD52B76C17D1285000CC954A /* img1.png in Resources */,
				F987D38218A978B300AE291D /* info_edt.png in Resources */,
				CD52B76E17D1289000CC954A /* img2.png in Resources */,
				F98F53DB18AAA369001FF872 /* titre_geii2.png in Resources */,
				CD52B77017D1289B00CC954A /* img3.png in Resources */,
				F987D37318A9751800AE291D /* isn.png in Resources */,
				CD52B77217D128AA00CC954A /* img4.png in Resources */,
				F987D37B18A9775D00AE291D /* licences.png in Resources */,
				CD52B77417D128B300CC954A /* img5.png in Resources */,
				F97E7EC118AA2A1500B2AB22 /* 58x58.png in Resources */,
				CD52B77617D128BD00CC954A /* img6.png in Resources */,
				F98F53D918AAA33D001FF872 /* titre_mmi2.png in Resources */,
			);
			runOnlyForDeploymentPostprocessing = 0;
		};
/* End PBXResourcesBuildPhase section */

/* Begin PBXSourcesBuildPhase section */
		6D54723D167B3506003F58A5 /* Sources */ = {
			isa = PBXSourcesBuildPhase;
			buildActionMask = 2147483647;
			files = (
				CD46AAFD16E395630049D815 /* About_ViewController.m in Sources */,
				CD588D8416DAC05100363C78 /* ODRefreshControl.m in Sources */,
				CDFBB3FD16DA58A8005A68CD /* IUT_ViewController.m in Sources */,
				CDFBB3FE16DA58A8005A68CD /* GEII_ViewController.m in Sources */,
				CDFBB3FF16DA58A8005A68CD /* INFO_ViewController.m in Sources */,
				CDFBB40016DA58A8005A68CD /* SRC_ViewController.m in Sources */,
				CD21423C16CF81CF0048D002 /* Utils.m in Sources */,
				6D547252167B3506003F58A5 /* main.m in Sources */,
				6D547256167B3506003F58A5 /* AppDelegate.m in Sources */,
				6D547265167B3506003F58A5 /* ViewController.m in Sources */,
				6D547285167B3631003F58A5 /* StartController.m in Sources */,
				6D2A6381167B617B00BAC6A8 /* News.m in Sources */,
				6D2A6384167B650700BAC6A8 /* RootViewController.m in Sources */,
				22407D53169E168000AB16CE /* WebView.m in Sources */,
				22407D56169E16A900AB16CE /* WebViewController.m in Sources */,
				6D04C43416A8460B000A228F /* DetailViewController.m in Sources */,
				22A2F1E116C1608D00220945 /* EdtViewController.m in Sources */,
				CDDFDE9F16CFB4AF005FD7A0 /* SelectEDTController.m in Sources */,
				CDDFDEA216CFC5F3005FD7A0 /* EtudiantController.m in Sources */,
				CD24320F16D2684200D8C039 /* MapController.m in Sources */,
				6D9D098616D3D24D003F4DD8 /* PreferencesViewController.m in Sources */,
				CDA5245C16D4431A004A7C42 /* IUTLocation.m in Sources */,
				CD588D8816DACF3400363C78 /* SlideFromBottomAnim.m in Sources */,
				CDF31D5416DBD5B1003E3328 /* AuthController.m in Sources */,
				CDF31D5716DBEE61003E3328 /* OpenAnimation.m in Sources */,
			);
			runOnlyForDeploymentPostprocessing = 0;
		};
/* End PBXSourcesBuildPhase section */

/* Begin PBXVariantGroup section */
		6D54724E167B3506003F58A5 /* InfoPlist.strings */ = {
			isa = PBXVariantGroup;
			children = (
				6D54724F167B3506003F58A5 /* en */,
			);
			name = InfoPlist.strings;
			sourceTree = "<group>";
		};
		6D54725D167B3506003F58A5 /* MainStoryboard_iPhone.storyboard */ = {
			isa = PBXVariantGroup;
			children = (
				6D54725E167B3506003F58A5 /* en */,
			);
			name = MainStoryboard_iPhone.storyboard;
			sourceTree = "<group>";
		};
/* End PBXVariantGroup section */

/* Begin XCBuildConfiguration section */
		6D54727B167B3506003F58A5 /* Debug */ = {
			isa = XCBuildConfiguration;
			buildSettings = {
				ALWAYS_SEARCH_USER_PATHS = NO;
				ARCHS = "$(ARCHS_STANDARD_INCLUDING_64_BIT)";
				CLANG_CXX_LANGUAGE_STANDARD = "gnu++0x";
				CLANG_CXX_LIBRARY = "libc++";
				CLANG_ENABLE_OBJC_ARC = NO;
				CLANG_WARN_EMPTY_BODY = YES;
				CLANG_WARN__DUPLICATE_METHOD_MATCH = YES;
				CODE_SIGN_IDENTITY = "iPhone Distribution: Bertrand Kerautret";
				"CODE_SIGN_IDENTITY[sdk=iphoneos*]" = "iPhone Distribution: Bertrand Kerautret";
				COPY_PHASE_STRIP = NO;
				GCC_C_LANGUAGE_STANDARD = gnu99;
				GCC_DYNAMIC_NO_PIC = NO;
				GCC_OPTIMIZATION_LEVEL = 0;
				GCC_PREPROCESSOR_DEFINITIONS = (
					"DEBUG=1",
					"$(inherited)",
				);
				GCC_SYMBOLS_PRIVATE_EXTERN = NO;
				GCC_WARN_ABOUT_RETURN_TYPE = YES;
				GCC_WARN_UNINITIALIZED_AUTOS = YES;
				GCC_WARN_UNUSED_VARIABLE = YES;
				IPHONEOS_DEPLOYMENT_TARGET = 5.1;
				ONLY_ACTIVE_ARCH = YES;
				PROVISIONING_PROFILE = "8529FC1A-D5BE-45E1-B914-9E843A4E332D";
				"PROVISIONING_PROFILE[sdk=iphoneos*]" = "8529FC1A-D5BE-45E1-B914-9E843A4E332D";
				SDKROOT = iphoneos;
				TARGETED_DEVICE_FAMILY = 1;
			};
			name = Debug;
		};
		6D54727C167B3506003F58A5 /* Release */ = {
			isa = XCBuildConfiguration;
			buildSettings = {
				ALWAYS_SEARCH_USER_PATHS = NO;
				ARCHS = "$(ARCHS_STANDARD_INCLUDING_64_BIT)";
				CLANG_CXX_LANGUAGE_STANDARD = "gnu++0x";
				CLANG_CXX_LIBRARY = "libc++";
				CLANG_ENABLE_OBJC_ARC = NO;
				CLANG_WARN_EMPTY_BODY = YES;
				CLANG_WARN__DUPLICATE_METHOD_MATCH = YES;
				CODE_SIGN_IDENTITY = "iPhone Distribution: Bertrand Kerautret";
				"CODE_SIGN_IDENTITY[sdk=iphoneos*]" = "iPhone Distribution: Bertrand Kerautret";
				COPY_PHASE_STRIP = YES;
				GCC_C_LANGUAGE_STANDARD = gnu99;
				GCC_WARN_ABOUT_RETURN_TYPE = YES;
				GCC_WARN_UNINITIALIZED_AUTOS = YES;
				GCC_WARN_UNUSED_VARIABLE = YES;
				IPHONEOS_DEPLOYMENT_TARGET = 5.1;
				ONLY_ACTIVE_ARCH = YES;
				OTHER_CFLAGS = "-DNS_BLOCK_ASSERTIONS=1";
				PROVISIONING_PROFILE = "8529FC1A-D5BE-45E1-B914-9E843A4E332D";
				"PROVISIONING_PROFILE[sdk=iphoneos*]" = "8529FC1A-D5BE-45E1-B914-9E843A4E332D";
				SDKROOT = iphoneos;
				TARGETED_DEVICE_FAMILY = 1;
				VALIDATE_PRODUCT = YES;
			};
			name = Release;
		};
		6D54727E167B3506003F58A5 /* Debug */ = {
			isa = XCBuildConfiguration;
			buildSettings = {
				CLANG_ENABLE_OBJC_ARC = NO;
				CODE_SIGN_IDENTITY = "iPhone Developer";
				"CODE_SIGN_IDENTITY[sdk=iphoneos*]" = "iPhone Developer";
				GCC_PRECOMPILE_PREFIX_HEADER = YES;
				GCC_PREFIX_HEADER = "AppliIUTSDdeLorraine/AppliIUTSDdeLorraine-Prefix.pch";
				INFOPLIST_FILE = "AppliIUTSDdeLorraine/AppliIUTSDdeLorraine-Info.plist";
				IPHONEOS_DEPLOYMENT_TARGET = 7.0;
				ONLY_ACTIVE_ARCH = NO;
				PRODUCT_NAME = "$(TARGET_NAME)";
				PROVISIONING_PROFILE = "";
				"PROVISIONING_PROFILE[sdk=iphoneos*]" = "8529FC1A-D5BE-45E1-B914-9E843A4E332D";
				STRIP_INSTALLED_PRODUCT = NO;
				TARGETED_DEVICE_FAMILY = 1;
				WRAPPER_EXTENSION = app;
			};
			name = Debug;
		};
		6D54727F167B3506003F58A5 /* Release */ = {
			isa = XCBuildConfiguration;
			buildSettings = {
				CLANG_ENABLE_OBJC_ARC = NO;
				CODE_SIGN_IDENTITY = "iPhone Developer";
				"CODE_SIGN_IDENTITY[sdk=iphoneos*]" = "iPhone Developer";
				GCC_PRECOMPILE_PREFIX_HEADER = YES;
				GCC_PREFIX_HEADER = "AppliIUTSDdeLorraine/AppliIUTSDdeLorraine-Prefix.pch";
				INFOPLIST_FILE = "AppliIUTSDdeLorraine/AppliIUTSDdeLorraine-Info.plist";
				IPHONEOS_DEPLOYMENT_TARGET = 7.0;
				ONLY_ACTIVE_ARCH = NO;
				PRODUCT_NAME = "$(TARGET_NAME)";
				PROVISIONING_PROFILE = "";
				"PROVISIONING_PROFILE[sdk=iphoneos*]" = "8529FC1A-D5BE-45E1-B914-9E843A4E332D";
				STRIP_INSTALLED_PRODUCT = NO;
				TARGETED_DEVICE_FAMILY = 1;
				WRAPPER_EXTENSION = app;
			};
			name = Release;
		};
/* End XCBuildConfiguration section */

/* Begin XCConfigurationList section */
		6D54723B167B3506003F58A5 /* Build configuration list for PBXProject "AppliIUTSDdeLorraine" */ = {
			isa = XCConfigurationList;
			buildConfigurations = (
				6D54727B167B3506003F58A5 /* Debug */,
				6D54727C167B3506003F58A5 /* Release */,
			);
			defaultConfigurationIsVisible = 0;
			defaultConfigurationName = Release;
		};
		6D54727D167B3506003F58A5 /* Build configuration list for PBXNativeTarget "AppliIUTSDdeLorraine" */ = {
			isa = XCConfigurationList;
			buildConfigurations = (
				6D54727E167B3506003F58A5 /* Debug */,
				6D54727F167B3506003F58A5 /* Release */,
			);
			defaultConfigurationIsVisible = 0;
			defaultConfigurationName = Release;
		};
/* End XCConfigurationList section */
	};
	rootObject = 6D547238167B3506003F58A5 /* Project object */;
}
